{
  "name": "function-trigger-deployer",
  "version": "1.0.0",
  "lockfileVersion": 3,
  "requires": true,
  "packages": {
    "": {
      "name": "function-trigger-deployer",
      "version": "1.0.0",
      "license": "ISC",
      "devDependencies": {
        "@aws-sdk/client-sqs": "^3.388.0"
      }
    },
    "node_modules/@aws-crypto/crc32": {
      "version": "3.0.0",
      "resolved": "https://registry.npmjs.org/@aws-crypto/crc32/-/crc32-3.0.0.tgz",
      "integrity": "sha512-IzSgsrxUcsrejQbPVilIKy16kAT52EwB6zSaI+M3xxIhKh5+aldEyvI+z6erM7TCLB2BJsFrtHjp6/4/sr+3dA==",
      "dev": true,
      "dependencies": {
        "@aws-crypto/util": "^3.0.0",
        "@aws-sdk/types": "^3.222.0",
        "tslib": "^1.11.1"
      }
    },
    "node_modules/@aws-crypto/crc32/node_modules/tslib": {
      "version": "1.14.1",
      "resolved": "https://registry.npmjs.org/tslib/-/tslib-1.14.1.tgz",
      "integrity": "sha512-Xni35NKzjgMrwevysHTCArtLDpPvye8zV/0E4EyYn43P7/7qvQwPh9BGkHewbMulVntbigmcT7rdX3BNo9wRJg==",
      "dev": true
    },
    "node_modules/@aws-crypto/ie11-detection": {
      "version": "3.0.0",
      "resolved": "https://registry.npmjs.org/@aws-crypto/ie11-detection/-/ie11-detection-3.0.0.tgz",
      "integrity": "sha512-341lBBkiY1DfDNKai/wXM3aujNBkXR7tq1URPQDL9wi3AUbI80NR74uF1TXHMm7po1AcnFk8iu2S2IeU/+/A+Q==",
      "dev": true,
      "license": "Apache-2.0",
      "dependencies": {
        "tslib": "^1.11.1"
      }
    },
    "node_modules/@aws-crypto/ie11-detection/node_modules/tslib": {
      "version": "1.14.1",
      "resolved": "https://registry.npmjs.org/tslib/-/tslib-1.14.1.tgz",
      "integrity": "sha512-Xni35NKzjgMrwevysHTCArtLDpPvye8zV/0E4EyYn43P7/7qvQwPh9BGkHewbMulVntbigmcT7rdX3BNo9wRJg==",
      "dev": true,
      "license": "0BSD"
    },
    "node_modules/@aws-crypto/sha256-browser": {
      "version": "3.0.0",
      "resolved": "https://registry.npmjs.org/@aws-crypto/sha256-browser/-/sha256-browser-3.0.0.tgz",
      "integrity": "sha512-8VLmW2B+gjFbU5uMeqtQM6Nj0/F1bro80xQXCW6CQBWgosFWXTx77aeOF5CAIAmbOK64SdMBJdNr6J41yP5mvQ==",
      "dev": true,
      "license": "Apache-2.0",
      "dependencies": {
        "@aws-crypto/ie11-detection": "^3.0.0",
        "@aws-crypto/sha256-js": "^3.0.0",
        "@aws-crypto/supports-web-crypto": "^3.0.0",
        "@aws-crypto/util": "^3.0.0",
        "@aws-sdk/types": "^3.222.0",
        "@aws-sdk/util-locate-window": "^3.0.0",
        "@aws-sdk/util-utf8-browser": "^3.0.0",
        "tslib": "^1.11.1"
      }
    },
    "node_modules/@aws-crypto/sha256-browser/node_modules/tslib": {
      "version": "1.14.1",
      "resolved": "https://registry.npmjs.org/tslib/-/tslib-1.14.1.tgz",
      "integrity": "sha512-Xni35NKzjgMrwevysHTCArtLDpPvye8zV/0E4EyYn43P7/7qvQwPh9BGkHewbMulVntbigmcT7rdX3BNo9wRJg==",
      "dev": true,
      "license": "0BSD"
    },
    "node_modules/@aws-crypto/sha256-js": {
      "version": "3.0.0",
      "resolved": "https://registry.npmjs.org/@aws-crypto/sha256-js/-/sha256-js-3.0.0.tgz",
      "integrity": "sha512-PnNN7os0+yd1XvXAy23CFOmTbMaDxgxXtTKHybrJ39Y8kGzBATgBFibWJKH6BhytLI/Zyszs87xCOBNyBig6vQ==",
      "dev": true,
      "license": "Apache-2.0",
      "dependencies": {
        "@aws-crypto/util": "^3.0.0",
        "@aws-sdk/types": "^3.222.0",
        "tslib": "^1.11.1"
      }
    },
    "node_modules/@aws-crypto/sha256-js/node_modules/tslib": {
      "version": "1.14.1",
      "resolved": "https://registry.npmjs.org/tslib/-/tslib-1.14.1.tgz",
      "integrity": "sha512-Xni35NKzjgMrwevysHTCArtLDpPvye8zV/0E4EyYn43P7/7qvQwPh9BGkHewbMulVntbigmcT7rdX3BNo9wRJg==",
      "dev": true,
      "license": "0BSD"
    },
    "node_modules/@aws-crypto/supports-web-crypto": {
      "version": "3.0.0",
      "resolved": "https://registry.npmjs.org/@aws-crypto/supports-web-crypto/-/supports-web-crypto-3.0.0.tgz",
      "integrity": "sha512-06hBdMwUAb2WFTuGG73LSC0wfPu93xWwo5vL2et9eymgmu3Id5vFAHBbajVWiGhPO37qcsdCap/FqXvJGJWPIg==",
      "dev": true,
      "license": "Apache-2.0",
      "dependencies": {
        "tslib": "^1.11.1"
      }
    },
    "node_modules/@aws-crypto/supports-web-crypto/node_modules/tslib": {
      "version": "1.14.1",
      "resolved": "https://registry.npmjs.org/tslib/-/tslib-1.14.1.tgz",
      "integrity": "sha512-Xni35NKzjgMrwevysHTCArtLDpPvye8zV/0E4EyYn43P7/7qvQwPh9BGkHewbMulVntbigmcT7rdX3BNo9wRJg==",
      "dev": true,
      "license": "0BSD"
    },
    "node_modules/@aws-crypto/util": {
      "version": "3.0.0",
      "resolved": "https://registry.npmjs.org/@aws-crypto/util/-/util-3.0.0.tgz",
      "integrity": "sha512-2OJlpeJpCR48CC8r+uKVChzs9Iungj9wkZrl8Z041DWEWvyIHILYKCPNzJghKsivj+S3mLo6BVc7mBNzdxA46w==",
      "dev": true,
      "license": "Apache-2.0",
      "dependencies": {
        "@aws-sdk/types": "^3.222.0",
        "@aws-sdk/util-utf8-browser": "^3.0.0",
        "tslib": "^1.11.1"
      }
    },
    "node_modules/@aws-crypto/util/node_modules/tslib": {
      "version": "1.14.1",
      "resolved": "https://registry.npmjs.org/tslib/-/tslib-1.14.1.tgz",
      "integrity": "sha512-Xni35NKzjgMrwevysHTCArtLDpPvye8zV/0E4EyYn43P7/7qvQwPh9BGkHewbMulVntbigmcT7rdX3BNo9wRJg==",
      "dev": true,
      "license": "0BSD"
    },
    "node_modules/@aws-sdk/client-sqs": {
      "version": "3.388.0",
      "resolved": "https://registry.npmjs.org/@aws-sdk/client-sqs/-/client-sqs-3.388.0.tgz",
      "integrity": "sha512-yvh8d3RDXDsfLQP3N4jDfQiD0FWtk+Ut6FrjcZNbpkCz4jb4s79sfISHL08P5t9ur07scvu8WFdRfJf0h8wyhQ==",
      "dev": true,
      "dependencies": {
        "@aws-crypto/sha256-browser": "3.0.0",
        "@aws-crypto/sha256-js": "3.0.0",
        "@aws-sdk/client-sts": "3.388.0",
        "@aws-sdk/credential-provider-node": "3.388.0",
        "@aws-sdk/middleware-host-header": "3.387.0",
        "@aws-sdk/middleware-logger": "3.387.0",
        "@aws-sdk/middleware-recursion-detection": "3.387.0",
        "@aws-sdk/middleware-sdk-sqs": "3.387.0",
        "@aws-sdk/middleware-signing": "3.387.0",
        "@aws-sdk/middleware-user-agent": "3.387.0",
        "@aws-sdk/types": "3.387.0",
        "@aws-sdk/util-endpoints": "3.387.0",
        "@aws-sdk/util-user-agent-browser": "3.387.0",
        "@aws-sdk/util-user-agent-node": "3.387.0",
        "@smithy/config-resolver": "^2.0.2",
        "@smithy/fetch-http-handler": "^2.0.2",
        "@smithy/hash-node": "^2.0.2",
        "@smithy/invalid-dependency": "^2.0.2",
        "@smithy/md5-js": "^2.0.2",
        "@smithy/middleware-content-length": "^2.0.2",
        "@smithy/middleware-endpoint": "^2.0.2",
        "@smithy/middleware-retry": "^2.0.2",
        "@smithy/middleware-serde": "^2.0.2",
        "@smithy/middleware-stack": "^2.0.0",
        "@smithy/node-config-provider": "^2.0.2",
        "@smithy/node-http-handler": "^2.0.2",
        "@smithy/protocol-http": "^2.0.2",
        "@smithy/smithy-client": "^2.0.2",
        "@smithy/types": "^2.1.0",
        "@smithy/url-parser": "^2.0.2",
        "@smithy/util-base64": "^2.0.0",
        "@smithy/util-body-length-browser": "^2.0.0",
        "@smithy/util-body-length-node": "^2.0.0",
        "@smithy/util-defaults-mode-browser": "^2.0.2",
        "@smithy/util-defaults-mode-node": "^2.0.2",
        "@smithy/util-retry": "^2.0.0",
        "@smithy/util-utf8": "^2.0.0",
        "fast-xml-parser": "4.2.5",
        "tslib": "^2.5.0"
      },
      "engines": {
        "node": ">=14.0.0"
      }
    },
    "node_modules/@aws-sdk/client-sqs/node_modules/@aws-sdk/client-sso": {
      "version": "3.387.0",
      "resolved": "https://registry.npmjs.org/@aws-sdk/client-sso/-/client-sso-3.387.0.tgz",
      "integrity": "sha512-E7uKSvbA0XMKSN5KLInf52hmMpe9/OKo6N9OPffGXdn3fNEQlvyQq3meUkqG7Is0ldgsQMz5EUBNtNybXzr3tQ==",
      "dev": true,
      "dependencies": {
        "@aws-crypto/sha256-browser": "3.0.0",
        "@aws-crypto/sha256-js": "3.0.0",
        "@aws-sdk/middleware-host-header": "3.387.0",
        "@aws-sdk/middleware-logger": "3.387.0",
        "@aws-sdk/middleware-recursion-detection": "3.387.0",
        "@aws-sdk/middleware-user-agent": "3.387.0",
        "@aws-sdk/types": "3.387.0",
        "@aws-sdk/util-endpoints": "3.387.0",
        "@aws-sdk/util-user-agent-browser": "3.387.0",
        "@aws-sdk/util-user-agent-node": "3.387.0",
        "@smithy/config-resolver": "^2.0.2",
        "@smithy/fetch-http-handler": "^2.0.2",
        "@smithy/hash-node": "^2.0.2",
        "@smithy/invalid-dependency": "^2.0.2",
        "@smithy/middleware-content-length": "^2.0.2",
        "@smithy/middleware-endpoint": "^2.0.2",
        "@smithy/middleware-retry": "^2.0.2",
        "@smithy/middleware-serde": "^2.0.2",
        "@smithy/middleware-stack": "^2.0.0",
        "@smithy/node-config-provider": "^2.0.2",
        "@smithy/node-http-handler": "^2.0.2",
        "@smithy/protocol-http": "^2.0.2",
        "@smithy/smithy-client": "^2.0.2",
        "@smithy/types": "^2.1.0",
        "@smithy/url-parser": "^2.0.2",
        "@smithy/util-base64": "^2.0.0",
        "@smithy/util-body-length-browser": "^2.0.0",
        "@smithy/util-body-length-node": "^2.0.0",
        "@smithy/util-defaults-mode-browser": "^2.0.2",
        "@smithy/util-defaults-mode-node": "^2.0.2",
        "@smithy/util-retry": "^2.0.0",
        "@smithy/util-utf8": "^2.0.0",
        "tslib": "^2.5.0"
      },
      "engines": {
        "node": ">=14.0.0"
      }
    },
    "node_modules/@aws-sdk/client-sqs/node_modules/@aws-sdk/client-sts": {
      "version": "3.388.0",
      "resolved": "https://registry.npmjs.org/@aws-sdk/client-sts/-/client-sts-3.388.0.tgz",
      "integrity": "sha512-y9FAcAYHT8O6T/jqhgsIQUb4gLiSTKD3xtzudDvjmFi8gl0oRIY1npbeckSiK6k07VQugm2s64I0nDnDxtWsBg==",
      "dev": true,
      "dependencies": {
        "@aws-crypto/sha256-browser": "3.0.0",
        "@aws-crypto/sha256-js": "3.0.0",
        "@aws-sdk/credential-provider-node": "3.388.0",
        "@aws-sdk/middleware-host-header": "3.387.0",
        "@aws-sdk/middleware-logger": "3.387.0",
        "@aws-sdk/middleware-recursion-detection": "3.387.0",
        "@aws-sdk/middleware-sdk-sts": "3.387.0",
        "@aws-sdk/middleware-signing": "3.387.0",
        "@aws-sdk/middleware-user-agent": "3.387.0",
        "@aws-sdk/types": "3.387.0",
        "@aws-sdk/util-endpoints": "3.387.0",
        "@aws-sdk/util-user-agent-browser": "3.387.0",
        "@aws-sdk/util-user-agent-node": "3.387.0",
        "@smithy/config-resolver": "^2.0.2",
        "@smithy/fetch-http-handler": "^2.0.2",
        "@smithy/hash-node": "^2.0.2",
        "@smithy/invalid-dependency": "^2.0.2",
        "@smithy/middleware-content-length": "^2.0.2",
        "@smithy/middleware-endpoint": "^2.0.2",
        "@smithy/middleware-retry": "^2.0.2",
        "@smithy/middleware-serde": "^2.0.2",
        "@smithy/middleware-stack": "^2.0.0",
        "@smithy/node-config-provider": "^2.0.2",
        "@smithy/node-http-handler": "^2.0.2",
        "@smithy/protocol-http": "^2.0.2",
        "@smithy/smithy-client": "^2.0.2",
        "@smithy/types": "^2.1.0",
        "@smithy/url-parser": "^2.0.2",
        "@smithy/util-base64": "^2.0.0",
        "@smithy/util-body-length-browser": "^2.0.0",
        "@smithy/util-body-length-node": "^2.0.0",
        "@smithy/util-defaults-mode-browser": "^2.0.2",
        "@smithy/util-defaults-mode-node": "^2.0.2",
        "@smithy/util-retry": "^2.0.0",
        "@smithy/util-utf8": "^2.0.0",
        "fast-xml-parser": "4.2.5",
        "tslib": "^2.5.0"
      },
      "engines": {
        "node": ">=14.0.0"
      }
    },
    "node_modules/@aws-sdk/client-sqs/node_modules/@aws-sdk/credential-provider-env": {
      "version": "3.387.0",
      "resolved": "https://registry.npmjs.org/@aws-sdk/credential-provider-env/-/credential-provider-env-3.387.0.tgz",
      "integrity": "sha512-PVqNk7XPIYe5CMYNvELkcALtkl/pIM8/uPtqEtTg+mgnZBeL4fAmgXZiZMahQo1DxP5t/JaK384f6JG+A0qDjA==",
      "dev": true,
      "dependencies": {
        "@aws-sdk/types": "3.387.0",
        "@smithy/property-provider": "^2.0.0",
        "@smithy/types": "^2.1.0",
        "tslib": "^2.5.0"
      },
      "engines": {
        "node": ">=14.0.0"
      }
    },
    "node_modules/@aws-sdk/client-sqs/node_modules/@aws-sdk/credential-provider-ini": {
      "version": "3.388.0",
      "resolved": "https://registry.npmjs.org/@aws-sdk/credential-provider-ini/-/credential-provider-ini-3.388.0.tgz",
      "integrity": "sha512-3dg3A8AiZ5vXkSAYyyI3V/AW3Eo6KQJyE/glA+Nr2M0oAjT4z3vHhS3pf2B+hfKGZBTuKKgxusrrhrQABd/Diw==",
      "dev": true,
      "dependencies": {
        "@aws-sdk/credential-provider-env": "3.387.0",
        "@aws-sdk/credential-provider-process": "3.387.0",
        "@aws-sdk/credential-provider-sso": "3.388.0",
        "@aws-sdk/credential-provider-web-identity": "3.387.0",
        "@aws-sdk/types": "3.387.0",
        "@smithy/credential-provider-imds": "^2.0.0",
        "@smithy/property-provider": "^2.0.0",
        "@smithy/shared-ini-file-loader": "^2.0.0",
        "@smithy/types": "^2.1.0",
        "tslib": "^2.5.0"
      },
      "engines": {
        "node": ">=14.0.0"
      }
    },
    "node_modules/@aws-sdk/client-sqs/node_modules/@aws-sdk/credential-provider-node": {
      "version": "3.388.0",
      "resolved": "https://registry.npmjs.org/@aws-sdk/credential-provider-node/-/credential-provider-node-3.388.0.tgz",
      "integrity": "sha512-BqWAkIG08gj/wevpesaZhAjALjfUNVjseHQRk+DNUoHIfyibW7Ahf3q/GIPs11dA2o8ECwR9/fo68Sq+sK799A==",
      "dev": true,
      "dependencies": {
        "@aws-sdk/credential-provider-env": "3.387.0",
        "@aws-sdk/credential-provider-ini": "3.388.0",
        "@aws-sdk/credential-provider-process": "3.387.0",
        "@aws-sdk/credential-provider-sso": "3.388.0",
        "@aws-sdk/credential-provider-web-identity": "3.387.0",
        "@aws-sdk/types": "3.387.0",
        "@smithy/credential-provider-imds": "^2.0.0",
        "@smithy/property-provider": "^2.0.0",
        "@smithy/shared-ini-file-loader": "^2.0.0",
        "@smithy/types": "^2.1.0",
        "tslib": "^2.5.0"
      },
      "engines": {
        "node": ">=14.0.0"
      }
    },
    "node_modules/@aws-sdk/client-sqs/node_modules/@aws-sdk/credential-provider-process": {
      "version": "3.387.0",
      "resolved": "https://registry.npmjs.org/@aws-sdk/credential-provider-process/-/credential-provider-process-3.387.0.tgz",
      "integrity": "sha512-tQScLHmDlqkQN+mqw4s3cxepEUeHYDhFl5eH+J8puvPqWjXMYpCEdY79SAtWs6SZd4CWiZ0VLeYU6xQBZengbQ==",
      "dev": true,
      "dependencies": {
        "@aws-sdk/types": "3.387.0",
        "@smithy/property-provider": "^2.0.0",
        "@smithy/shared-ini-file-loader": "^2.0.0",
        "@smithy/types": "^2.1.0",
        "tslib": "^2.5.0"
      },
      "engines": {
        "node": ">=14.0.0"
      }
    },
    "node_modules/@aws-sdk/client-sqs/node_modules/@aws-sdk/credential-provider-sso": {
      "version": "3.388.0",
      "resolved": "https://registry.npmjs.org/@aws-sdk/credential-provider-sso/-/credential-provider-sso-3.388.0.tgz",
      "integrity": "sha512-RH02+rntaO0UhnSBr42n+7q8HOztc+Dets/hh6cWovf3Yi9s9ghLgYLN9FXpSosfot3XkmT/HOCa+CphAmGN9A==",
      "dev": true,
      "dependencies": {
        "@aws-sdk/client-sso": "3.387.0",
        "@aws-sdk/token-providers": "3.388.0",
        "@aws-sdk/types": "3.387.0",
        "@smithy/property-provider": "^2.0.0",
        "@smithy/shared-ini-file-loader": "^2.0.0",
        "@smithy/types": "^2.1.0",
        "tslib": "^2.5.0"
      },
      "engines": {
        "node": ">=14.0.0"
      }
    },
    "node_modules/@aws-sdk/client-sqs/node_modules/@aws-sdk/credential-provider-web-identity": {
      "version": "3.387.0",
      "resolved": "https://registry.npmjs.org/@aws-sdk/credential-provider-web-identity/-/credential-provider-web-identity-3.387.0.tgz",
      "integrity": "sha512-6ueMPl+J3KWv6ZaAWF4Z138QCuBVFZRVAgwbtP3BNqWrrs4Q6TPksOQJ79lRDMpv0EUoyVl04B6lldNlhN8RdA==",
      "dev": true,
      "dependencies": {
        "@aws-sdk/types": "3.387.0",
        "@smithy/property-provider": "^2.0.0",
        "@smithy/types": "^2.1.0",
        "tslib": "^2.5.0"
      },
      "engines": {
        "node": ">=14.0.0"
      }
    },
    "node_modules/@aws-sdk/client-sqs/node_modules/@aws-sdk/middleware-host-header": {
      "version": "3.387.0",
      "resolved": "https://registry.npmjs.org/@aws-sdk/middleware-host-header/-/middleware-host-header-3.387.0.tgz",
      "integrity": "sha512-EWm9PXSr8dSp7hnRth1U7OfelXQp9dLf1yS1kUL+UhppYDJpjhdP7ql3NI4xJKw8e76sP2FuJYEuzWnJHuWoyQ==",
      "dev": true,
      "dependencies": {
        "@aws-sdk/types": "3.387.0",
        "@smithy/protocol-http": "^2.0.2",
        "@smithy/types": "^2.1.0",
        "tslib": "^2.5.0"
      },
      "engines": {
        "node": ">=14.0.0"
      }
    },
    "node_modules/@aws-sdk/client-sqs/node_modules/@aws-sdk/middleware-logger": {
      "version": "3.387.0",
      "resolved": "https://registry.npmjs.org/@aws-sdk/middleware-logger/-/middleware-logger-3.387.0.tgz",
      "integrity": "sha512-FjAvJr1XyaInT81RxUwgifnbXoFJrRBFc64XeFJgFanGIQCWLYxRrK2HV9eBpao/AycbmuoHgLd/f0sa4hZFoQ==",
      "dev": true,
      "dependencies": {
        "@aws-sdk/types": "3.387.0",
        "@smithy/types": "^2.1.0",
        "tslib": "^2.5.0"
      },
      "engines": {
        "node": ">=14.0.0"
      }
    },
    "node_modules/@aws-sdk/client-sqs/node_modules/@aws-sdk/middleware-recursion-detection": {
      "version": "3.387.0",
      "resolved": "https://registry.npmjs.org/@aws-sdk/middleware-recursion-detection/-/middleware-recursion-detection-3.387.0.tgz",
      "integrity": "sha512-ZF45T785ru8OwvYZw6awD9Z76OwSMM1eZzj2eY+FDz1cHfkpLjxEiti2iIH1FxbyK7n9ZqDUx29lVlCv238YyQ==",
      "dev": true,
      "dependencies": {
        "@aws-sdk/types": "3.387.0",
        "@smithy/protocol-http": "^2.0.2",
        "@smithy/types": "^2.1.0",
        "tslib": "^2.5.0"
      },
      "engines": {
        "node": ">=14.0.0"
      }
    },
    "node_modules/@aws-sdk/client-sqs/node_modules/@aws-sdk/middleware-sdk-sts": {
      "version": "3.387.0",
      "resolved": "https://registry.npmjs.org/@aws-sdk/middleware-sdk-sts/-/middleware-sdk-sts-3.387.0.tgz",
      "integrity": "sha512-7ZzRKOJ4V/JDQmKz9z+FjZqw59mrMATEMLR6ff0H0JHMX0Uk5IX8TQB058ss+ar14qeJ4UcteYzCqHNI0O1BHw==",
      "dev": true,
      "dependencies": {
        "@aws-sdk/middleware-signing": "3.387.0",
        "@aws-sdk/types": "3.387.0",
        "@smithy/types": "^2.1.0",
        "tslib": "^2.5.0"
      },
      "engines": {
        "node": ">=14.0.0"
      }
    },
    "node_modules/@aws-sdk/client-sqs/node_modules/@aws-sdk/middleware-signing": {
      "version": "3.387.0",
      "resolved": "https://registry.npmjs.org/@aws-sdk/middleware-signing/-/middleware-signing-3.387.0.tgz",
      "integrity": "sha512-oJXlE0MES8gxNLo137PPNNiOICQGOaETTvq3kBSJgb/gtEAxQajMIlaNT7s1wsjOAruFHt4975nCXuY4lpx7GQ==",
      "dev": true,
      "dependencies": {
        "@aws-sdk/types": "3.387.0",
        "@smithy/property-provider": "^2.0.0",
        "@smithy/protocol-http": "^2.0.2",
        "@smithy/signature-v4": "^2.0.0",
        "@smithy/types": "^2.1.0",
        "@smithy/util-middleware": "^2.0.0",
        "tslib": "^2.5.0"
      },
      "engines": {
        "node": ">=14.0.0"
      }
    },
    "node_modules/@aws-sdk/client-sqs/node_modules/@aws-sdk/middleware-user-agent": {
      "version": "3.387.0",
      "resolved": "https://registry.npmjs.org/@aws-sdk/middleware-user-agent/-/middleware-user-agent-3.387.0.tgz",
      "integrity": "sha512-hTfFTwDtp86xS98BKa+RFuLfcvGftxwzrbZeisZV8hdb4ZhvNXjSxnvM3vetW0GUEnY9xHPSGyp2ERRTinPKFQ==",
      "dev": true,
      "dependencies": {
        "@aws-sdk/types": "3.387.0",
        "@aws-sdk/util-endpoints": "3.387.0",
        "@smithy/protocol-http": "^2.0.2",
        "@smithy/types": "^2.1.0",
        "tslib": "^2.5.0"
      },
      "engines": {
        "node": ">=14.0.0"
      }
    },
    "node_modules/@aws-sdk/client-sqs/node_modules/@aws-sdk/token-providers": {
      "version": "3.388.0",
      "resolved": "https://registry.npmjs.org/@aws-sdk/token-providers/-/token-providers-3.388.0.tgz",
      "integrity": "sha512-2lo1gFJl624kfjo/YdU6zW+k6dEwhoqjNkDNbOZEFgS1KDofHe9GX8W4/ReKb0Ggho5/EcjzZ53/1CjkzUq4tA==",
      "dev": true,
      "dependencies": {
        "@aws-crypto/sha256-browser": "3.0.0",
        "@aws-crypto/sha256-js": "3.0.0",
        "@aws-sdk/middleware-host-header": "3.387.0",
        "@aws-sdk/middleware-logger": "3.387.0",
        "@aws-sdk/middleware-recursion-detection": "3.387.0",
        "@aws-sdk/middleware-user-agent": "3.387.0",
        "@aws-sdk/types": "3.387.0",
        "@aws-sdk/util-endpoints": "3.387.0",
        "@aws-sdk/util-user-agent-browser": "3.387.0",
        "@aws-sdk/util-user-agent-node": "3.387.0",
        "@smithy/config-resolver": "^2.0.2",
        "@smithy/fetch-http-handler": "^2.0.2",
        "@smithy/hash-node": "^2.0.2",
        "@smithy/invalid-dependency": "^2.0.2",
        "@smithy/middleware-content-length": "^2.0.2",
        "@smithy/middleware-endpoint": "^2.0.2",
        "@smithy/middleware-retry": "^2.0.2",
        "@smithy/middleware-serde": "^2.0.2",
        "@smithy/middleware-stack": "^2.0.0",
        "@smithy/node-config-provider": "^2.0.2",
        "@smithy/node-http-handler": "^2.0.2",
        "@smithy/property-provider": "^2.0.0",
        "@smithy/protocol-http": "^2.0.2",
        "@smithy/shared-ini-file-loader": "^2.0.0",
        "@smithy/smithy-client": "^2.0.2",
        "@smithy/types": "^2.1.0",
        "@smithy/url-parser": "^2.0.2",
        "@smithy/util-base64": "^2.0.0",
        "@smithy/util-body-length-browser": "^2.0.0",
        "@smithy/util-body-length-node": "^2.0.0",
        "@smithy/util-defaults-mode-browser": "^2.0.2",
        "@smithy/util-defaults-mode-node": "^2.0.2",
        "@smithy/util-retry": "^2.0.0",
        "@smithy/util-utf8": "^2.0.0",
        "tslib": "^2.5.0"
      },
      "engines": {
        "node": ">=14.0.0"
      }
    },
    "node_modules/@aws-sdk/client-sqs/node_modules/@aws-sdk/types": {
      "version": "3.387.0",
      "resolved": "https://registry.npmjs.org/@aws-sdk/types/-/types-3.387.0.tgz",
      "integrity": "sha512-YTjFabNwjTF+6yl88f0/tWff018qmmgMmjlw45s6sdVKueWxdxV68U7gepNLF2nhaQPZa6FDOBoA51NaviVs0Q==",
      "dev": true,
      "dependencies": {
        "@smithy/types": "^2.1.0",
        "tslib": "^2.5.0"
      },
      "engines": {
        "node": ">=14.0.0"
      }
    },
    "node_modules/@aws-sdk/client-sqs/node_modules/@aws-sdk/util-endpoints": {
      "version": "3.387.0",
      "resolved": "https://registry.npmjs.org/@aws-sdk/util-endpoints/-/util-endpoints-3.387.0.tgz",
      "integrity": "sha512-g7kvuCXehGXHHBw9PkSQdwVyDFmNUZLmfrRmqMyrMDG9QLQrxr4pyWcSaYgTE16yUzhQQOR+QSey+BL6W9/N6g==",
      "dev": true,
      "dependencies": {
        "@aws-sdk/types": "3.387.0",
        "tslib": "^2.5.0"
      },
      "engines": {
        "node": ">=14.0.0"
      }
    },
    "node_modules/@aws-sdk/client-sqs/node_modules/@aws-sdk/util-user-agent-browser": {
      "version": "3.387.0",
      "resolved": "https://registry.npmjs.org/@aws-sdk/util-user-agent-browser/-/util-user-agent-browser-3.387.0.tgz",
      "integrity": "sha512-lpgSVvDqx+JjHZCTYs/yQSS7J71dPlJeAlvxc7bmx5m+vfwKe07HAnIs+929DngS0QbAp/VaXbTiMFsInLkO4Q==",
      "dev": true,
      "dependencies": {
        "@aws-sdk/types": "3.387.0",
        "@smithy/types": "^2.1.0",
        "bowser": "^2.11.0",
        "tslib": "^2.5.0"
      }
    },
    "node_modules/@aws-sdk/client-sqs/node_modules/@aws-sdk/util-user-agent-node": {
      "version": "3.387.0",
      "resolved": "https://registry.npmjs.org/@aws-sdk/util-user-agent-node/-/util-user-agent-node-3.387.0.tgz",
      "integrity": "sha512-r9OVkcWpRYatjLhJacuHFgvO2T5s/Nu5DDbScMrkUD8b4aGIIqsrdZji0vZy9FCjsUFQMM92t9nt4SejrGjChA==",
      "dev": true,
      "dependencies": {
        "@aws-sdk/types": "3.387.0",
        "@smithy/node-config-provider": "^2.0.2",
        "@smithy/types": "^2.1.0",
        "tslib": "^2.5.0"
      },
      "engines": {
        "node": ">=14.0.0"
      },
      "peerDependencies": {
        "aws-crt": ">=1.0.0"
      },
      "peerDependenciesMeta": {
        "aws-crt": {
          "optional": true
        }
      }
    },
    "node_modules/@aws-sdk/client-sqs/node_modules/fast-xml-parser": {
      "version": "4.2.5",
      "resolved": "https://registry.npmjs.org/fast-xml-parser/-/fast-xml-parser-4.2.5.tgz",
      "integrity": "sha512-B9/wizE4WngqQftFPmdaMYlXoJlJOYxGQOanC77fq9k8+Z0v5dDSVh+3glErdIROP//s/jgb7ZuxKfB8nVyo0g==",
      "dev": true,
      "funding": [
        {
          "type": "paypal",
          "url": "https://paypal.me/naturalintelligence"
        },
        {
          "type": "github",
          "url": "https://github.com/sponsors/NaturalIntelligence"
        }
      ],
      "dependencies": {
        "strnum": "^1.0.5"
      },
      "bin": {
        "fxparser": "src/cli/cli.js"
      }
    },
    "node_modules/@aws-sdk/middleware-sdk-sqs": {
      "version": "3.387.0",
      "resolved": "https://registry.npmjs.org/@aws-sdk/middleware-sdk-sqs/-/middleware-sdk-sqs-3.387.0.tgz",
      "integrity": "sha512-1OHQYtTd4QEiITj0EQngkrxQ8KwOHB0Vy2NYA5XXSEklKBhmeBzhYVmUi0mQS+4FceLteRNhJb6dpiqdDvyKVw==",
      "dev": true,
      "dependencies": {
        "@aws-sdk/types": "3.387.0",
        "@smithy/types": "^2.1.0",
        "@smithy/util-hex-encoding": "^2.0.0",
        "@smithy/util-utf8": "^2.0.0",
        "tslib": "^2.5.0"
      },
      "engines": {
        "node": ">=14.0.0"
      }
    },
    "node_modules/@aws-sdk/middleware-sdk-sqs/node_modules/@aws-sdk/types": {
      "version": "3.387.0",
      "resolved": "https://registry.npmjs.org/@aws-sdk/types/-/types-3.387.0.tgz",
      "integrity": "sha512-YTjFabNwjTF+6yl88f0/tWff018qmmgMmjlw45s6sdVKueWxdxV68U7gepNLF2nhaQPZa6FDOBoA51NaviVs0Q==",
      "dev": true,
      "dependencies": {
        "@smithy/types": "^2.1.0",
        "tslib": "^2.5.0"
      },
      "engines": {
        "node": ">=14.0.0"
      }
    },
    "node_modules/@aws-sdk/types": {
      "version": "3.267.0",
      "dev": true,
      "license": "Apache-2.0",
      "dependencies": {
        "tslib": "^2.3.1"
      },
      "engines": {
        "node": ">=14.0.0"
      }
    },
    "node_modules/@aws-sdk/util-locate-window": {
      "version": "3.208.0",
      "resolved": "https://registry.npmjs.org/@aws-sdk/util-locate-window/-/util-locate-window-3.208.0.tgz",
      "integrity": "sha512-iua1A2+P7JJEDHVgvXrRJSvsnzG7stYSGQnBVphIUlemwl6nN5D+QrgbjECtrbxRz8asYFHSzhdhECqN+tFiBg==",
      "dev": true,
      "license": "Apache-2.0",
      "dependencies": {
        "tslib": "^2.3.1"
      },
      "engines": {
        "node": ">=14.0.0"
      }
    },
    "node_modules/@aws-sdk/util-utf8-browser": {
      "version": "3.259.0",
      "resolved": "https://registry.npmjs.org/@aws-sdk/util-utf8-browser/-/util-utf8-browser-3.259.0.tgz",
      "integrity": "sha512-UvFa/vR+e19XookZF8RzFZBrw2EUkQWxiBW0yYQAhvk3C+QVGl0H3ouca8LDBlBfQKXwmW3huo/59H8rwb1wJw==",
      "dev": true,
      "license": "Apache-2.0",
      "dependencies": {
        "tslib": "^2.3.1"
      }
    },
    "node_modules/@smithy/abort-controller": {
      "version": "2.0.3",
      "resolved": "https://registry.npmjs.org/@smithy/abort-controller/-/abort-controller-2.0.3.tgz",
      "integrity": "sha512-LbQ4fdsVuQC3/18Z/uia5wnk9fk8ikfHl3laYCEGhboEMJ/6oVk3zhydqljMxBCftHGUv7yUrTnZ6EAQhOf+PA==",
      "dev": true,
      "dependencies": {
        "@smithy/types": "^2.2.0",
        "tslib": "^2.5.0"
      },
      "engines": {
        "node": ">=14.0.0"
      }
    },
    "node_modules/@smithy/config-resolver": {
      "version": "2.0.3",
      "resolved": "https://registry.npmjs.org/@smithy/config-resolver/-/config-resolver-2.0.3.tgz",
      "integrity": "sha512-E+fsc6BOzFOc6U6y9ogRH8Pw2HF1NVW14AAYy7l3OTXYWuYxHb/fzDZaA0FvD/dXyFoMy7AV1rYZsGzD4bMKzw==",
      "dev": true,
      "dependencies": {
        "@smithy/types": "^2.2.0",
        "@smithy/util-config-provider": "^2.0.0",
        "@smithy/util-middleware": "^2.0.0",
        "tslib": "^2.5.0"
      },
      "engines": {
        "node": ">=14.0.0"
      }
    },
    "node_modules/@smithy/credential-provider-imds": {
      "version": "2.0.3",
      "resolved": "https://registry.npmjs.org/@smithy/credential-provider-imds/-/credential-provider-imds-2.0.3.tgz",
      "integrity": "sha512-2e85iLgSuiGQ8BBFkot88kuv6sT5DHvkDO8FDvGwNunn2ybf24HhEkaWCMxK4pUeHtnA2dMa3hZbtfmJ7KJQig==",
      "dev": true,
      "dependencies": {
        "@smithy/node-config-provider": "^2.0.3",
        "@smithy/property-provider": "^2.0.3",
        "@smithy/types": "^2.2.0",
        "@smithy/url-parser": "^2.0.3",
        "tslib": "^2.5.0"
      },
      "engines": {
        "node": ">=14.0.0"
      }
    },
    "node_modules/@smithy/eventstream-codec": {
      "version": "2.0.3",
      "resolved": "https://registry.npmjs.org/@smithy/eventstream-codec/-/eventstream-codec-2.0.3.tgz",
      "integrity": "sha512-3l/uKZBsV/6uMe2qXvh1C8ut/w6JHKgy7ic7N2QPR1SSuNWKNQBX0iVBqJpPtQz0UDeQYM4cNmwDBX+hw74EEw==",
      "dev": true,
      "dependencies": {
        "@aws-crypto/crc32": "3.0.0",
        "@smithy/types": "^2.2.0",
        "@smithy/util-hex-encoding": "^2.0.0",
        "tslib": "^2.5.0"
      }
    },
    "node_modules/@smithy/fetch-http-handler": {
      "version": "2.0.3",
      "resolved": "https://registry.npmjs.org/@smithy/fetch-http-handler/-/fetch-http-handler-2.0.3.tgz",
      "integrity": "sha512-0if2hyn+tDkyK9Tg1bXpo3IMUaezz/FKlaUTwTey3m87hF8gb7a0nKaST4NURE2eUVimViGCB7SH3/i4wFXALg==",
      "dev": true,
      "dependencies": {
        "@smithy/protocol-http": "^2.0.3",
        "@smithy/querystring-builder": "^2.0.3",
        "@smithy/types": "^2.2.0",
        "@smithy/util-base64": "^2.0.0",
        "tslib": "^2.5.0"
      }
    },
    "node_modules/@smithy/hash-node": {
      "version": "2.0.3",
      "resolved": "https://registry.npmjs.org/@smithy/hash-node/-/hash-node-2.0.3.tgz",
      "integrity": "sha512-wtN9eiRKEiryXrPbWQ7Acu0D3Uk65+PowtTqOslViMZNcKNlYHsxOP1S9rb2klnzA3yY1WSPO1tG78pjhRlvrQ==",
      "dev": true,
      "dependencies": {
        "@smithy/types": "^2.2.0",
        "@smithy/util-buffer-from": "^2.0.0",
        "@smithy/util-utf8": "^2.0.0",
        "tslib": "^2.5.0"
      },
      "engines": {
        "node": ">=14.0.0"
      }
    },
    "node_modules/@smithy/invalid-dependency": {
      "version": "2.0.3",
      "resolved": "https://registry.npmjs.org/@smithy/invalid-dependency/-/invalid-dependency-2.0.3.tgz",
      "integrity": "sha512-GtmVXD/s+OZlFG1o3HfUI55aBJZXX5/iznAQkgjRGf8prYoO8GvSZLDWHXJp91arybaJxYd133oJORGf4YxGAg==",
      "dev": true,
      "dependencies": {
        "@smithy/types": "^2.2.0",
        "tslib": "^2.5.0"
      }
    },
    "node_modules/@smithy/is-array-buffer": {
      "version": "2.0.0",
      "resolved": "https://registry.npmjs.org/@smithy/is-array-buffer/-/is-array-buffer-2.0.0.tgz",
      "integrity": "sha512-z3PjFjMyZNI98JFRJi/U0nGoLWMSJlDjAW4QUX2WNZLas5C0CmVV6LJ01JI0k90l7FvpmixjWxPFmENSClQ7ug==",
      "dev": true,
      "dependencies": {
        "tslib": "^2.5.0"
      },
      "engines": {
        "node": ">=14.0.0"
      }
    },
    "node_modules/@smithy/md5-js": {
      "version": "2.0.3",
      "resolved": "https://registry.npmjs.org/@smithy/md5-js/-/md5-js-2.0.3.tgz",
      "integrity": "sha512-pYnD2US3SioMynHytq4n2BsB5L6uJ7pWKxl9sQqvWwYJXcT3VSnJ0/9adbVcWE+GrMRlGO4CpRg9SIKpdQYR+Q==",
      "dev": true,
      "dependencies": {
        "@smithy/types": "^2.2.0",
        "@smithy/util-utf8": "^2.0.0",
        "tslib": "^2.5.0"
      }
    },
    "node_modules/@smithy/middleware-content-length": {
      "version": "2.0.3",
      "resolved": "https://registry.npmjs.org/@smithy/middleware-content-length/-/middleware-content-length-2.0.3.tgz",
      "integrity": "sha512-2FiZ5vu2+iMRL8XWNaREUqqNHjtBubaY9Jb2b3huZ9EbgrXsJfCszK6PPidHTLe+B4T7AISqdF4ZSp9VPXuelg==",
      "dev": true,
      "dependencies": {
        "@smithy/protocol-http": "^2.0.3",
        "@smithy/types": "^2.2.0",
        "tslib": "^2.5.0"
      },
      "engines": {
        "node": ">=14.0.0"
      }
    },
    "node_modules/@smithy/middleware-endpoint": {
      "version": "2.0.3",
      "resolved": "https://registry.npmjs.org/@smithy/middleware-endpoint/-/middleware-endpoint-2.0.3.tgz",
      "integrity": "sha512-gNleUHhu5OKk/nrA6WbpLUk/Wk2hcyCvaw7sZiKMazs+zdzWb0kYzynRf675uCWolbvlw9BvkrVaSJo5TRz+Mg==",
      "dev": true,
      "dependencies": {
        "@smithy/middleware-serde": "^2.0.3",
        "@smithy/types": "^2.2.0",
        "@smithy/url-parser": "^2.0.3",
        "@smithy/util-middleware": "^2.0.0",
        "tslib": "^2.5.0"
      },
      "engines": {
        "node": ">=14.0.0"
      }
    },
    "node_modules/@smithy/middleware-retry": {
      "version": "2.0.3",
      "resolved": "https://registry.npmjs.org/@smithy/middleware-retry/-/middleware-retry-2.0.3.tgz",
      "integrity": "sha512-BpfaUwgOh8LpWP/x6KBb5IdBmd5+tEpTKIjDt7LWi3IVOYmRX5DjQo1eCEUqlKS1nxws/T7+/IyzvgBq8gF9rw==",
      "dev": true,
      "dependencies": {
        "@smithy/protocol-http": "^2.0.3",
        "@smithy/service-error-classification": "^2.0.0",
        "@smithy/types": "^2.2.0",
        "@smithy/util-middleware": "^2.0.0",
        "@smithy/util-retry": "^2.0.0",
        "tslib": "^2.5.0",
        "uuid": "^8.3.2"
      },
      "engines": {
        "node": ">=14.0.0"
      }
    },
    "node_modules/@smithy/middleware-serde": {
      "version": "2.0.3",
      "resolved": "https://registry.npmjs.org/@smithy/middleware-serde/-/middleware-serde-2.0.3.tgz",
      "integrity": "sha512-5BxuOKL7pXqesvtunniDlvYQXVr7UJEF5nFVoK6+5chf5wplLA8IZWAn3NUcGq/f1u01w2m2q7atCoA6ftRLKA==",
      "dev": true,
      "dependencies": {
        "@smithy/types": "^2.2.0",
        "tslib": "^2.5.0"
      },
      "engines": {
        "node": ">=14.0.0"
      }
    },
    "node_modules/@smithy/middleware-stack": {
      "version": "2.0.0",
      "resolved": "https://registry.npmjs.org/@smithy/middleware-stack/-/middleware-stack-2.0.0.tgz",
      "integrity": "sha512-31XC1xNF65nlbc16yuh3wwTudmqs6qy4EseQUGF8A/p2m/5wdd/cnXJqpniy/XvXVwkHPz/GwV36HqzHtIKATQ==",
      "dev": true,
      "dependencies": {
        "tslib": "^2.5.0"
      },
      "engines": {
        "node": ">=14.0.0"
      }
    },
    "node_modules/@smithy/node-config-provider": {
      "version": "2.0.3",
      "resolved": "https://registry.npmjs.org/@smithy/node-config-provider/-/node-config-provider-2.0.3.tgz",
      "integrity": "sha512-dYSVxOQMqtdmSOBW/J4RPvSYE4KKdGLgFHDJQGNsGo1d3y9IoNLwE32lT7doWwV0ryntlm4QZZwhfb3gISrTtA==",
      "dev": true,
      "dependencies": {
        "@smithy/property-provider": "^2.0.3",
        "@smithy/shared-ini-file-loader": "^2.0.3",
        "@smithy/types": "^2.2.0",
        "tslib": "^2.5.0"
      },
      "engines": {
        "node": ">=14.0.0"
      }
    },
    "node_modules/@smithy/node-http-handler": {
      "version": "2.0.3",
      "resolved": "https://registry.npmjs.org/@smithy/node-http-handler/-/node-http-handler-2.0.3.tgz",
      "integrity": "sha512-wUO78aa0VVJVz54Lr1Nw6FYnkatbvh2saHgkT8fdtNWc7I/osaPMUJnRkBmTZZ5w+BIQ1rvr9dbGyYBTlRg2+Q==",
      "dev": true,
      "dependencies": {
        "@smithy/abort-controller": "^2.0.3",
        "@smithy/protocol-http": "^2.0.3",
        "@smithy/querystring-builder": "^2.0.3",
        "@smithy/types": "^2.2.0",
        "tslib": "^2.5.0"
      },
      "engines": {
        "node": ">=14.0.0"
      }
    },
    "node_modules/@smithy/property-provider": {
      "version": "2.0.3",
      "resolved": "https://registry.npmjs.org/@smithy/property-provider/-/property-provider-2.0.3.tgz",
      "integrity": "sha512-SHV1SINUNysJ5HyPrMLHLkdofgalk9+5FnQCB/985hqcUxstN616hPZ7ngOjLpdhKp0yu1ul/esE9Gd4qh1tgg==",
      "dev": true,
      "dependencies": {
        "@smithy/types": "^2.2.0",
        "tslib": "^2.5.0"
      },
      "engines": {
        "node": ">=14.0.0"
      }
    },
    "node_modules/@smithy/protocol-http": {
      "version": "2.0.3",
      "resolved": "https://registry.npmjs.org/@smithy/protocol-http/-/protocol-http-2.0.3.tgz",
      "integrity": "sha512-yzBYloviSLOwo2RT62vBRCPtk8mc/O2RMJfynEahbX8ZnduHpKaajvx3IuGubhamIbesi7M5HBVecDehBnlb9Q==",
      "dev": true,
      "dependencies": {
        "@smithy/types": "^2.2.0",
        "tslib": "^2.5.0"
      },
      "engines": {
        "node": ">=14.0.0"
      }
    },
    "node_modules/@smithy/querystring-builder": {
      "version": "2.0.3",
      "resolved": "https://registry.npmjs.org/@smithy/querystring-builder/-/querystring-builder-2.0.3.tgz",
      "integrity": "sha512-HPSviVgGj9FT4jPdprkfSGF3nhFzpQMST1hOC1Oh6eaRB2KTQCsOZmS7U4IqGErVPafe6f/yRa1DV73B5gO50w==",
      "dev": true,
      "dependencies": {
        "@smithy/types": "^2.2.0",
        "@smithy/util-uri-escape": "^2.0.0",
        "tslib": "^2.5.0"
      },
      "engines": {
        "node": ">=14.0.0"
      }
    },
    "node_modules/@smithy/querystring-parser": {
      "version": "2.0.3",
      "resolved": "https://registry.npmjs.org/@smithy/querystring-parser/-/querystring-parser-2.0.3.tgz",
      "integrity": "sha512-AaiZ2osstDbmOTz5uY+96o0G1E7k1U7dCYrNT8FFcyffdhScTzG7fXr12f5peie2W0XFu2Ub+b6tQwFuZwPoBA==",
      "dev": true,
      "dependencies": {
        "@smithy/types": "^2.2.0",
        "tslib": "^2.5.0"
      },
      "engines": {
        "node": ">=14.0.0"
      }
    },
    "node_modules/@smithy/service-error-classification": {
      "version": "2.0.0",
      "resolved": "https://registry.npmjs.org/@smithy/service-error-classification/-/service-error-classification-2.0.0.tgz",
      "integrity": "sha512-2z5Nafy1O0cTf69wKyNjGW/sNVMiqDnb4jgwfMG8ye8KnFJ5qmJpDccwIbJNhXIfbsxTg9SEec2oe1cexhMJvw==",
      "dev": true,
      "engines": {
        "node": ">=14.0.0"
      }
    },
    "node_modules/@smithy/shared-ini-file-loader": {
      "version": "2.0.3",
      "resolved": "https://registry.npmjs.org/@smithy/shared-ini-file-loader/-/shared-ini-file-loader-2.0.3.tgz",
      "integrity": "sha512-1Vgco3K0rN5YG2OStoS2zUrBzdcFqgqp475rGdag206PCh7AHzmVSGXL6OpWPAqZl29WUqXfMP8tHOLG0H6vkA==",
      "dev": true,
      "dependencies": {
        "@smithy/types": "^2.2.0",
        "tslib": "^2.5.0"
      },
      "engines": {
        "node": ">=14.0.0"
      }
    },
    "node_modules/@smithy/signature-v4": {
      "version": "2.0.3",
      "resolved": "https://registry.npmjs.org/@smithy/signature-v4/-/signature-v4-2.0.3.tgz",
      "integrity": "sha512-AZ+951EAcNqas2RTq4xQvuX4uZqPV/zCcbs7ACqpuxcjYAFU2FKRPpQHqsDN0jbJwI3Scw75xhSKcGWFf2/Olg==",
      "dev": true,
      "dependencies": {
        "@smithy/eventstream-codec": "^2.0.3",
        "@smithy/is-array-buffer": "^2.0.0",
        "@smithy/types": "^2.2.0",
        "@smithy/util-hex-encoding": "^2.0.0",
        "@smithy/util-middleware": "^2.0.0",
        "@smithy/util-uri-escape": "^2.0.0",
        "@smithy/util-utf8": "^2.0.0",
        "tslib": "^2.5.0"
      },
      "engines": {
        "node": ">=14.0.0"
      }
    },
    "node_modules/@smithy/smithy-client": {
      "version": "2.0.3",
      "resolved": "https://registry.npmjs.org/@smithy/smithy-client/-/smithy-client-2.0.3.tgz",
      "integrity": "sha512-YP0HakPOJgvX2wvPEAGH9GB3NfuQE8CmBhR13bWtqWuIErmJnInTiSQcLSc0QiXHclH/8Qlq+qjKCR7N/4wvtQ==",
      "dev": true,
      "dependencies": {
        "@smithy/middleware-stack": "^2.0.0",
        "@smithy/types": "^2.2.0",
        "@smithy/util-stream": "^2.0.3",
        "tslib": "^2.5.0"
      },
      "engines": {
        "node": ">=14.0.0"
      }
    },
    "node_modules/@smithy/types": {
      "version": "2.2.0",
      "resolved": "https://registry.npmjs.org/@smithy/types/-/types-2.2.0.tgz",
      "integrity": "sha512-Ahpt9KvD0mWeWiyaGo5EBE7KOByLl3jl4CD9Ps/r8qySgzVzo/4qsa+vvstOU3ZEriALmrPqUKIhqHt0Rn+m6g==",
      "dev": true,
      "dependencies": {
        "tslib": "^2.5.0"
      },
      "engines": {
        "node": ">=14.0.0"
      }
    },
    "node_modules/@smithy/url-parser": {
      "version": "2.0.3",
      "resolved": "https://registry.npmjs.org/@smithy/url-parser/-/url-parser-2.0.3.tgz",
      "integrity": "sha512-O7NlbDL4kh+th6qwtL7wNRcPCuOXFRWJzWKywfB/Nv56N1F8KiK0KbPn1z7MU5du/0LgjAMvhkg0mVDyiMCnqw==",
      "dev": true,
      "dependencies": {
        "@smithy/querystring-parser": "^2.0.3",
        "@smithy/types": "^2.2.0",
        "tslib": "^2.5.0"
      }
    },
    "node_modules/@smithy/util-base64": {
      "version": "2.0.0",
      "resolved": "https://registry.npmjs.org/@smithy/util-base64/-/util-base64-2.0.0.tgz",
      "integrity": "sha512-Zb1E4xx+m5Lud8bbeYi5FkcMJMnn+1WUnJF3qD7rAdXpaL7UjkFQLdmW5fHadoKbdHpwH9vSR8EyTJFHJs++tA==",
      "dev": true,
      "dependencies": {
        "@smithy/util-buffer-from": "^2.0.0",
        "tslib": "^2.5.0"
      },
      "engines": {
        "node": ">=14.0.0"
      }
    },
    "node_modules/@smithy/util-body-length-browser": {
      "version": "2.0.0",
      "resolved": "https://registry.npmjs.org/@smithy/util-body-length-browser/-/util-body-length-browser-2.0.0.tgz",
      "integrity": "sha512-JdDuS4ircJt+FDnaQj88TzZY3+njZ6O+D3uakS32f2VNnDo3vyEuNdBOh/oFd8Df1zSZOuH1HEChk2AOYDezZg==",
      "dev": true,
      "dependencies": {
        "tslib": "^2.5.0"
      }
    },
    "node_modules/@smithy/util-body-length-node": {
      "version": "2.0.0",
      "resolved": "https://registry.npmjs.org/@smithy/util-body-length-node/-/util-body-length-node-2.0.0.tgz",
      "integrity": "sha512-ZV7Z/WHTMxHJe/xL/56qZwSUcl63/5aaPAGjkfynJm4poILjdD4GmFI+V+YWabh2WJIjwTKZ5PNsuvPQKt93Mg==",
      "dev": true,
      "dependencies": {
        "tslib": "^2.5.0"
      },
      "engines": {
        "node": ">=14.0.0"
      }
    },
    "node_modules/@smithy/util-buffer-from": {
      "version": "2.0.0",
      "resolved": "https://registry.npmjs.org/@smithy/util-buffer-from/-/util-buffer-from-2.0.0.tgz",
      "integrity": "sha512-/YNnLoHsR+4W4Vf2wL5lGv0ksg8Bmk3GEGxn2vEQt52AQaPSCuaO5PM5VM7lP1K9qHRKHwrPGktqVoAHKWHxzw==",
      "dev": true,
      "dependencies": {
        "@smithy/is-array-buffer": "^2.0.0",
        "tslib": "^2.5.0"
      },
      "engines": {
        "node": ">=14.0.0"
      }
    },
    "node_modules/@smithy/util-config-provider": {
      "version": "2.0.0",
      "resolved": "https://registry.npmjs.org/@smithy/util-config-provider/-/util-config-provider-2.0.0.tgz",
      "integrity": "sha512-xCQ6UapcIWKxXHEU4Mcs2s7LcFQRiU3XEluM2WcCjjBtQkUN71Tb+ydGmJFPxMUrW/GWMgQEEGipLym4XG0jZg==",
      "dev": true,
      "dependencies": {
        "tslib": "^2.5.0"
      },
      "engines": {
        "node": ">=14.0.0"
      }
    },
    "node_modules/@smithy/util-defaults-mode-browser": {
      "version": "2.0.3",
      "resolved": "https://registry.npmjs.org/@smithy/util-defaults-mode-browser/-/util-defaults-mode-browser-2.0.3.tgz",
      "integrity": "sha512-t9cirP55wYeSfDjjvPHSjNiuZj3wc9W3W3fjLXaVzuKKlKX98B9Vj7QM9WHJnFjJdsrYEwolLA8GVdqZeHOkHg==",
      "dev": true,
      "dependencies": {
        "@smithy/property-provider": "^2.0.3",
        "@smithy/types": "^2.2.0",
        "bowser": "^2.11.0",
        "tslib": "^2.5.0"
      },
      "engines": {
        "node": ">= 10.0.0"
      }
    },
    "node_modules/@smithy/util-defaults-mode-node": {
      "version": "2.0.3",
      "resolved": "https://registry.npmjs.org/@smithy/util-defaults-mode-node/-/util-defaults-mode-node-2.0.3.tgz",
      "integrity": "sha512-Gca+fL0h+tl8cbvoLDMWCVzs1CL4jWLWvz/I6MCYZzaEAKkmd1qO4kPzBeGaI6hGA/IbrlWCFg7L+MTPzLwzfg==",
      "dev": true,
      "dependencies": {
        "@smithy/config-resolver": "^2.0.3",
        "@smithy/credential-provider-imds": "^2.0.3",
        "@smithy/node-config-provider": "^2.0.3",
        "@smithy/property-provider": "^2.0.3",
        "@smithy/types": "^2.2.0",
        "tslib": "^2.5.0"
      },
      "engines": {
        "node": ">= 10.0.0"
      }
    },
    "node_modules/@smithy/util-hex-encoding": {
      "version": "2.0.0",
      "resolved": "https://registry.npmjs.org/@smithy/util-hex-encoding/-/util-hex-encoding-2.0.0.tgz",
      "integrity": "sha512-c5xY+NUnFqG6d7HFh1IFfrm3mGl29lC+vF+geHv4ToiuJCBmIfzx6IeHLg+OgRdPFKDXIw6pvi+p3CsscaMcMA==",
      "dev": true,
      "dependencies": {
        "tslib": "^2.5.0"
      },
      "engines": {
        "node": ">=14.0.0"
      }
    },
    "node_modules/@smithy/util-middleware": {
      "version": "2.0.0",
      "resolved": "https://registry.npmjs.org/@smithy/util-middleware/-/util-middleware-2.0.0.tgz",
      "integrity": "sha512-eCWX4ECuDHn1wuyyDdGdUWnT4OGyIzV0LN1xRttBFMPI9Ff/4heSHVxneyiMtOB//zpXWCha1/SWHJOZstG7kA==",
      "dev": true,
      "dependencies": {
        "tslib": "^2.5.0"
      },
      "engines": {
        "node": ">=14.0.0"
      }
    },
    "node_modules/@smithy/util-retry": {
      "version": "2.0.0",
      "resolved": "https://registry.npmjs.org/@smithy/util-retry/-/util-retry-2.0.0.tgz",
      "integrity": "sha512-/dvJ8afrElasuiiIttRJeoS2sy8YXpksQwiM/TcepqdRVp7u4ejd9C4IQURHNjlfPUT7Y6lCDSa2zQJbdHhVTg==",
      "dev": true,
      "dependencies": {
        "@smithy/service-error-classification": "^2.0.0",
        "tslib": "^2.5.0"
      },
      "engines": {
        "node": ">= 14.0.0"
      }
    },
    "node_modules/@smithy/util-stream": {
      "version": "2.0.3",
      "resolved": "https://registry.npmjs.org/@smithy/util-stream/-/util-stream-2.0.3.tgz",
      "integrity": "sha512-+8n2vIyp6o9KHGey0PoGatcDthwVb7C/EzWfqojXrHhZOXy6l+hnWlfoF8zVerKYH2CUtravdJKRTy7vdkOXfQ==",
      "dev": true,
      "dependencies": {
        "@smithy/fetch-http-handler": "^2.0.3",
        "@smithy/node-http-handler": "^2.0.3",
        "@smithy/types": "^2.2.0",
        "@smithy/util-base64": "^2.0.0",
        "@smithy/util-buffer-from": "^2.0.0",
        "@smithy/util-hex-encoding": "^2.0.0",
        "@smithy/util-utf8": "^2.0.0",
        "tslib": "^2.5.0"
      },
      "engines": {
        "node": ">=14.0.0"
      }
    },
    "node_modules/@smithy/util-uri-escape": {
      "version": "2.0.0",
      "resolved": "https://registry.npmjs.org/@smithy/util-uri-escape/-/util-uri-escape-2.0.0.tgz",
      "integrity": "sha512-ebkxsqinSdEooQduuk9CbKcI+wheijxEb3utGXkCoYQkJnwTnLbH1JXGimJtUkQwNQbsbuYwG2+aFVyZf5TLaw==",
      "dev": true,
      "dependencies": {
        "tslib": "^2.5.0"
      },
      "engines": {
        "node": ">=14.0.0"
      }
    },
    "node_modules/@smithy/util-utf8": {
      "version": "2.0.0",
      "resolved": "https://registry.npmjs.org/@smithy/util-utf8/-/util-utf8-2.0.0.tgz",
      "integrity": "sha512-rctU1VkziY84n5OXe3bPNpKR001ZCME2JCaBBFgtiM2hfKbHFudc/BkMuPab8hRbLd0j3vbnBTTZ1igBf0wgiQ==",
      "dev": true,
      "dependencies": {
        "@smithy/util-buffer-from": "^2.0.0",
        "tslib": "^2.5.0"
      },
      "engines": {
        "node": ">=14.0.0"
      }
    },
    "node_modules/bowser": {
      "version": "2.11.0",
      "resolved": "https://registry.npmjs.org/bowser/-/bowser-2.11.0.tgz",
      "integrity": "sha512-AlcaJBi/pqqJBIQ8U9Mcpc9i8Aqxn88Skv5d+xBX006BY5u8N3mGLHa5Lgppa7L/HfwgwLgZ6NYs+Ag6uUmJRA==",
      "dev": true,
      "license": "MIT"
    },
    "node_modules/strnum": {
      "version": "1.0.5",
      "resolved": "https://registry.npmjs.org/strnum/-/strnum-1.0.5.tgz",
      "integrity": "sha512-J8bbNyKKXl5qYcR36TIO8W3mVGVHrmmxsd5PAItGkmyzwJvybiw2IVq5nqd0i4LSNSkB/sx9VHllbfFdr9k1JA==",
      "dev": true,
      "license": "MIT"
    },
    "node_modules/tslib": {
      "version": "2.5.0",
      "resolved": "https://registry.npmjs.org/tslib/-/tslib-2.5.0.tgz",
      "integrity": "sha512-336iVw3rtn2BUK7ORdIAHTyxHGRIHVReokCR3XjbckJMK7ms8FysBfhLR8IXnAgy7T0PTPNBWKiH514FOW/WSg==",
      "dev": true,
      "license": "0BSD"
    },
    "node_modules/uuid": {
      "version": "8.3.2",
      "resolved": "https://registry.npmjs.org/uuid/-/uuid-8.3.2.tgz",
      "integrity": "sha512-+NYs2QeMWy+GWFOEm9xnn6HCDp0l7QBD7ml8zLUmJ+93Q5NF0NocErnwkTkXVFNiX3/fpC6afS8Dhb/gz7R7eg==",
      "dev": true,
      "license": "MIT",
      "bin": {
        "uuid": "dist/bin/uuid"
      }
    }
  }
}
