# THIS IS AN AUTOGENERATED FILE. DO NOT EDIT THIS FILE DIRECTLY.
# yarn lockfile v1


"@aws-crypto/crc32@3.0.0":
  version "3.0.0"
  resolved "https://registry.yarnpkg.com/@aws-crypto/crc32/-/crc32-3.0.0.tgz#07300eca214409c33e3ff769cd5697b57fdd38fa"
  integrity sha512-IzSgsrxUcsrejQbPVilIKy16kAT52EwB6zSaI+M3xxIhKh5+aldEyvI+z6erM7TCLB2BJsFrtHjp6/4/sr+3dA==
  dependencies:
    "@aws-crypto/util" "^3.0.0"
    "@aws-sdk/types" "^3.222.0"
    tslib "^1.11.1"

"@aws-crypto/ie11-detection@^3.0.0":
  version "3.0.0"
  resolved "https://registry.yarnpkg.com/@aws-crypto/ie11-detection/-/ie11-detection-3.0.0.tgz#640ae66b4ec3395cee6a8e94ebcd9f80c24cd688"
  integrity sha512-341lBBkiY1DfDNKai/wXM3aujNBkXR7tq1URPQDL9wi3AUbI80NR74uF1TXHMm7po1AcnFk8iu2S2IeU/+/A+Q==
  dependencies:
    tslib "^1.11.1"

"@aws-crypto/sha256-browser@3.0.0":
  version "3.0.0"
  resolved "https://registry.yarnpkg.com/@aws-crypto/sha256-browser/-/sha256-browser-3.0.0.tgz#05f160138ab893f1c6ba5be57cfd108f05827766"
  integrity sha512-8VLmW2B+gjFbU5uMeqtQM6Nj0/F1bro80xQXCW6CQBWgosFWXTx77aeOF5CAIAmbOK64SdMBJdNr6J41yP5mvQ==
  dependencies:
    "@aws-crypto/ie11-detection" "^3.0.0"
    "@aws-crypto/sha256-js" "^3.0.0"
    "@aws-crypto/supports-web-crypto" "^3.0.0"
    "@aws-crypto/util" "^3.0.0"
    "@aws-sdk/types" "^3.222.0"
    "@aws-sdk/util-locate-window" "^3.0.0"
    "@aws-sdk/util-utf8-browser" "^3.0.0"
    tslib "^1.11.1"

"@aws-crypto/sha256-js@3.0.0", "@aws-crypto/sha256-js@^3.0.0":
  version "3.0.0"
  resolved "https://registry.yarnpkg.com/@aws-crypto/sha256-js/-/sha256-js-3.0.0.tgz#f06b84d550d25521e60d2a0e2a90139341e007c2"
  integrity sha512-PnNN7os0+yd1XvXAy23CFOmTbMaDxgxXtTKHybrJ39Y8kGzBATgBFibWJKH6BhytLI/Zyszs87xCOBNyBig6vQ==
  dependencies:
    "@aws-crypto/util" "^3.0.0"
    "@aws-sdk/types" "^3.222.0"
    tslib "^1.11.1"

"@aws-crypto/supports-web-crypto@^3.0.0":
  version "3.0.0"
  resolved "https://registry.yarnpkg.com/@aws-crypto/supports-web-crypto/-/supports-web-crypto-3.0.0.tgz#5d1bf825afa8072af2717c3e455f35cda0103ec2"
  integrity sha512-06hBdMwUAb2WFTuGG73LSC0wfPu93xWwo5vL2et9eymgmu3Id5vFAHBbajVWiGhPO37qcsdCap/FqXvJGJWPIg==
  dependencies:
    tslib "^1.11.1"

"@aws-crypto/util@^3.0.0":
  version "3.0.0"
  resolved "https://registry.yarnpkg.com/@aws-crypto/util/-/util-3.0.0.tgz#1c7ca90c29293f0883468ad48117937f0fe5bfb0"
  integrity sha512-2OJlpeJpCR48CC8r+uKVChzs9Iungj9wkZrl8Z041DWEWvyIHILYKCPNzJghKsivj+S3mLo6BVc7mBNzdxA46w==
  dependencies:
    "@aws-sdk/types" "^3.222.0"
    "@aws-sdk/util-utf8-browser" "^3.0.0"
    tslib "^1.11.1"

"@aws-sdk/client-dynamodb@^3.145.0":
  version "3.484.0"
  resolved "https://registry.yarnpkg.com/@aws-sdk/client-dynamodb/-/client-dynamodb-3.484.0.tgz#11e0c26f1c87dc5cd62de663ff00eefe91f81282"
  integrity sha512-yCOzitHeeSbauH5LK0SZF4wgpYzfOBiRU8gHp75Xs+kG8QT+kBmtsjoaa6tmtvtCgqWgujuFqv7Gzd2GEePEgw==
  dependencies:
    "@aws-crypto/sha256-browser" "3.0.0"
    "@aws-crypto/sha256-js" "3.0.0"
    "@aws-sdk/client-sts" "3.484.0"
    "@aws-sdk/core" "3.481.0"
    "@aws-sdk/credential-provider-node" "3.484.0"
    "@aws-sdk/middleware-endpoint-discovery" "3.470.0"
    "@aws-sdk/middleware-host-header" "3.468.0"
    "@aws-sdk/middleware-logger" "3.468.0"
    "@aws-sdk/middleware-recursion-detection" "3.468.0"
    "@aws-sdk/middleware-user-agent" "3.478.0"
    "@aws-sdk/region-config-resolver" "3.484.0"
    "@aws-sdk/types" "3.468.0"
    "@aws-sdk/util-endpoints" "3.478.0"
    "@aws-sdk/util-user-agent-browser" "3.468.0"
    "@aws-sdk/util-user-agent-node" "3.470.0"
    "@smithy/config-resolver" "^2.0.22"
    "@smithy/core" "^1.2.1"
    "@smithy/fetch-http-handler" "^2.3.1"
    "@smithy/hash-node" "^2.0.17"
    "@smithy/invalid-dependency" "^2.0.15"
    "@smithy/middleware-content-length" "^2.0.17"
    "@smithy/middleware-endpoint" "^2.2.3"
    "@smithy/middleware-retry" "^2.0.25"
    "@smithy/middleware-serde" "^2.0.15"
    "@smithy/middleware-stack" "^2.0.9"
    "@smithy/node-config-provider" "^2.1.8"
    "@smithy/node-http-handler" "^2.2.1"
    "@smithy/protocol-http" "^3.0.11"
    "@smithy/smithy-client" "^2.2.0"
    "@smithy/types" "^2.7.0"
    "@smithy/url-parser" "^2.0.15"
    "@smithy/util-base64" "^2.0.1"
    "@smithy/util-body-length-browser" "^2.0.1"
    "@smithy/util-body-length-node" "^2.1.0"
    "@smithy/util-defaults-mode-browser" "^2.0.23"
    "@smithy/util-defaults-mode-node" "^2.0.31"
    "@smithy/util-endpoints" "^1.0.7"
    "@smithy/util-middleware" "^2.0.8"
    "@smithy/util-retry" "^2.0.8"
    "@smithy/util-utf8" "^2.0.2"
    "@smithy/util-waiter" "^2.0.15"
    tslib "^2.5.0"
    uuid "^8.3.2"

"@aws-sdk/client-sso@3.484.0":
  version "3.484.0"
  resolved "https://registry.yarnpkg.com/@aws-sdk/client-sso/-/client-sso-3.484.0.tgz#3fffe4229c0883286c08f60f1fc5d83f1a989e7d"
  integrity sha512-eHKXDHqgPt99977hNissa1y/efwXZ9kg3EKPLK13b6VzTC8s0+Ih+YZemNE22ahw6SYnRiGglYdkdypJ/uPHkg==
  dependencies:
    "@aws-crypto/sha256-browser" "3.0.0"
    "@aws-crypto/sha256-js" "3.0.0"
    "@aws-sdk/core" "3.481.0"
    "@aws-sdk/middleware-host-header" "3.468.0"
    "@aws-sdk/middleware-logger" "3.468.0"
    "@aws-sdk/middleware-recursion-detection" "3.468.0"
    "@aws-sdk/middleware-user-agent" "3.478.0"
    "@aws-sdk/region-config-resolver" "3.484.0"
    "@aws-sdk/types" "3.468.0"
    "@aws-sdk/util-endpoints" "3.478.0"
    "@aws-sdk/util-user-agent-browser" "3.468.0"
    "@aws-sdk/util-user-agent-node" "3.470.0"
    "@smithy/config-resolver" "^2.0.22"
    "@smithy/core" "^1.2.1"
    "@smithy/fetch-http-handler" "^2.3.1"
    "@smithy/hash-node" "^2.0.17"
    "@smithy/invalid-dependency" "^2.0.15"
    "@smithy/middleware-content-length" "^2.0.17"
    "@smithy/middleware-endpoint" "^2.2.3"
    "@smithy/middleware-retry" "^2.0.25"
    "@smithy/middleware-serde" "^2.0.15"
    "@smithy/middleware-stack" "^2.0.9"
    "@smithy/node-config-provider" "^2.1.8"
    "@smithy/node-http-handler" "^2.2.1"
    "@smithy/protocol-http" "^3.0.11"
    "@smithy/smithy-client" "^2.2.0"
    "@smithy/types" "^2.7.0"
    "@smithy/url-parser" "^2.0.15"
    "@smithy/util-base64" "^2.0.1"
    "@smithy/util-body-length-browser" "^2.0.1"
    "@smithy/util-body-length-node" "^2.1.0"
    "@smithy/util-defaults-mode-browser" "^2.0.23"
    "@smithy/util-defaults-mode-node" "^2.0.31"
    "@smithy/util-endpoints" "^1.0.7"
    "@smithy/util-retry" "^2.0.8"
    "@smithy/util-utf8" "^2.0.2"
    tslib "^2.5.0"

"@aws-sdk/client-sts@3.484.0":
  version "3.484.0"
  resolved "https://registry.yarnpkg.com/@aws-sdk/client-sts/-/client-sts-3.484.0.tgz#57f84be8f0acf7b4fcbb666197282fcc1a04da97"
  integrity sha512-psQxH0mYhTVvZhfca3s9NbXgnuOM8l+5LtF7fZBF5y4xaPpfAPicPWp6po69J3ynwyXi/MpHNXd/13d/L09TTA==
  dependencies:
    "@aws-crypto/sha256-browser" "3.0.0"
    "@aws-crypto/sha256-js" "3.0.0"
    "@aws-sdk/core" "3.481.0"
    "@aws-sdk/credential-provider-node" "3.484.0"
    "@aws-sdk/middleware-host-header" "3.468.0"
    "@aws-sdk/middleware-logger" "3.468.0"
    "@aws-sdk/middleware-recursion-detection" "3.468.0"
    "@aws-sdk/middleware-user-agent" "3.478.0"
    "@aws-sdk/region-config-resolver" "3.484.0"
    "@aws-sdk/types" "3.468.0"
    "@aws-sdk/util-endpoints" "3.478.0"
    "@aws-sdk/util-user-agent-browser" "3.468.0"
    "@aws-sdk/util-user-agent-node" "3.470.0"
    "@smithy/config-resolver" "^2.0.22"
    "@smithy/core" "^1.2.1"
    "@smithy/fetch-http-handler" "^2.3.1"
    "@smithy/hash-node" "^2.0.17"
    "@smithy/invalid-dependency" "^2.0.15"
    "@smithy/middleware-content-length" "^2.0.17"
    "@smithy/middleware-endpoint" "^2.2.3"
    "@smithy/middleware-retry" "^2.0.25"
    "@smithy/middleware-serde" "^2.0.15"
    "@smithy/middleware-stack" "^2.0.9"
    "@smithy/node-config-provider" "^2.1.8"
    "@smithy/node-http-handler" "^2.2.1"
    "@smithy/protocol-http" "^3.0.11"
    "@smithy/smithy-client" "^2.2.0"
    "@smithy/types" "^2.7.0"
    "@smithy/url-parser" "^2.0.15"
    "@smithy/util-base64" "^2.0.1"
    "@smithy/util-body-length-browser" "^2.0.1"
    "@smithy/util-body-length-node" "^2.1.0"
    "@smithy/util-defaults-mode-browser" "^2.0.23"
    "@smithy/util-defaults-mode-node" "^2.0.31"
    "@smithy/util-endpoints" "^1.0.7"
    "@smithy/util-middleware" "^2.0.8"
    "@smithy/util-retry" "^2.0.8"
    "@smithy/util-utf8" "^2.0.2"
    fast-xml-parser "4.2.5"
    tslib "^2.5.0"

"@aws-sdk/core@3.481.0":
  version "3.481.0"
  resolved "https://registry.yarnpkg.com/@aws-sdk/core/-/core-3.481.0.tgz#e0ed1c1e8dc322237f81f0442ba0f8fbb20ef76f"
  integrity sha512-UeyAc2FnWQDts81vPVBWKEj0WagYK4SVAgNfGcg6zCzzqsUG4unr4NPKQoca2L+XOU55yMCy+5l2K6R3YsFGKg==
  dependencies:
    "@smithy/core" "^1.2.1"
    "@smithy/protocol-http" "^3.0.11"
    "@smithy/signature-v4" "^2.0.0"
    "@smithy/smithy-client" "^2.2.0"
    "@smithy/types" "^2.7.0"
    tslib "^2.5.0"

"@aws-sdk/credential-provider-env@3.468.0":
  version "3.468.0"
  resolved "https://registry.yarnpkg.com/@aws-sdk/credential-provider-env/-/credential-provider-env-3.468.0.tgz#4196d717d3f5485af863bd1fd84374ea3dcd6210"
  integrity sha512-k/1WHd3KZn0EQYjadooj53FC0z24/e4dUZhbSKTULgmxyO62pwh9v3Brvw4WRa/8o2wTffU/jo54tf4vGuP/ZA==
  dependencies:
    "@aws-sdk/types" "3.468.0"
    "@smithy/property-provider" "^2.0.0"
    "@smithy/types" "^2.7.0"
    tslib "^2.5.0"

"@aws-sdk/credential-provider-ini@3.484.0":
  version "3.484.0"
  resolved "https://registry.yarnpkg.com/@aws-sdk/credential-provider-ini/-/credential-provider-ini-3.484.0.tgz#558cb307a61afdee942987cc9735969f3d272675"
  integrity sha512-BbvU7seI0RPPwpujnz4LA1lC53Cj4BOSRpYYZbrxA6C7SzW0D/IQBZQP3JBbrxIhqewSROSsYGDjvYbyi5aDEw==
  dependencies:
    "@aws-sdk/credential-provider-env" "3.468.0"
    "@aws-sdk/credential-provider-process" "3.468.0"
    "@aws-sdk/credential-provider-sso" "3.484.0"
    "@aws-sdk/credential-provider-web-identity" "3.468.0"
    "@aws-sdk/types" "3.468.0"
    "@smithy/credential-provider-imds" "^2.0.0"
    "@smithy/property-provider" "^2.0.0"
    "@smithy/shared-ini-file-loader" "^2.0.6"
    "@smithy/types" "^2.7.0"
    tslib "^2.5.0"

"@aws-sdk/credential-provider-node@3.484.0":
  version "3.484.0"
  resolved "https://registry.yarnpkg.com/@aws-sdk/credential-provider-node/-/credential-provider-node-3.484.0.tgz#4b7373724fef95374717e3fc83587ed696c8adbb"
  integrity sha512-Ylqej3FqRwUD3I7929k214LRH1bUz7f2hfV4ZqY7teM9hQC5Ov5SpVtOtLKNfgaaxAkhD2ffMNfmq8TAg824+g==
  dependencies:
    "@aws-sdk/credential-provider-env" "3.468.0"
    "@aws-sdk/credential-provider-ini" "3.484.0"
    "@aws-sdk/credential-provider-process" "3.468.0"
    "@aws-sdk/credential-provider-sso" "3.484.0"
    "@aws-sdk/credential-provider-web-identity" "3.468.0"
    "@aws-sdk/types" "3.468.0"
    "@smithy/credential-provider-imds" "^2.0.0"
    "@smithy/property-provider" "^2.0.0"
    "@smithy/shared-ini-file-loader" "^2.0.6"
    "@smithy/types" "^2.7.0"
    tslib "^2.5.0"

"@aws-sdk/credential-provider-process@3.468.0":
  version "3.468.0"
  resolved "https://registry.yarnpkg.com/@aws-sdk/credential-provider-process/-/credential-provider-process-3.468.0.tgz#770ed72db036c5d011445e5abf4a4bcc4424c486"
  integrity sha512-OYSn1A/UsyPJ7Z8Q2cNhTf55O36shPmSsvOfND04nSfu1nPaR+VUvvsP7v+brhGpwC/GAKTIdGAo4blH31BS6A==
  dependencies:
    "@aws-sdk/types" "3.468.0"
    "@smithy/property-provider" "^2.0.0"
    "@smithy/shared-ini-file-loader" "^2.0.6"
    "@smithy/types" "^2.7.0"
    tslib "^2.5.0"

"@aws-sdk/credential-provider-sso@3.484.0":
  version "3.484.0"
  resolved "https://registry.yarnpkg.com/@aws-sdk/credential-provider-sso/-/credential-provider-sso-3.484.0.tgz#3e639d45c674557c4d2505140ff2d031d2decab7"
  integrity sha512-Fl7+YhrlU2icZkz18z9aj4SiWb2aQlWp5LsVqMfSzTlJFc9yPlD9e7F33gnL7kKLVSnAVxsr5v4y4pFC6FZUSw==
  dependencies:
    "@aws-sdk/client-sso" "3.484.0"
    "@aws-sdk/token-providers" "3.484.0"
    "@aws-sdk/types" "3.468.0"
    "@smithy/property-provider" "^2.0.0"
    "@smithy/shared-ini-file-loader" "^2.0.6"
    "@smithy/types" "^2.7.0"
    tslib "^2.5.0"

"@aws-sdk/credential-provider-web-identity@3.468.0":
  version "3.468.0"
  resolved "https://registry.yarnpkg.com/@aws-sdk/credential-provider-web-identity/-/credential-provider-web-identity-3.468.0.tgz#5befcb593d99a84e16af9e9f285f0d59ed42771f"
  integrity sha512-rexymPmXjtkwCPfhnUq3EjO1rSkf39R4Jz9CqiM7OsqK2qlT5Y/V3gnMKn0ZMXsYaQOMfM3cT5xly5R+OKDHlw==
  dependencies:
    "@aws-sdk/types" "3.468.0"
    "@smithy/property-provider" "^2.0.0"
    "@smithy/types" "^2.7.0"
    tslib "^2.5.0"

"@aws-sdk/endpoint-cache@3.465.0":
  version "3.465.0"
  resolved "https://registry.yarnpkg.com/@aws-sdk/endpoint-cache/-/endpoint-cache-3.465.0.tgz#c1d3d001a69d874b4d397fa5b29599bd4eea9756"
  integrity sha512-0cuotk23hVSrqxHkJ3TTWC9MVMRgwlUvCatyegJEauJnk8kpLSGXE5KVdExlUBwShGNlj7ac29okZ9m17iTi5Q==
  dependencies:
    mnemonist "0.38.3"
    tslib "^2.5.0"

"@aws-sdk/middleware-endpoint-discovery@3.470.0":
  version "3.470.0"
  resolved "https://registry.yarnpkg.com/@aws-sdk/middleware-endpoint-discovery/-/middleware-endpoint-discovery-3.470.0.tgz#7bc25fac1a334b93f6bdba62c740bf0501837422"
  integrity sha512-pN+3Y7W3Xvs6pE2RlkXmO7ugOGLXsGR3zJI/fiGOLoCOGESuM3fq3CXdasOl76wch0L9iB1lPmoHMabkxKugGQ==
  dependencies:
    "@aws-sdk/endpoint-cache" "3.465.0"
    "@aws-sdk/types" "3.468.0"
    "@smithy/node-config-provider" "^2.1.8"
    "@smithy/protocol-http" "^3.0.11"
    "@smithy/types" "^2.7.0"
    tslib "^2.5.0"

"@aws-sdk/middleware-host-header@3.468.0":
  version "3.468.0"
  resolved "https://registry.yarnpkg.com/@aws-sdk/middleware-host-header/-/middleware-host-header-3.468.0.tgz#6da7b19032e9afccea54fbf8aa10cccd2f817bcf"
  integrity sha512-gwQ+/QhX+lhof304r6zbZ/V5l5cjhGRxLL3CjH1uJPMcOAbw9wUlMdl+ibr8UwBZ5elfKFGiB1cdW/0uMchw0w==
  dependencies:
    "@aws-sdk/types" "3.468.0"
    "@smithy/protocol-http" "^3.0.11"
    "@smithy/types" "^2.7.0"
    tslib "^2.5.0"

"@aws-sdk/middleware-logger@3.468.0":
  version "3.468.0"
  resolved "https://registry.yarnpkg.com/@aws-sdk/middleware-logger/-/middleware-logger-3.468.0.tgz#a1883fb7ad8e156444d30689de4ab897357ef1d8"
  integrity sha512-X5XHKV7DHRXI3f29SAhJPe/OxWRFgDWDMMCALfzhmJfCi6Jfh0M14cJKoC+nl+dk9lB+36+jKjhjETZaL2bPlA==
  dependencies:
    "@aws-sdk/types" "3.468.0"
    "@smithy/types" "^2.7.0"
    tslib "^2.5.0"

"@aws-sdk/middleware-recursion-detection@3.468.0":
  version "3.468.0"
  resolved "https://registry.yarnpkg.com/@aws-sdk/middleware-recursion-detection/-/middleware-recursion-detection-3.468.0.tgz#85b05636a5c2638bf9e15c8b6be17654757e1bf4"
  integrity sha512-vch9IQib2Ng9ucSyRW2eKNQXHUPb5jUPCLA5otTW/8nGjcOU37LxQG4WrxO7uaJ9Oe8hjHO+hViE3P0KISUhtA==
  dependencies:
    "@aws-sdk/types" "3.468.0"
    "@smithy/protocol-http" "^3.0.11"
    "@smithy/types" "^2.7.0"
    tslib "^2.5.0"

"@aws-sdk/middleware-user-agent@3.478.0":
  version "3.478.0"
  resolved "https://registry.yarnpkg.com/@aws-sdk/middleware-user-agent/-/middleware-user-agent-3.478.0.tgz#5b98d02ccaa8db880fb59096e5389960c4262fbe"
  integrity sha512-Rec+nAPIzzwxgHPW+xqY6tooJGFOytpYg/xSRv8/IXl3xKGhmpMGs6gDWzmMBv/qy5nKTvLph/csNWJ98GWXCw==
  dependencies:
    "@aws-sdk/types" "3.468.0"
    "@aws-sdk/util-endpoints" "3.478.0"
    "@smithy/protocol-http" "^3.0.11"
    "@smithy/types" "^2.7.0"
    tslib "^2.5.0"

"@aws-sdk/region-config-resolver@3.484.0":
  version "3.484.0"
  resolved "https://registry.yarnpkg.com/@aws-sdk/region-config-resolver/-/region-config-resolver-3.484.0.tgz#fb480b68a3c1b2bddf1c67eecf8b8966114179f7"
  integrity sha512-qfYSwSIc9GasHFrJidydlQE433mB93d31dfypFWhrJPXRv1fhopO72NSfsY2WCcbaRkADc4AajLZFly4J96abw==
  dependencies:
    "@smithy/node-config-provider" "^2.1.8"
    "@smithy/types" "^2.7.0"
    "@smithy/util-config-provider" "^2.1.0"
    "@smithy/util-middleware" "^2.0.8"
    tslib "^2.5.0"

"@aws-sdk/token-providers@3.484.0":
  version "3.484.0"
  resolved "https://registry.yarnpkg.com/@aws-sdk/token-providers/-/token-providers-3.484.0.tgz#68ee9b3e99a0fac943963e81340fee555e10e3c9"
  integrity sha512-9Eb7X0sNhJANfYCeEYWCvfeD4shMZEse3YUz5EALzbpzi/So56ZaeA/lWWeh0fkYiByq74eA2QkC/tXZkHw6EQ==
  dependencies:
    "@aws-crypto/sha256-browser" "3.0.0"
    "@aws-crypto/sha256-js" "3.0.0"
    "@aws-sdk/middleware-host-header" "3.468.0"
    "@aws-sdk/middleware-logger" "3.468.0"
    "@aws-sdk/middleware-recursion-detection" "3.468.0"
    "@aws-sdk/middleware-user-agent" "3.478.0"
    "@aws-sdk/region-config-resolver" "3.484.0"
    "@aws-sdk/types" "3.468.0"
    "@aws-sdk/util-endpoints" "3.478.0"
    "@aws-sdk/util-user-agent-browser" "3.468.0"
    "@aws-sdk/util-user-agent-node" "3.470.0"
    "@smithy/config-resolver" "^2.0.22"
    "@smithy/fetch-http-handler" "^2.3.1"
    "@smithy/hash-node" "^2.0.17"
    "@smithy/invalid-dependency" "^2.0.15"
    "@smithy/middleware-content-length" "^2.0.17"
    "@smithy/middleware-endpoint" "^2.2.3"
    "@smithy/middleware-retry" "^2.0.25"
    "@smithy/middleware-serde" "^2.0.15"
    "@smithy/middleware-stack" "^2.0.9"
    "@smithy/node-config-provider" "^2.1.8"
    "@smithy/node-http-handler" "^2.2.1"
    "@smithy/property-provider" "^2.0.0"
    "@smithy/protocol-http" "^3.0.11"
    "@smithy/shared-ini-file-loader" "^2.0.6"
    "@smithy/smithy-client" "^2.2.0"
    "@smithy/types" "^2.7.0"
    "@smithy/url-parser" "^2.0.15"
    "@smithy/util-base64" "^2.0.1"
    "@smithy/util-body-length-browser" "^2.0.1"
    "@smithy/util-body-length-node" "^2.1.0"
    "@smithy/util-defaults-mode-browser" "^2.0.23"
    "@smithy/util-defaults-mode-node" "^2.0.31"
    "@smithy/util-endpoints" "^1.0.7"
    "@smithy/util-retry" "^2.0.8"
    "@smithy/util-utf8" "^2.0.2"
    tslib "^2.5.0"

"@aws-sdk/types@3.468.0", "@aws-sdk/types@^3.222.0":
  version "3.468.0"
  resolved "https://registry.yarnpkg.com/@aws-sdk/types/-/types-3.468.0.tgz#f97b34fc92a800d1d8b866f47693ae8f3d46517b"
  integrity sha512-rx/9uHI4inRbp2tw3Y4Ih4PNZkVj32h7WneSg3MVgVjAoVD5Zti9KhS5hkvsBxfgmQmg0AQbE+b1sy5WGAgntA==
  dependencies:
    "@smithy/types" "^2.7.0"
    tslib "^2.5.0"

"@aws-sdk/util-endpoints@3.478.0":
  version "3.478.0"
  resolved "https://registry.yarnpkg.com/@aws-sdk/util-endpoints/-/util-endpoints-3.478.0.tgz#d39c5667f22a7cbd2af93cdd6d883d25ef84e374"
  integrity sha512-u9Mcg3euGJGs5clPt9mBuhBjHiEKiD0PnfvArhfq9i+dcY5mbCq/i1Dezp3iv1fZH9xxQt7hPXDfSpt1yUSM6g==
  dependencies:
    "@aws-sdk/types" "3.468.0"
    "@smithy/util-endpoints" "^1.0.7"
    tslib "^2.5.0"

"@aws-sdk/util-locate-window@^3.0.0":
  version "3.208.0"
  resolved "https://registry.yarnpkg.com/@aws-sdk/util-locate-window/-/util-locate-window-3.208.0.tgz#0f598fc238a1256e4bcb64d01459f03a922dd4c3"
  integrity sha512-iua1A2+P7JJEDHVgvXrRJSvsnzG7stYSGQnBVphIUlemwl6nN5D+QrgbjECtrbxRz8asYFHSzhdhECqN+tFiBg==
  dependencies:
    tslib "^2.3.1"

"@aws-sdk/util-user-agent-browser@3.468.0":
  version "3.468.0"
  resolved "https://registry.yarnpkg.com/@aws-sdk/util-user-agent-browser/-/util-user-agent-browser-3.468.0.tgz#095caecb3fd75104ee38ae81ed78821de0f58e28"
  integrity sha512-OJyhWWsDEizR3L+dCgMXSUmaCywkiZ7HSbnQytbeKGwokIhD69HTiJcibF/sgcM5gk4k3Mq3puUhGnEZ46GIig==
  dependencies:
    "@aws-sdk/types" "3.468.0"
    "@smithy/types" "^2.7.0"
    bowser "^2.11.0"
    tslib "^2.5.0"

"@aws-sdk/util-user-agent-node@3.470.0":
  version "3.470.0"
  resolved "https://registry.yarnpkg.com/@aws-sdk/util-user-agent-node/-/util-user-agent-node-3.470.0.tgz#b78605f336859d6c3b5f573cff931ce41f83a27d"
  integrity sha512-QxsZ9iVHcBB/XRdYvwfM5AMvNp58HfqkIrH88mY0cmxuvtlIGDfWjczdDrZMJk9y0vIq+cuoCHsGXHu7PyiEAQ==
  dependencies:
    "@aws-sdk/types" "3.468.0"
    "@smithy/node-config-provider" "^2.1.8"
    "@smithy/types" "^2.7.0"
    tslib "^2.5.0"

"@aws-sdk/util-utf8-browser@^3.0.0":
  version "3.259.0"
  resolved "https://registry.yarnpkg.com/@aws-sdk/util-utf8-browser/-/util-utf8-browser-3.259.0.tgz#3275a6f5eb334f96ca76635b961d3c50259fd9ff"
  integrity sha512-UvFa/vR+e19XookZF8RzFZBrw2EUkQWxiBW0yYQAhvk3C+QVGl0H3ouca8LDBlBfQKXwmW3huo/59H8rwb1wJw==
  dependencies:
    tslib "^2.3.1"

"@octokit/auth-token@^4.0.0":
  version "4.0.0"
  resolved "https://registry.yarnpkg.com/@octokit/auth-token/-/auth-token-4.0.0.tgz#40d203ea827b9f17f42a29c6afb93b7745ef80c7"
  integrity sha512-tY/msAuJo6ARbK6SPIxZrPBms3xPbfwBrulZe0Wtr/DIY9lje2HeV1uoebShn6mx7SjCHif6EjMvoREj+gZ+SA==

"@octokit/core@^5.0.0":
  version "5.0.0"
  resolved "https://registry.yarnpkg.com/@octokit/core/-/core-5.0.0.tgz#0fc2b6eb88437e5c1d69f756a5dcee7472d2b2dd"
  integrity sha512-YbAtMWIrbZ9FCXbLwT9wWB8TyLjq9mxpKdgB3dUNxQcIVTf9hJ70gRPwAcqGZdY6WdJPZ0I7jLaaNDCiloGN2A==
  dependencies:
    "@octokit/auth-token" "^4.0.0"
    "@octokit/graphql" "^7.0.0"
    "@octokit/request" "^8.0.2"
    "@octokit/request-error" "^5.0.0"
    "@octokit/types" "^11.0.0"
    before-after-hook "^2.2.0"
    universal-user-agent "^6.0.0"

"@octokit/endpoint@^9.0.0":
  version "9.0.0"
  resolved "https://registry.yarnpkg.com/@octokit/endpoint/-/endpoint-9.0.0.tgz#c5ce19c74b999b85af9a8a189275c80faa3e90fd"
  integrity sha512-szrQhiqJ88gghWY2Htt8MqUDO6++E/EIXqJ2ZEp5ma3uGS46o7LZAzSLt49myB7rT+Hfw5Y6gO3LmOxGzHijAQ==
  dependencies:
    "@octokit/types" "^11.0.0"
    is-plain-object "^5.0.0"
    universal-user-agent "^6.0.0"

"@octokit/graphql@^7.0.0":
  version "7.0.1"
  resolved "https://registry.yarnpkg.com/@octokit/graphql/-/graphql-7.0.1.tgz#f2291620e17cdaa8115f8d0cdfc0644789ec2db2"
  integrity sha512-T5S3oZ1JOE58gom6MIcrgwZXzTaxRnxBso58xhozxHpOqSTgDS6YNeEUvZ/kRvXgPrRz/KHnZhtb7jUMRi9E6w==
  dependencies:
    "@octokit/request" "^8.0.1"
    "@octokit/types" "^11.0.0"
    universal-user-agent "^6.0.0"

"@octokit/openapi-types@^18.0.0":
  version "18.0.0"
  resolved "https://registry.yarnpkg.com/@octokit/openapi-types/-/openapi-types-18.0.0.tgz#f43d765b3c7533fd6fb88f3f25df079c24fccf69"
  integrity sha512-V8GImKs3TeQRxRtXFpG2wl19V7444NIOTDF24AWuIbmNaNYOQMWRbjcGDXV5B+0n887fgDcuMNOmlul+k+oJtw==

"@octokit/openapi-types@^19.0.0":
  version "19.0.0"
  resolved "https://registry.yarnpkg.com/@octokit/openapi-types/-/openapi-types-19.0.0.tgz#0101bf62ab14c1946149a0f8385440963e1253c4"
  integrity sha512-PclQ6JGMTE9iUStpzMkwLCISFn/wDeRjkZFIKALpvJQNBGwDoYYi2fFvuHwssoQ1rXI5mfh6jgTgWuddeUzfWw==

"@octokit/plugin-paginate-rest@^9.0.0":
  version "9.0.0"
  resolved "https://registry.yarnpkg.com/@octokit/plugin-paginate-rest/-/plugin-paginate-rest-9.0.0.tgz#21fd12816c2dc158a775ed20be5abcbc61052a46"
  integrity sha512-oIJzCpttmBTlEhBmRvb+b9rlnGpmFgDtZ0bB6nq39qIod6A5DP+7RkVLMOixIgRCYSHDTeayWqmiJ2SZ6xgfdw==
  dependencies:
    "@octokit/types" "^12.0.0"

"@octokit/plugin-request-log@^4.0.0":
  version "4.0.0"
  resolved "https://registry.yarnpkg.com/@octokit/plugin-request-log/-/plugin-request-log-4.0.0.tgz#260fa6970aa97bbcbd91f99f3cd812e2b285c9f1"
  integrity sha512-2uJI1COtYCq8Z4yNSnM231TgH50bRkheQ9+aH8TnZanB6QilOnx8RMD2qsnamSOXtDj0ilxvevf5fGsBhBBzKA==

"@octokit/plugin-rest-endpoint-methods@^10.0.0":
  version "10.0.0"
  resolved "https://registry.yarnpkg.com/@octokit/plugin-rest-endpoint-methods/-/plugin-rest-endpoint-methods-10.0.0.tgz#040b36d6a15d4c7c534b0f44050051225f884cae"
  integrity sha512-16VkwE2v6rXU+/gBsYC62M8lKWOphY5Lg4wpjYnVE9Zbu0J6IwiT5kILoj1YOB53XLmcJR+Nqp8DmifOPY4H3g==
  dependencies:
    "@octokit/types" "^12.0.0"

"@octokit/request-error@^5.0.0":
  version "5.0.0"
  resolved "https://registry.yarnpkg.com/@octokit/request-error/-/request-error-5.0.0.tgz#060c5770833f9d563ad9a49fec6650c41584bc40"
  integrity sha512-1ue0DH0Lif5iEqT52+Rf/hf0RmGO9NWFjrzmrkArpG9trFfDM/efx00BJHdLGuro4BR/gECxCU2Twf5OKrRFsQ==
  dependencies:
    "@octokit/types" "^11.0.0"
    deprecation "^2.0.0"
    once "^1.4.0"

"@octokit/request@^8.0.1", "@octokit/request@^8.0.2":
  version "8.1.1"
  resolved "https://registry.yarnpkg.com/@octokit/request/-/request-8.1.1.tgz#23b4d3f164e973f4c1a0f24f68256f1646c00620"
  integrity sha512-8N+tdUz4aCqQmXl8FpHYfKG9GelDFd7XGVzyN8rc6WxVlYcfpHECnuRkgquzz+WzvHTK62co5di8gSXnzASZPQ==
  dependencies:
    "@octokit/endpoint" "^9.0.0"
    "@octokit/request-error" "^5.0.0"
    "@octokit/types" "^11.1.0"
    is-plain-object "^5.0.0"
    universal-user-agent "^6.0.0"

"@octokit/rest@^20.0.1":
  version "20.0.2"
  resolved "https://registry.yarnpkg.com/@octokit/rest/-/rest-20.0.2.tgz#5cc8871ba01b14604439049e5f06c74b45c99594"
  integrity sha512-Ux8NDgEraQ/DMAU1PlAohyfBBXDwhnX2j33Z1nJNziqAfHi70PuxkFYIcIt8aIAxtRE7KVuKp8lSR8pA0J5iOQ==
  dependencies:
    "@octokit/core" "^5.0.0"
    "@octokit/plugin-paginate-rest" "^9.0.0"
    "@octokit/plugin-request-log" "^4.0.0"
    "@octokit/plugin-rest-endpoint-methods" "^10.0.0"

"@octokit/types@^11.0.0", "@octokit/types@^11.1.0":
  version "11.1.0"
  resolved "https://registry.yarnpkg.com/@octokit/types/-/types-11.1.0.tgz#9e5db741d582b05718a4d91bac8cc987def235ea"
  integrity sha512-Fz0+7GyLm/bHt8fwEqgvRBWwIV1S6wRRyq+V6exRKLVWaKGsuy6H9QFYeBVDV7rK6fO3XwHgQOPxv+cLj2zpXQ==
  dependencies:
    "@octokit/openapi-types" "^18.0.0"

"@octokit/types@^12.0.0":
  version "12.0.0"
  resolved "https://registry.yarnpkg.com/@octokit/types/-/types-12.0.0.tgz#6b34309288b6f5ac9761d2589e3165cde1b95fee"
  integrity sha512-EzD434aHTFifGudYAygnFlS1Tl6KhbTynEWELQXIbTY8Msvb5nEqTZIm7sbPEt4mQYLZwu3zPKVdeIrw0g7ovg==
  dependencies:
    "@octokit/openapi-types" "^19.0.0"

"@smithy/abort-controller@^2.0.15":
  version "2.0.15"
  resolved "https://registry.yarnpkg.com/@smithy/abort-controller/-/abort-controller-2.0.15.tgz#fcec9193da8b86eef1eedc3e71139a99c061db32"
  integrity sha512-JkS36PIS3/UCbq/MaozzV7jECeL+BTt4R75bwY8i+4RASys4xOyUS1HsRyUNSqUXFP4QyCz5aNnh3ltuaxv+pw==
  dependencies:
    "@smithy/types" "^2.7.0"
    tslib "^2.5.0"

"@smithy/config-resolver@^2.0.22":
  version "2.0.22"
  resolved "https://registry.yarnpkg.com/@smithy/config-resolver/-/config-resolver-2.0.22.tgz#c994a7d09d3c6f9e9a97a029db2ae16a8fbb0838"
  integrity sha512-YuPjsLnq6I5ZQBTx6BL5NsCLtcLel5YIMf3gDeEa+GSCXn5mgRXm+8XO8HtjR3Xf69b88aY4c7bwKQQS2i8vtA==
  dependencies:
    "@smithy/node-config-provider" "^2.1.8"
    "@smithy/types" "^2.7.0"
    "@smithy/util-config-provider" "^2.1.0"
    "@smithy/util-middleware" "^2.0.8"
    tslib "^2.5.0"

"@smithy/core@^1.2.1":
  version "1.2.1"
  resolved "https://registry.yarnpkg.com/@smithy/core/-/core-1.2.1.tgz#2ee9b9894f3b2ce5eac4010ea1a85874b446f203"
  integrity sha512-f6cwmMuHo7RIw/c184NBd2rGeGvGIX6p55HSrG5jfR3qkNYo80PHRfhzkJMq1+mv1ZjI5p8NhenWMMkIRJR4tw==
  dependencies:
    "@smithy/middleware-endpoint" "^2.2.3"
    "@smithy/middleware-retry" "^2.0.25"
    "@smithy/middleware-serde" "^2.0.15"
    "@smithy/protocol-http" "^3.0.11"
    "@smithy/smithy-client" "^2.2.0"
    "@smithy/types" "^2.7.0"
    "@smithy/util-middleware" "^2.0.8"
    tslib "^2.5.0"

"@smithy/credential-provider-imds@^2.0.0":
  version "2.0.1"
  resolved "https://registry.yarnpkg.com/@smithy/credential-provider-imds/-/credential-provider-imds-2.0.1.tgz#e034f3d8ee6ad178becb267886056233870661d0"
  integrity sha512-8VxriuRINNEfVZjEFKBY75y9ZWAx73DZ5K/u+3LmB6r8WR2h3NaFxFKMlwlq0uzNdGhD1ouKBn9XWEGYHKiPLw==
  dependencies:
    "@smithy/node-config-provider" "^2.0.1"
    "@smithy/property-provider" "^2.0.1"
    "@smithy/types" "^2.0.2"
    "@smithy/url-parser" "^2.0.1"
    tslib "^2.5.0"

"@smithy/credential-provider-imds@^2.1.4":
  version "2.1.4"
  resolved "https://registry.yarnpkg.com/@smithy/credential-provider-imds/-/credential-provider-imds-2.1.4.tgz#126adf69eac333f23f8683edbfabdc2b3b2deb15"
  integrity sha512-cwPJN1fa1YOQzhBlTXRavABEYRRchci1X79QRwzaNLySnIMJfztyv1Zkst0iZPLMnpn8+CnHu3wOHS11J5Dr3A==
  dependencies:
    "@smithy/node-config-provider" "^2.1.8"
    "@smithy/property-provider" "^2.0.16"
    "@smithy/types" "^2.7.0"
    "@smithy/url-parser" "^2.0.15"
    tslib "^2.5.0"

"@smithy/eventstream-codec@^2.0.1":
  version "2.0.1"
  resolved "https://registry.yarnpkg.com/@smithy/eventstream-codec/-/eventstream-codec-2.0.1.tgz#b84e224db346066e817ca9ca23260798a1aa071e"
  integrity sha512-/IiNB7gQM2y2ZC/GAWOWDa8+iXfhr1g9Xe5979cQEOdCWDISvrAiv18cn3OtIQUhbYOR3gm7QtCpkq1to2takQ==
  dependencies:
    "@aws-crypto/crc32" "3.0.0"
    "@smithy/types" "^2.0.2"
    "@smithy/util-hex-encoding" "^2.0.0"
    tslib "^2.5.0"

"@smithy/fetch-http-handler@^2.3.1":
  version "2.3.1"
  resolved "https://registry.yarnpkg.com/@smithy/fetch-http-handler/-/fetch-http-handler-2.3.1.tgz#aa055db5bf4d78acec97abe6ef24283fa2c18430"
  integrity sha512-6MNk16fqb8EwcYY8O8WxB3ArFkLZ2XppsSNo1h7SQcFdDDwIumiJeO6wRzm7iB68xvsOQzsdQKbdtTieS3hfSQ==
  dependencies:
    "@smithy/protocol-http" "^3.0.11"
    "@smithy/querystring-builder" "^2.0.15"
    "@smithy/types" "^2.7.0"
    "@smithy/util-base64" "^2.0.1"
    tslib "^2.5.0"

"@smithy/hash-node@^2.0.17":
  version "2.0.17"
  resolved "https://registry.yarnpkg.com/@smithy/hash-node/-/hash-node-2.0.17.tgz#9ce5e3f137143e3658759d31a16e068ef94a14fc"
  integrity sha512-Il6WuBcI1nD+e2DM7tTADMf01wEPGK8PAhz4D+YmDUVaoBqlA+CaH2uDJhiySifmuKBZj748IfygXty81znKhw==
  dependencies:
    "@smithy/types" "^2.7.0"
    "@smithy/util-buffer-from" "^2.0.0"
    "@smithy/util-utf8" "^2.0.2"
    tslib "^2.5.0"

"@smithy/invalid-dependency@^2.0.15":
  version "2.0.15"
  resolved "https://registry.yarnpkg.com/@smithy/invalid-dependency/-/invalid-dependency-2.0.15.tgz#7653490047bf0ab6042fb812adfbcce857aa2d06"
  integrity sha512-dlEKBFFwVfzA5QroHlBS94NpgYjXhwN/bFfun+7w3rgxNvVy79SK0w05iGc7UAeC5t+D7gBxrzdnD6hreZnDVQ==
  dependencies:
    "@smithy/types" "^2.7.0"
    tslib "^2.5.0"

"@smithy/is-array-buffer@^2.0.0":
  version "2.0.0"
  resolved "https://registry.yarnpkg.com/@smithy/is-array-buffer/-/is-array-buffer-2.0.0.tgz#8fa9b8040651e7ba0b2f6106e636a91354ff7d34"
  integrity sha512-z3PjFjMyZNI98JFRJi/U0nGoLWMSJlDjAW4QUX2WNZLas5C0CmVV6LJ01JI0k90l7FvpmixjWxPFmENSClQ7ug==
  dependencies:
    tslib "^2.5.0"

"@smithy/middleware-content-length@^2.0.17":
  version "2.0.17"
  resolved "https://registry.yarnpkg.com/@smithy/middleware-content-length/-/middleware-content-length-2.0.17.tgz#13479173a15d1cd4224e3e21071a27c66a74b653"
  integrity sha512-OyadvMcKC7lFXTNBa8/foEv7jOaqshQZkjWS9coEXPRZnNnihU/Ls+8ZuJwGNCOrN2WxXZFmDWhegbnM4vak8w==
  dependencies:
    "@smithy/protocol-http" "^3.0.11"
    "@smithy/types" "^2.7.0"
    tslib "^2.5.0"

"@smithy/middleware-endpoint@^2.2.3":
  version "2.2.3"
  resolved "https://registry.yarnpkg.com/@smithy/middleware-endpoint/-/middleware-endpoint-2.2.3.tgz#4069ab6e8d1b485bc0d2384b30f7b37096111ec2"
  integrity sha512-nYfxuq0S/xoAjdLbyn1ixeVB6cyH9wYCMtbbOCpcCRYR5u2mMtqUtVjjPAZ/DIdlK3qe0tpB0Q76szFGNuz+kQ==
  dependencies:
    "@smithy/middleware-serde" "^2.0.15"
    "@smithy/node-config-provider" "^2.1.8"
    "@smithy/shared-ini-file-loader" "^2.2.7"
    "@smithy/types" "^2.7.0"
    "@smithy/url-parser" "^2.0.15"
    "@smithy/util-middleware" "^2.0.8"
    tslib "^2.5.0"

"@smithy/middleware-retry@^2.0.25":
  version "2.0.25"
  resolved "https://registry.yarnpkg.com/@smithy/middleware-retry/-/middleware-retry-2.0.25.tgz#ae948f4a1ad5968bc315f07df930a55c09ffe040"
  integrity sha512-FXhafCPvx/9L9OgHJ3cdo/pD1f7ngC7DKsjDV2J7k6LO/Yl69POoBLk4sI1OZPUGc4dfxriENlTma9Nj1hI+IQ==
  dependencies:
    "@smithy/node-config-provider" "^2.1.8"
    "@smithy/protocol-http" "^3.0.11"
    "@smithy/service-error-classification" "^2.0.8"
    "@smithy/smithy-client" "^2.2.0"
    "@smithy/types" "^2.7.0"
    "@smithy/util-middleware" "^2.0.8"
    "@smithy/util-retry" "^2.0.8"
    tslib "^2.5.0"
    uuid "^8.3.2"

"@smithy/middleware-serde@^2.0.15":
  version "2.0.15"
  resolved "https://registry.yarnpkg.com/@smithy/middleware-serde/-/middleware-serde-2.0.15.tgz#9deac4daad1f2a60d5c4e7097658f9ae2eb0a33f"
  integrity sha512-FOZRFk/zN4AT4wzGuBY+39XWe+ZnCFd0gZtyw3f9Okn2CJPixl9GyWe98TIaljeZdqWkgrzGyPre20AcW2UMHQ==
  dependencies:
    "@smithy/types" "^2.7.0"
    tslib "^2.5.0"

"@smithy/middleware-stack@^2.0.9":
  version "2.0.9"
  resolved "https://registry.yarnpkg.com/@smithy/middleware-stack/-/middleware-stack-2.0.9.tgz#60e51697c74258fac087bc739d940f524921a15f"
  integrity sha512-bCB5dUtGQ5wh7QNL2ELxmDc6g7ih7jWU3Kx6MYH1h4mZbv9xL3WyhKHojRltThCB1arLPyTUFDi+x6fB/oabtA==
  dependencies:
    "@smithy/types" "^2.7.0"
    tslib "^2.5.0"

"@smithy/node-config-provider@^2.0.1", "@smithy/node-config-provider@^2.1.8":
  version "2.1.8"
  resolved "https://registry.yarnpkg.com/@smithy/node-config-provider/-/node-config-provider-2.1.8.tgz#8cab8f1172c8cd1146e7997292786909abcae763"
  integrity sha512-+w26OKakaBUGp+UG+dxYZtFb5fs3tgHg3/QrRrmUZj+rl3cIuw840vFUXX35cVPTUCQIiTqmz7CpVF7+hdINdQ==
  dependencies:
    "@smithy/property-provider" "^2.0.16"
    "@smithy/shared-ini-file-loader" "^2.2.7"
    "@smithy/types" "^2.7.0"
    tslib "^2.5.0"

"@smithy/node-http-handler@^2.2.1":
  version "2.2.1"
  resolved "https://registry.yarnpkg.com/@smithy/node-http-handler/-/node-http-handler-2.2.1.tgz#23f6540e565edcae8c558a854fffde3d003451c0"
  integrity sha512-8iAKQrC8+VFHPAT8pg4/j6hlsTQh+NKOWlctJBrYtQa4ExcxX7aSg3vdQ2XLoYwJotFUurg/NLqFCmZaPRrogw==
  dependencies:
    "@smithy/abort-controller" "^2.0.15"
    "@smithy/protocol-http" "^3.0.11"
    "@smithy/querystring-builder" "^2.0.15"
    "@smithy/types" "^2.7.0"
    tslib "^2.5.0"

"@smithy/property-provider@^2.0.0", "@smithy/property-provider@^2.0.1":
  version "2.0.1"
  resolved "https://registry.yarnpkg.com/@smithy/property-provider/-/property-provider-2.0.1.tgz#4c359f5063a9c664599f88be00e3f9b3e1021d4d"
  integrity sha512-pmJRyY9SF6sutWIktIhe+bUdSQDxv/qZ4mYr3/u+u45riTPN7nmRxPo+e4sjWVoM0caKFjRSlj3tf5teRFy0Vg==
  dependencies:
    "@smithy/types" "^2.0.2"
    tslib "^2.5.0"

"@smithy/property-provider@^2.0.16":
  version "2.0.16"
  resolved "https://registry.yarnpkg.com/@smithy/property-provider/-/property-provider-2.0.16.tgz#0c15ea8a3e8c8e7012bf5877c79ce754f7d2c06e"
  integrity sha512-28Ky0LlOqtEjwg5CdHmwwaDRHcTWfPRzkT6HrhwOSRS2RryAvuDfJrZpM+BMcrdeCyEg1mbcgIMoqTla+rdL8Q==
  dependencies:
    "@smithy/types" "^2.7.0"
    tslib "^2.5.0"

"@smithy/protocol-http@^3.0.11":
  version "3.0.11"
  resolved "https://registry.yarnpkg.com/@smithy/protocol-http/-/protocol-http-3.0.11.tgz#a9ea712fe7cc3375378ac68d9168a7b6cd0b6f65"
  integrity sha512-3ziB8fHuXIRamV/akp/sqiWmNPR6X+9SB8Xxnozzj+Nq7hSpyKdFHd1FLpBkgfGFUTzzcBJQlDZPSyxzmdcx5A==
  dependencies:
    "@smithy/types" "^2.7.0"
    tslib "^2.5.0"

"@smithy/querystring-builder@^2.0.15":
  version "2.0.15"
  resolved "https://registry.yarnpkg.com/@smithy/querystring-builder/-/querystring-builder-2.0.15.tgz#aa8c889bcaef274b8345be4ddabae3bfedf2cf33"
  integrity sha512-e1q85aT6HutvouOdN+dMsN0jcdshp50PSCvxDvo6aIM57LqeXimjfONUEgfqQ4IFpYWAtVixptyIRE5frMp/2A==
  dependencies:
    "@smithy/types" "^2.7.0"
    "@smithy/util-uri-escape" "^2.0.0"
    tslib "^2.5.0"

"@smithy/querystring-parser@^2.0.15":
  version "2.0.15"
  resolved "https://registry.yarnpkg.com/@smithy/querystring-parser/-/querystring-parser-2.0.15.tgz#46c8806a145f46636e4aee2a5d79e7ba68161a4c"
  integrity sha512-jbBvoK3cc81Cj1c1TH1qMYxNQKHrYQ2DoTntN9FBbtUWcGhc+T4FP6kCKYwRLXyU4AajwGIZstvNAmIEgUUNTQ==
  dependencies:
    "@smithy/types" "^2.7.0"
    tslib "^2.5.0"

"@smithy/service-error-classification@^2.0.8":
  version "2.0.8"
  resolved "https://registry.yarnpkg.com/@smithy/service-error-classification/-/service-error-classification-2.0.8.tgz#c9e421312a2def84da025c5efe6de06679c5be95"
  integrity sha512-jCw9+005im8tsfYvwwSc4TTvd29kXRFkH9peQBg5R/4DD03ieGm6v6Hpv9nIAh98GwgYg1KrztcINC1s4o7/hg==
  dependencies:
    "@smithy/types" "^2.7.0"

"@smithy/shared-ini-file-loader@^2.0.6":
  version "2.0.6"
  resolved "https://registry.yarnpkg.com/@smithy/shared-ini-file-loader/-/shared-ini-file-loader-2.0.6.tgz#95dbc455e56a261ffe0b32bb3e640292b2f31798"
  integrity sha512-NO6dHqho6APbVR0DxPtYoL4KXBqUeSM3Slsd103MOgL50YbzzsQmMLtDMZ87W8MlvvCN0tuiq+OrAO/rM7hTQg==
  dependencies:
    "@smithy/types" "^2.2.2"
    tslib "^2.5.0"

"@smithy/shared-ini-file-loader@^2.2.7":
  version "2.2.7"
  resolved "https://registry.yarnpkg.com/@smithy/shared-ini-file-loader/-/shared-ini-file-loader-2.2.7.tgz#4a3bd469703d02c3cc8e36dcba2238c06efa12cb"
  integrity sha512-0Qt5CuiogIuvQIfK+be7oVHcPsayLgfLJGkPlbgdbl0lD28nUKu4p11L+UG3SAEsqc9UsazO+nErPXw7+IgDpQ==
  dependencies:
    "@smithy/types" "^2.7.0"
    tslib "^2.5.0"

"@smithy/signature-v4@^2.0.0":
  version "2.0.1"
  resolved "https://registry.yarnpkg.com/@smithy/signature-v4/-/signature-v4-2.0.1.tgz#1f9e72930def3c25a3918ee7b562044fecbdaef4"
  integrity sha512-jztv5Mirca42ilxmMDjzLdXcoAmRhZskGafGL49sRo5u7swEZcToEFrq6vtX5YMbSyTVrE9Teog5EFexY5Ff2Q==
  dependencies:
    "@smithy/eventstream-codec" "^2.0.1"
    "@smithy/is-array-buffer" "^2.0.0"
    "@smithy/types" "^2.0.2"
    "@smithy/util-hex-encoding" "^2.0.0"
    "@smithy/util-middleware" "^2.0.0"
    "@smithy/util-uri-escape" "^2.0.0"
    "@smithy/util-utf8" "^2.0.0"
    tslib "^2.5.0"

"@smithy/smithy-client@^2.2.0":
  version "2.2.0"
  resolved "https://registry.yarnpkg.com/@smithy/smithy-client/-/smithy-client-2.2.0.tgz#9865981a2f49dd0e9ef68193aebcd5654cdd7f00"
  integrity sha512-C/bkNue5H5Obgl83SnlBt4v6VM68CqIjIELh3vAabud87xFYznLNKtj6Qb69Z+QOnLp9T+We++sEem/f2AHE+Q==
  dependencies:
    "@smithy/middleware-endpoint" "^2.2.3"
    "@smithy/middleware-stack" "^2.0.9"
    "@smithy/protocol-http" "^3.0.11"
    "@smithy/types" "^2.7.0"
    "@smithy/util-stream" "^2.0.23"
    tslib "^2.5.0"

"@smithy/types@^2.0.2", "@smithy/types@^2.2.2", "@smithy/types@^2.7.0":
  version "2.7.0"
  resolved "https://registry.yarnpkg.com/@smithy/types/-/types-2.7.0.tgz#6ed9ba5bff7c4d28c980cff967e6d8456840a4f3"
  integrity sha512-1OIFyhK+vOkMbu4aN2HZz/MomREkrAC/HqY5mlJMUJfGrPRwijJDTeiN8Rnj9zUaB8ogXAfIOtZrrgqZ4w7Wnw==
  dependencies:
    tslib "^2.5.0"

"@smithy/url-parser@^2.0.1", "@smithy/url-parser@^2.0.15":
  version "2.0.15"
  resolved "https://registry.yarnpkg.com/@smithy/url-parser/-/url-parser-2.0.15.tgz#878d9b61f9eac8834cb611cf1a8a0e5d9a48038c"
  integrity sha512-sADUncUj9rNbOTrdDGm4EXlUs0eQ9dyEo+V74PJoULY4jSQxS+9gwEgsPYyiu8PUOv16JC/MpHonOgqP/IEDZA==
  dependencies:
    "@smithy/querystring-parser" "^2.0.15"
    "@smithy/types" "^2.7.0"
    tslib "^2.5.0"

"@smithy/util-base64@^2.0.1":
  version "2.0.1"
  resolved "https://registry.yarnpkg.com/@smithy/util-base64/-/util-base64-2.0.1.tgz#57f782dafc187eddea7c8a1ff2a7c188ed1a02c4"
  integrity sha512-DlI6XFYDMsIVN+GH9JtcRp3j02JEVuWIn/QOZisVzpIAprdsxGveFed0bjbMRCqmIFe8uetn5rxzNrBtIGrPIQ==
  dependencies:
    "@smithy/util-buffer-from" "^2.0.0"
    tslib "^2.5.0"

"@smithy/util-body-length-browser@^2.0.1":
  version "2.0.1"
  resolved "https://registry.yarnpkg.com/@smithy/util-body-length-browser/-/util-body-length-browser-2.0.1.tgz#424485cc81c640d18c17c683e0e6edb57e8e2ab9"
  integrity sha512-NXYp3ttgUlwkaug4bjBzJ5+yIbUbUx8VsSLuHZROQpoik+gRkIBeEG9MPVYfvPNpuXb/puqodeeUXcKFe7BLOQ==
  dependencies:
    tslib "^2.5.0"

"@smithy/util-body-length-node@^2.1.0":
  version "2.1.0"
  resolved "https://registry.yarnpkg.com/@smithy/util-body-length-node/-/util-body-length-node-2.1.0.tgz#313a5f7c5017947baf5fa018bfc22628904bbcfa"
  integrity sha512-/li0/kj/y3fQ3vyzn36NTLGmUwAICb7Jbe/CsWCktW363gh1MOcpEcSO3mJ344Gv2dqz8YJCLQpb6hju/0qOWw==
  dependencies:
    tslib "^2.5.0"

"@smithy/util-buffer-from@^2.0.0":
  version "2.0.0"
  resolved "https://registry.yarnpkg.com/@smithy/util-buffer-from/-/util-buffer-from-2.0.0.tgz#7eb75d72288b6b3001bc5f75b48b711513091deb"
  integrity sha512-/YNnLoHsR+4W4Vf2wL5lGv0ksg8Bmk3GEGxn2vEQt52AQaPSCuaO5PM5VM7lP1K9qHRKHwrPGktqVoAHKWHxzw==
  dependencies:
    "@smithy/is-array-buffer" "^2.0.0"
    tslib "^2.5.0"

"@smithy/util-config-provider@^2.1.0":
  version "2.1.0"
  resolved "https://registry.yarnpkg.com/@smithy/util-config-provider/-/util-config-provider-2.1.0.tgz#c733a862892772aaeb373a3e8af5182556da0ef9"
  integrity sha512-S6V0JvvhQgFSGLcJeT1CBsaTR03MM8qTuxMH9WPCCddlSo2W0V5jIHimHtIQALMLEDPGQ0ROSRr/dU0O+mxiQg==
  dependencies:
    tslib "^2.5.0"

"@smithy/util-defaults-mode-browser@^2.0.23":
  version "2.0.23"
  resolved "https://registry.yarnpkg.com/@smithy/util-defaults-mode-browser/-/util-defaults-mode-browser-2.0.23.tgz#27bce42b7a55974ed4aff5b2b870256ce383613a"
  integrity sha512-2u+7t7Wgz1jlfsf6il3pz6DIzyJHS3qrnNnmATICm00pQeqp2D4kUOYauOgKGIeKgVpwzzq8+hFQe749r3xR5w==
  dependencies:
    "@smithy/property-provider" "^2.0.16"
    "@smithy/smithy-client" "^2.2.0"
    "@smithy/types" "^2.7.0"
    bowser "^2.11.0"
    tslib "^2.5.0"

"@smithy/util-defaults-mode-node@^2.0.31":
  version "2.0.31"
  resolved "https://registry.yarnpkg.com/@smithy/util-defaults-mode-node/-/util-defaults-mode-node-2.0.31.tgz#1b7dc36f695375cead8e8fa7de5e90c8bfcd0df8"
  integrity sha512-ZwdjAJAFkkQQ4hdE8HOcxFAWC3GPFXQ3yQ8IBwHH5nQBlr9q+p5eRQ7Y8iRRORJe4vksR+NASRXZ+E81Us1aXQ==
  dependencies:
    "@smithy/config-resolver" "^2.0.22"
    "@smithy/credential-provider-imds" "^2.1.4"
    "@smithy/node-config-provider" "^2.1.8"
    "@smithy/property-provider" "^2.0.16"
    "@smithy/smithy-client" "^2.2.0"
    "@smithy/types" "^2.7.0"
    tslib "^2.5.0"

"@smithy/util-endpoints@^1.0.7":
  version "1.0.7"
  resolved "https://registry.yarnpkg.com/@smithy/util-endpoints/-/util-endpoints-1.0.7.tgz#5a258ac7838dea085660060b515cd2d19f19a4bc"
  integrity sha512-Q2gEind3jxoLk6hdKWyESMU7LnXz8aamVwM+VeVjOYzYT1PalGlY/ETa48hv2YpV4+YV604y93YngyzzzQ4IIA==
  dependencies:
    "@smithy/node-config-provider" "^2.1.8"
    "@smithy/types" "^2.7.0"
    tslib "^2.5.0"

"@smithy/util-hex-encoding@^2.0.0":
  version "2.0.0"
  resolved "https://registry.yarnpkg.com/@smithy/util-hex-encoding/-/util-hex-encoding-2.0.0.tgz#0aa3515acd2b005c6d55675e377080a7c513b59e"
  integrity sha512-c5xY+NUnFqG6d7HFh1IFfrm3mGl29lC+vF+geHv4ToiuJCBmIfzx6IeHLg+OgRdPFKDXIw6pvi+p3CsscaMcMA==
  dependencies:
    tslib "^2.5.0"

"@smithy/util-middleware@^2.0.0", "@smithy/util-middleware@^2.0.8":
  version "2.0.8"
  resolved "https://registry.yarnpkg.com/@smithy/util-middleware/-/util-middleware-2.0.8.tgz#2ec1da1190d09b69512ce0248ebd5e819e3c8a92"
  integrity sha512-qkvqQjM8fRGGA8P2ydWylMhenCDP8VlkPn8kiNuFEaFz9xnUKC2irfqsBSJrfrOB9Qt6pQsI58r3zvvumhFMkw==
  dependencies:
    "@smithy/types" "^2.7.0"
    tslib "^2.5.0"

"@smithy/util-retry@^2.0.8":
  version "2.0.8"
  resolved "https://registry.yarnpkg.com/@smithy/util-retry/-/util-retry-2.0.8.tgz#61f8db11e4fe60975cb9fb2eada173f5024a06f3"
  integrity sha512-cQTPnVaVFMjjS6cb44WV2yXtHVyXDC5icKyIbejMarJEApYeJWpBU3LINTxHqp/tyLI+MZOUdosr2mZ3sdziNg==
  dependencies:
    "@smithy/service-error-classification" "^2.0.8"
    "@smithy/types" "^2.7.0"
    tslib "^2.5.0"

"@smithy/util-stream@^2.0.23":
  version "2.0.23"
  resolved "https://registry.yarnpkg.com/@smithy/util-stream/-/util-stream-2.0.23.tgz#468ad29913d091092317cfea2d8ac5b866326a07"
  integrity sha512-OJMWq99LAZJUzUwTk+00plyxX3ESktBaGPhqNIEVab+53gLULiWN9B/8bRABLg0K6R6Xg4t80uRdhk3B/LZqMQ==
  dependencies:
    "@smithy/fetch-http-handler" "^2.3.1"
    "@smithy/node-http-handler" "^2.2.1"
    "@smithy/types" "^2.7.0"
    "@smithy/util-base64" "^2.0.1"
    "@smithy/util-buffer-from" "^2.0.0"
    "@smithy/util-hex-encoding" "^2.0.0"
    "@smithy/util-utf8" "^2.0.2"
    tslib "^2.5.0"

"@smithy/util-uri-escape@^2.0.0":
  version "2.0.0"
  resolved "https://registry.yarnpkg.com/@smithy/util-uri-escape/-/util-uri-escape-2.0.0.tgz#19955b1a0f517a87ae77ac729e0e411963dfda95"
  integrity sha512-ebkxsqinSdEooQduuk9CbKcI+wheijxEb3utGXkCoYQkJnwTnLbH1JXGimJtUkQwNQbsbuYwG2+aFVyZf5TLaw==
  dependencies:
    tslib "^2.5.0"

"@smithy/util-utf8@^2.0.0", "@smithy/util-utf8@^2.0.2":
  version "2.0.2"
  resolved "https://registry.yarnpkg.com/@smithy/util-utf8/-/util-utf8-2.0.2.tgz#626b3e173ad137208e27ed329d6bea70f4a1a7f7"
  integrity sha512-qOiVORSPm6Ce4/Yu6hbSgNHABLP2VMv8QOC3tTDNHHlWY19pPyc++fBTbZPtx6egPXi4HQxKDnMxVxpbtX2GoA==
  dependencies:
    "@smithy/util-buffer-from" "^2.0.0"
    tslib "^2.5.0"

"@smithy/util-waiter@^2.0.15":
  version "2.0.15"
  resolved "https://registry.yarnpkg.com/@smithy/util-waiter/-/util-waiter-2.0.15.tgz#b02a42bf1b82f07973d1756a0ee10fafa1fbf58e"
  integrity sha512-9Y+btzzB7MhLADW7xgD6SjvmoYaRkrb/9SCbNGmNdfO47v38rxb90IGXyDtAK0Shl9bMthTmLgjlfYc+vtz2Qw==
  dependencies:
    "@smithy/abort-controller" "^2.0.15"
    "@smithy/types" "^2.7.0"
    tslib "^2.5.0"

before-after-hook@^2.2.0:
  version "2.2.3"
  resolved "https://registry.yarnpkg.com/before-after-hook/-/before-after-hook-2.2.3.tgz#c51e809c81a4e354084422b9b26bad88249c517c"
  integrity sha512-NzUnlZexiaH/46WDhANlyR2bXRopNg4F/zuSA3OpZnllCUgRaOF2znDioDWrmbNVsuZk6l9pMquQB38cfBZwkQ==

bowser@^2.11.0:
  version "2.11.0"
  resolved "https://registry.yarnpkg.com/bowser/-/bowser-2.11.0.tgz#5ca3c35757a7aa5771500c70a73a9f91ef420a8f"
  integrity sha512-AlcaJBi/pqqJBIQ8U9Mcpc9i8Aqxn88Skv5d+xBX006BY5u8N3mGLHa5Lgppa7L/HfwgwLgZ6NYs+Ag6uUmJRA==

deprecation@^2.0.0:
  version "2.3.1"
  resolved "https://registry.yarnpkg.com/deprecation/-/deprecation-2.3.1.tgz#6368cbdb40abf3373b525ac87e4a260c3a700919"
  integrity sha512-xmHIy4F3scKVwMsQ4WnVaS8bHOx0DmVwRywosKhaILI0ywMDWPtBSku2HNxRvF7jtwDRsoEwYQSfbxj8b7RlJQ==

fast-xml-parser@4.2.5:
  version "4.2.5"
  resolved "https://registry.yarnpkg.com/fast-xml-parser/-/fast-xml-parser-4.2.5.tgz#a6747a09296a6cb34f2ae634019bf1738f3b421f"
  integrity sha512-B9/wizE4WngqQftFPmdaMYlXoJlJOYxGQOanC77fq9k8+Z0v5dDSVh+3glErdIROP//s/jgb7ZuxKfB8nVyo0g==
  dependencies:
    strnum "^1.0.5"

is-plain-object@^5.0.0:
  version "5.0.0"
  resolved "https://registry.yarnpkg.com/is-plain-object/-/is-plain-object-5.0.0.tgz#4427f50ab3429e9025ea7d52e9043a9ef4159344"
  integrity sha512-VRSzKkbMm5jMDoKLbltAkFQ5Qr7VDiTFGXxYFXXowVj387GeGNOCsOH6Msy00SGZ3Fp84b1Naa1psqgcCIEP5Q==

mnemonist@0.38.3:
  version "0.38.3"
  resolved "https://registry.yarnpkg.com/mnemonist/-/mnemonist-0.38.3.tgz#35ec79c1c1f4357cfda2fe264659c2775ccd7d9d"
  integrity sha512-2K9QYubXx/NAjv4VLq1d1Ly8pWNC5L3BrixtdkyTegXWJIqY+zLNDhhX/A+ZwWt70tB1S8H4BE8FLYEFyNoOBw==
  dependencies:
    obliterator "^1.6.1"

obliterator@^1.6.1:
  version "1.6.1"
  resolved "https://registry.yarnpkg.com/obliterator/-/obliterator-1.6.1.tgz#dea03e8ab821f6c4d96a299e17aef6a3af994ef3"
  integrity sha512-9WXswnqINnnhOG/5SLimUlzuU1hFJUc8zkwyD59Sd+dPOMf05PmnYG/d6Q7HZ+KmgkZJa1PxRso6QdM3sTNHig==

once@^1.4.0:
  version "1.4.0"
  resolved "https://registry.yarnpkg.com/once/-/once-1.4.0.tgz#583b1aa775961d4b113ac17d9c50baef9dd76bd1"
  integrity sha512-lNaJgI+2Q5URQBkccEKHTQOPaXdUxnZZElQTZY0MFUAuaEqe1E+Nyvgdz/aIyNi6Z9MzO5dv1H8n58/GELp3+w==
  dependencies:
    wrappy "1"

strnum@^1.0.5:
  version "1.0.5"
  resolved "https://registry.yarnpkg.com/strnum/-/strnum-1.0.5.tgz#5c4e829fe15ad4ff0d20c3db5ac97b73c9b072db"
  integrity sha512-J8bbNyKKXl5qYcR36TIO8W3mVGVHrmmxsd5PAItGkmyzwJvybiw2IVq5nqd0i4LSNSkB/sx9VHllbfFdr9k1JA==

tslib@^1.11.1:
  version "1.14.1"
  resolved "https://registry.yarnpkg.com/tslib/-/tslib-1.14.1.tgz#cf2d38bdc34a134bcaf1091c41f6619e2f672d00"
  integrity sha512-Xni35NKzjgMrwevysHTCArtLDpPvye8zV/0E4EyYn43P7/7qvQwPh9BGkHewbMulVntbigmcT7rdX3BNo9wRJg==

tslib@^2.3.1, tslib@^2.5.0:
  version "2.5.0"
  resolved "https://registry.yarnpkg.com/tslib/-/tslib-2.5.0.tgz#42bfed86f5787aeb41d031866c8f402429e0fddf"
  integrity sha512-336iVw3rtn2BUK7ORdIAHTyxHGRIHVReokCR3XjbckJMK7ms8FysBfhLR8IXnAgy7T0PTPNBWKiH514FOW/WSg==

universal-user-agent@^6.0.0:
  version "6.0.0"
  resolved "https://registry.yarnpkg.com/universal-user-agent/-/universal-user-agent-6.0.0.tgz#3381f8503b251c0d9cd21bc1de939ec9df5480ee"
  integrity sha512-isyNax3wXoKaulPDZWHQqbmIx1k2tb9fb3GGDBRxCscfYV2Ch7WxPArBsFEG8s/safwXTT7H4QGhaIkTp9447w==

uuid@^8.3.2:
  version "8.3.2"
  resolved "https://registry.yarnpkg.com/uuid/-/uuid-8.3.2.tgz#80d5b5ced271bb9af6c445f21a1a04c606cefbe2"
  integrity sha512-+NYs2QeMWy+GWFOEm9xnn6HCDp0l7QBD7ml8zLUmJ+93Q5NF0NocErnwkTkXVFNiX3/fpC6afS8Dhb/gz7R7eg==

wrappy@1:
  version "1.0.2"
  resolved "https://registry.yarnpkg.com/wrappy/-/wrappy-1.0.2.tgz#b5243d8f3ec1aa35f1364605bc0d1036e30ab69f"
  integrity sha512-l4Sp/DRseor9wL6EvV2+TuQn63dMkPjZ/sp9XkghTEbV9KlPS1xUsZ3u7/IQO4wxtcFB4bgpQPRcR3QCvezPcQ==
