# THIS IS AN AUTOGENERATED FILE. DO NOT EDIT THIS FILE DIRECTLY.
# yarn lockfile v1


"@aws-crypto/ie11-detection@^3.0.0":
  version "3.0.0"
  resolved "https://registry.yarnpkg.com/@aws-crypto/ie11-detection/-/ie11-detection-3.0.0.tgz#640ae66b4ec3395cee6a8e94ebcd9f80c24cd688"
  integrity sha512-341lBBkiY1DfDNKai/wXM3aujNBkXR7tq1URPQDL9wi3AUbI80NR74uF1TXHMm7po1AcnFk8iu2S2IeU/+/A+Q==
  dependencies:
    tslib "^1.11.1"

"@aws-crypto/sha256-browser@3.0.0":
  version "3.0.0"
  resolved "https://registry.yarnpkg.com/@aws-crypto/sha256-browser/-/sha256-browser-3.0.0.tgz#05f160138ab893f1c6ba5be57cfd108f05827766"
  integrity sha512-8VLmW2B+gjFbU5uMeqtQM6Nj0/F1bro80xQXCW6CQBWgosFWXTx77aeOF5CAIAmbOK64SdMBJdNr6J41yP5mvQ==
  dependencies:
    "@aws-crypto/ie11-detection" "^3.0.0"
    "@aws-crypto/sha256-js" "^3.0.0"
    "@aws-crypto/supports-web-crypto" "^3.0.0"
    "@aws-crypto/util" "^3.0.0"
    "@aws-sdk/types" "^3.222.0"
    "@aws-sdk/util-locate-window" "^3.0.0"
    "@aws-sdk/util-utf8-browser" "^3.0.0"
    tslib "^1.11.1"

"@aws-crypto/sha256-js@3.0.0", "@aws-crypto/sha256-js@^3.0.0":
  version "3.0.0"
  resolved "https://registry.yarnpkg.com/@aws-crypto/sha256-js/-/sha256-js-3.0.0.tgz#f06b84d550d25521e60d2a0e2a90139341e007c2"
  integrity sha512-PnNN7os0+yd1XvXAy23CFOmTbMaDxgxXtTKHybrJ39Y8kGzBATgBFibWJKH6BhytLI/Zyszs87xCOBNyBig6vQ==
  dependencies:
    "@aws-crypto/util" "^3.0.0"
    "@aws-sdk/types" "^3.222.0"
    tslib "^1.11.1"

"@aws-crypto/supports-web-crypto@^3.0.0":
  version "3.0.0"
  resolved "https://registry.yarnpkg.com/@aws-crypto/supports-web-crypto/-/supports-web-crypto-3.0.0.tgz#5d1bf825afa8072af2717c3e455f35cda0103ec2"
  integrity sha512-06hBdMwUAb2WFTuGG73LSC0wfPu93xWwo5vL2et9eymgmu3Id5vFAHBbajVWiGhPO37qcsdCap/FqXvJGJWPIg==
  dependencies:
    tslib "^1.11.1"

"@aws-crypto/util@^3.0.0":
  version "3.0.0"
  resolved "https://registry.yarnpkg.com/@aws-crypto/util/-/util-3.0.0.tgz#1c7ca90c29293f0883468ad48117937f0fe5bfb0"
  integrity sha512-2OJlpeJpCR48CC8r+uKVChzs9Iungj9wkZrl8Z041DWEWvyIHILYKCPNzJghKsivj+S3mLo6BVc7mBNzdxA46w==
  dependencies:
    "@aws-sdk/types" "^3.222.0"
    "@aws-sdk/util-utf8-browser" "^3.0.0"
    tslib "^1.11.1"

"@aws-sdk/abort-controller@3.310.0":
  version "3.310.0"
  resolved "https://registry.yarnpkg.com/@aws-sdk/abort-controller/-/abort-controller-3.310.0.tgz#0da2d29b823daa03b7c1f0b43de1f030583b4f51"
  integrity sha512-v1zrRQxDLA1MdPim159Vx/CPHqsB4uybSxRi1CnfHO5ZjHryx3a5htW2gdGAykVCul40+yJXvfpufMrELVxH+g==
  dependencies:
    "@aws-sdk/types" "3.310.0"
    tslib "^2.5.0"

"@aws-sdk/client-dynamodb@^3.145.0":
  version "3.326.0"
  resolved "https://registry.yarnpkg.com/@aws-sdk/client-dynamodb/-/client-dynamodb-3.326.0.tgz#8759e56f5968afe881c2055c10f4c5f698a16a36"
  integrity sha512-Q9F5IC6z8Gd004Hr/mz/vZhisy25YQcoUycA/qlLik2fK9ZaSz+JJXskDgcrvzvfC0BoGbhOD+hAyDSEgo8STg==
  dependencies:
    "@aws-crypto/sha256-browser" "3.0.0"
    "@aws-crypto/sha256-js" "3.0.0"
    "@aws-sdk/client-sts" "3.326.0"
    "@aws-sdk/config-resolver" "3.310.0"
    "@aws-sdk/credential-provider-node" "3.326.0"
    "@aws-sdk/fetch-http-handler" "3.310.0"
    "@aws-sdk/hash-node" "3.310.0"
    "@aws-sdk/invalid-dependency" "3.310.0"
    "@aws-sdk/middleware-content-length" "3.325.0"
    "@aws-sdk/middleware-endpoint" "3.325.0"
    "@aws-sdk/middleware-endpoint-discovery" "3.326.0"
    "@aws-sdk/middleware-host-header" "3.325.0"
    "@aws-sdk/middleware-logger" "3.325.0"
    "@aws-sdk/middleware-recursion-detection" "3.325.0"
    "@aws-sdk/middleware-retry" "3.325.0"
    "@aws-sdk/middleware-serde" "3.325.0"
    "@aws-sdk/middleware-signing" "3.325.0"
    "@aws-sdk/middleware-stack" "3.325.0"
    "@aws-sdk/middleware-user-agent" "3.325.0"
    "@aws-sdk/node-config-provider" "3.310.0"
    "@aws-sdk/node-http-handler" "3.321.1"
    "@aws-sdk/protocol-http" "3.310.0"
    "@aws-sdk/smithy-client" "3.325.0"
    "@aws-sdk/types" "3.310.0"
    "@aws-sdk/url-parser" "3.310.0"
    "@aws-sdk/util-base64" "3.310.0"
    "@aws-sdk/util-body-length-browser" "3.310.0"
    "@aws-sdk/util-body-length-node" "3.310.0"
    "@aws-sdk/util-defaults-mode-browser" "3.325.0"
    "@aws-sdk/util-defaults-mode-node" "3.325.0"
    "@aws-sdk/util-endpoints" "3.319.0"
    "@aws-sdk/util-retry" "3.310.0"
    "@aws-sdk/util-user-agent-browser" "3.310.0"
    "@aws-sdk/util-user-agent-node" "3.310.0"
    "@aws-sdk/util-utf8" "3.310.0"
    "@aws-sdk/util-waiter" "3.310.0"
    tslib "^2.5.0"
    uuid "^8.3.2"

"@aws-sdk/client-sso-oidc@3.326.0":
  version "3.326.0"
  resolved "https://registry.yarnpkg.com/@aws-sdk/client-sso-oidc/-/client-sso-oidc-3.326.0.tgz#0ca864e6ae3bfe0beb66b0b5a066e3c4bdb92b5d"
  integrity sha512-JLxIiWDKYUExYOzsxSPV8nf9w4mmgkkZ495GtSF6YnZhh0Ryxp3yB7KjsEgF3opOVo7uXkkgz4y30GWFzD1pEg==
  dependencies:
    "@aws-crypto/sha256-browser" "3.0.0"
    "@aws-crypto/sha256-js" "3.0.0"
    "@aws-sdk/config-resolver" "3.310.0"
    "@aws-sdk/fetch-http-handler" "3.310.0"
    "@aws-sdk/hash-node" "3.310.0"
    "@aws-sdk/invalid-dependency" "3.310.0"
    "@aws-sdk/middleware-content-length" "3.325.0"
    "@aws-sdk/middleware-endpoint" "3.325.0"
    "@aws-sdk/middleware-host-header" "3.325.0"
    "@aws-sdk/middleware-logger" "3.325.0"
    "@aws-sdk/middleware-recursion-detection" "3.325.0"
    "@aws-sdk/middleware-retry" "3.325.0"
    "@aws-sdk/middleware-serde" "3.325.0"
    "@aws-sdk/middleware-stack" "3.325.0"
    "@aws-sdk/middleware-user-agent" "3.325.0"
    "@aws-sdk/node-config-provider" "3.310.0"
    "@aws-sdk/node-http-handler" "3.321.1"
    "@aws-sdk/protocol-http" "3.310.0"
    "@aws-sdk/smithy-client" "3.325.0"
    "@aws-sdk/types" "3.310.0"
    "@aws-sdk/url-parser" "3.310.0"
    "@aws-sdk/util-base64" "3.310.0"
    "@aws-sdk/util-body-length-browser" "3.310.0"
    "@aws-sdk/util-body-length-node" "3.310.0"
    "@aws-sdk/util-defaults-mode-browser" "3.325.0"
    "@aws-sdk/util-defaults-mode-node" "3.325.0"
    "@aws-sdk/util-endpoints" "3.319.0"
    "@aws-sdk/util-retry" "3.310.0"
    "@aws-sdk/util-user-agent-browser" "3.310.0"
    "@aws-sdk/util-user-agent-node" "3.310.0"
    "@aws-sdk/util-utf8" "3.310.0"
    tslib "^2.5.0"

"@aws-sdk/client-sso@3.326.0":
  version "3.326.0"
  resolved "https://registry.yarnpkg.com/@aws-sdk/client-sso/-/client-sso-3.326.0.tgz#50e090b2c0f5b91a79f3f0d6087f9ee8c50071f9"
  integrity sha512-dLV9JyTvalh/0vIMd+eJ93n4lvmXcBqXuSFJkyFnyFN/HAB/zC8XB3ccZ1DbwydWMpyVevW6h8+z2gGcq6mweQ==
  dependencies:
    "@aws-crypto/sha256-browser" "3.0.0"
    "@aws-crypto/sha256-js" "3.0.0"
    "@aws-sdk/config-resolver" "3.310.0"
    "@aws-sdk/fetch-http-handler" "3.310.0"
    "@aws-sdk/hash-node" "3.310.0"
    "@aws-sdk/invalid-dependency" "3.310.0"
    "@aws-sdk/middleware-content-length" "3.325.0"
    "@aws-sdk/middleware-endpoint" "3.325.0"
    "@aws-sdk/middleware-host-header" "3.325.0"
    "@aws-sdk/middleware-logger" "3.325.0"
    "@aws-sdk/middleware-recursion-detection" "3.325.0"
    "@aws-sdk/middleware-retry" "3.325.0"
    "@aws-sdk/middleware-serde" "3.325.0"
    "@aws-sdk/middleware-stack" "3.325.0"
    "@aws-sdk/middleware-user-agent" "3.325.0"
    "@aws-sdk/node-config-provider" "3.310.0"
    "@aws-sdk/node-http-handler" "3.321.1"
    "@aws-sdk/protocol-http" "3.310.0"
    "@aws-sdk/smithy-client" "3.325.0"
    "@aws-sdk/types" "3.310.0"
    "@aws-sdk/url-parser" "3.310.0"
    "@aws-sdk/util-base64" "3.310.0"
    "@aws-sdk/util-body-length-browser" "3.310.0"
    "@aws-sdk/util-body-length-node" "3.310.0"
    "@aws-sdk/util-defaults-mode-browser" "3.325.0"
    "@aws-sdk/util-defaults-mode-node" "3.325.0"
    "@aws-sdk/util-endpoints" "3.319.0"
    "@aws-sdk/util-retry" "3.310.0"
    "@aws-sdk/util-user-agent-browser" "3.310.0"
    "@aws-sdk/util-user-agent-node" "3.310.0"
    "@aws-sdk/util-utf8" "3.310.0"
    tslib "^2.5.0"

"@aws-sdk/client-sts@3.326.0":
  version "3.326.0"
  resolved "https://registry.yarnpkg.com/@aws-sdk/client-sts/-/client-sts-3.326.0.tgz#997d00d633910843f667c296ba9780f7e1cd905f"
  integrity sha512-kVxqOqfoTsObH085AbD6MVdizju03h9bmxDNRXm8ehGtQUDN6B3aqZ78Hp4DryBC87W8SdlehzuRkByW8gQL4A==
  dependencies:
    "@aws-crypto/sha256-browser" "3.0.0"
    "@aws-crypto/sha256-js" "3.0.0"
    "@aws-sdk/config-resolver" "3.310.0"
    "@aws-sdk/credential-provider-node" "3.326.0"
    "@aws-sdk/fetch-http-handler" "3.310.0"
    "@aws-sdk/hash-node" "3.310.0"
    "@aws-sdk/invalid-dependency" "3.310.0"
    "@aws-sdk/middleware-content-length" "3.325.0"
    "@aws-sdk/middleware-endpoint" "3.325.0"
    "@aws-sdk/middleware-host-header" "3.325.0"
    "@aws-sdk/middleware-logger" "3.325.0"
    "@aws-sdk/middleware-recursion-detection" "3.325.0"
    "@aws-sdk/middleware-retry" "3.325.0"
    "@aws-sdk/middleware-sdk-sts" "3.326.0"
    "@aws-sdk/middleware-serde" "3.325.0"
    "@aws-sdk/middleware-signing" "3.325.0"
    "@aws-sdk/middleware-stack" "3.325.0"
    "@aws-sdk/middleware-user-agent" "3.325.0"
    "@aws-sdk/node-config-provider" "3.310.0"
    "@aws-sdk/node-http-handler" "3.321.1"
    "@aws-sdk/protocol-http" "3.310.0"
    "@aws-sdk/smithy-client" "3.325.0"
    "@aws-sdk/types" "3.310.0"
    "@aws-sdk/url-parser" "3.310.0"
    "@aws-sdk/util-base64" "3.310.0"
    "@aws-sdk/util-body-length-browser" "3.310.0"
    "@aws-sdk/util-body-length-node" "3.310.0"
    "@aws-sdk/util-defaults-mode-browser" "3.325.0"
    "@aws-sdk/util-defaults-mode-node" "3.325.0"
    "@aws-sdk/util-endpoints" "3.319.0"
    "@aws-sdk/util-retry" "3.310.0"
    "@aws-sdk/util-user-agent-browser" "3.310.0"
    "@aws-sdk/util-user-agent-node" "3.310.0"
    "@aws-sdk/util-utf8" "3.310.0"
    fast-xml-parser "4.1.2"
    tslib "^2.5.0"

"@aws-sdk/config-resolver@3.310.0":
  version "3.310.0"
  resolved "https://registry.yarnpkg.com/@aws-sdk/config-resolver/-/config-resolver-3.310.0.tgz#c02dce96546d5cd25551bc89907b27224e16ca7f"
  integrity sha512-8vsT+/50lOqfDxka9m/rRt6oxv1WuGZoP8oPMk0Dt+TxXMbAzf4+rejBgiB96wshI1k3gLokYRjSQZn+dDtT8g==
  dependencies:
    "@aws-sdk/types" "3.310.0"
    "@aws-sdk/util-config-provider" "3.310.0"
    "@aws-sdk/util-middleware" "3.310.0"
    tslib "^2.5.0"

"@aws-sdk/credential-provider-env@3.310.0":
  version "3.310.0"
  resolved "https://registry.yarnpkg.com/@aws-sdk/credential-provider-env/-/credential-provider-env-3.310.0.tgz#c52694fb276341db6ce4e816cf9ca90fa5830dad"
  integrity sha512-vvIPQpI16fj95xwS7M3D48F7QhZJBnnCgB5lR+b7So+vsG9ibm1mZRVGzVpdxCvgyOhHFbvrby9aalNJmmIP1A==
  dependencies:
    "@aws-sdk/property-provider" "3.310.0"
    "@aws-sdk/types" "3.310.0"
    tslib "^2.5.0"

"@aws-sdk/credential-provider-imds@3.310.0":
  version "3.310.0"
  resolved "https://registry.yarnpkg.com/@aws-sdk/credential-provider-imds/-/credential-provider-imds-3.310.0.tgz#d8fb1223fee7e289a81e28177fe55dedf4d2745e"
  integrity sha512-baxK7Zp6dai5AGW01FIW27xS2KAaPUmKLIXv5SvFYsUgXXvNW55im4uG3b+2gA0F7V+hXvVBH08OEqmwW6we5w==
  dependencies:
    "@aws-sdk/node-config-provider" "3.310.0"
    "@aws-sdk/property-provider" "3.310.0"
    "@aws-sdk/types" "3.310.0"
    "@aws-sdk/url-parser" "3.310.0"
    tslib "^2.5.0"

"@aws-sdk/credential-provider-ini@3.326.0":
  version "3.326.0"
  resolved "https://registry.yarnpkg.com/@aws-sdk/credential-provider-ini/-/credential-provider-ini-3.326.0.tgz#33fa09ff113f6d8af8d319340818b90b48969df5"
  integrity sha512-6iaDk2W1HOtQMMynbSy3VHumfGG8jkbAZ0tXPAbIXxN7w65GObOsamOkUBRp+Y6A+JuZYJyu1CRFHASENluJOA==
  dependencies:
    "@aws-sdk/credential-provider-env" "3.310.0"
    "@aws-sdk/credential-provider-imds" "3.310.0"
    "@aws-sdk/credential-provider-process" "3.310.0"
    "@aws-sdk/credential-provider-sso" "3.326.0"
    "@aws-sdk/credential-provider-web-identity" "3.310.0"
    "@aws-sdk/property-provider" "3.310.0"
    "@aws-sdk/shared-ini-file-loader" "3.310.0"
    "@aws-sdk/types" "3.310.0"
    tslib "^2.5.0"

"@aws-sdk/credential-provider-node@3.326.0":
  version "3.326.0"
  resolved "https://registry.yarnpkg.com/@aws-sdk/credential-provider-node/-/credential-provider-node-3.326.0.tgz#2fceaf68396cec53faa371bdfc896f6c0fcdb29d"
  integrity sha512-7wopivXUgx5rcUSSUD4Zf5UQtFZEw/AFh1/DBjA/gWFjwKVdNUN0WxciV3g7zhIhZp2ffe4hTtlmHl3GuDR+zA==
  dependencies:
    "@aws-sdk/credential-provider-env" "3.310.0"
    "@aws-sdk/credential-provider-imds" "3.310.0"
    "@aws-sdk/credential-provider-ini" "3.326.0"
    "@aws-sdk/credential-provider-process" "3.310.0"
    "@aws-sdk/credential-provider-sso" "3.326.0"
    "@aws-sdk/credential-provider-web-identity" "3.310.0"
    "@aws-sdk/property-provider" "3.310.0"
    "@aws-sdk/shared-ini-file-loader" "3.310.0"
    "@aws-sdk/types" "3.310.0"
    tslib "^2.5.0"

"@aws-sdk/credential-provider-process@3.310.0":
  version "3.310.0"
  resolved "https://registry.yarnpkg.com/@aws-sdk/credential-provider-process/-/credential-provider-process-3.310.0.tgz#0b2ee77f0c48262442d2768044d72332a4ad8884"
  integrity sha512-h73sg6GPMUWC+3zMCbA1nZ2O03nNJt7G96JdmnantiXBwHpRKWW8nBTLzx5uhXn6hTuTaoQRP/P+oxQJKYdMmA==
  dependencies:
    "@aws-sdk/property-provider" "3.310.0"
    "@aws-sdk/shared-ini-file-loader" "3.310.0"
    "@aws-sdk/types" "3.310.0"
    tslib "^2.5.0"

"@aws-sdk/credential-provider-sso@3.326.0":
  version "3.326.0"
  resolved "https://registry.yarnpkg.com/@aws-sdk/credential-provider-sso/-/credential-provider-sso-3.326.0.tgz#15aa55bc4dab561b57ca9026aa73006506a3d630"
  integrity sha512-GYCcFH6wsXdV6ULYUC5oZDtigaoPdDxOG8/ny1QQvNCo0MhQ35v+2xYf+84FgtQDPba0B/or4ErzHdPkPHM39g==
  dependencies:
    "@aws-sdk/client-sso" "3.326.0"
    "@aws-sdk/property-provider" "3.310.0"
    "@aws-sdk/shared-ini-file-loader" "3.310.0"
    "@aws-sdk/token-providers" "3.326.0"
    "@aws-sdk/types" "3.310.0"
    tslib "^2.5.0"

"@aws-sdk/credential-provider-web-identity@3.310.0":
  version "3.310.0"
  resolved "https://registry.yarnpkg.com/@aws-sdk/credential-provider-web-identity/-/credential-provider-web-identity-3.310.0.tgz#c9fa09b0068027e58d31178e3fa06bf4e9ae9d36"
  integrity sha512-H4SzuZXILNhK6/IR1uVvsUDZvzc051hem7GLyYghBCu8mU+tq28YhKE8MfSroi6eL2e5Vujloij1OM2EQQkPkw==
  dependencies:
    "@aws-sdk/property-provider" "3.310.0"
    "@aws-sdk/types" "3.310.0"
    tslib "^2.5.0"

"@aws-sdk/endpoint-cache@3.310.0":
  version "3.310.0"
  resolved "https://registry.yarnpkg.com/@aws-sdk/endpoint-cache/-/endpoint-cache-3.310.0.tgz#e6f84bfcd55462966811390ef797145559bab15a"
  integrity sha512-y3wipforet41EDTI0vnzxILqwAGll1KfI5qcdX9pXF/WF1f+3frcOtPiWtQEZQpy4czRogKm3BHo70QBYAZxlQ==
  dependencies:
    mnemonist "0.38.3"
    tslib "^2.5.0"

"@aws-sdk/fetch-http-handler@3.310.0":
  version "3.310.0"
  resolved "https://registry.yarnpkg.com/@aws-sdk/fetch-http-handler/-/fetch-http-handler-3.310.0.tgz#f31006b7b3103683d72e177cd27d80354f7a37c4"
  integrity sha512-Bi9vIwzdkw1zMcvi/zGzlWS9KfIEnAq4NNhsnCxbQ4OoIRU9wvU+WGZdBBhxg0ZxZmpp1j1aZhU53lLjA07MHw==
  dependencies:
    "@aws-sdk/protocol-http" "3.310.0"
    "@aws-sdk/querystring-builder" "3.310.0"
    "@aws-sdk/types" "3.310.0"
    "@aws-sdk/util-base64" "3.310.0"
    tslib "^2.5.0"

"@aws-sdk/hash-node@3.310.0":
  version "3.310.0"
  resolved "https://registry.yarnpkg.com/@aws-sdk/hash-node/-/hash-node-3.310.0.tgz#4c1c89b9a2da3bb9783de84f0b762cc055b90d67"
  integrity sha512-NvE2fhRc8GRwCXBfDehxVAWCmVwVMILliAKVPAEr4yz2CkYs0tqU51S48x23dtna07H4qHtgpeNqVTthcIQOEQ==
  dependencies:
    "@aws-sdk/types" "3.310.0"
    "@aws-sdk/util-buffer-from" "3.310.0"
    "@aws-sdk/util-utf8" "3.310.0"
    tslib "^2.5.0"

"@aws-sdk/invalid-dependency@3.310.0":
  version "3.310.0"
  resolved "https://registry.yarnpkg.com/@aws-sdk/invalid-dependency/-/invalid-dependency-3.310.0.tgz#b96da9b9f63b12d1c390f9a06eeb28840fcb5b3c"
  integrity sha512-1s5RG5rSPXoa/aZ/Kqr5U/7lqpx+Ry81GprQ2bxWqJvWQIJ0IRUwo5pk8XFxbKVr/2a+4lZT/c3OGoBOM1yRRA==
  dependencies:
    "@aws-sdk/types" "3.310.0"
    tslib "^2.5.0"

"@aws-sdk/is-array-buffer@3.310.0":
  version "3.310.0"
  resolved "https://registry.yarnpkg.com/@aws-sdk/is-array-buffer/-/is-array-buffer-3.310.0.tgz#f87a79f1b858c88744f07e8d8d0a791df204017e"
  integrity sha512-urnbcCR+h9NWUnmOtet/s4ghvzsidFmspfhYaHAmSRdy9yDjdjBJMFjjsn85A1ODUktztm+cVncXjQ38WCMjMQ==
  dependencies:
    tslib "^2.5.0"

"@aws-sdk/middleware-content-length@3.325.0":
  version "3.325.0"
  resolved "https://registry.yarnpkg.com/@aws-sdk/middleware-content-length/-/middleware-content-length-3.325.0.tgz#1dbdc41766df195cc4d054d58b36ee78f26b990d"
  integrity sha512-t38VBKCpNqSKqSu0OfWMJs7cwaRHFGQxIF9lV8JMCM/2lyUpN4JcfuzSTK+MFN2eDZEHp5DiNg8w07GXXusRYg==
  dependencies:
    "@aws-sdk/protocol-http" "3.310.0"
    "@aws-sdk/types" "3.310.0"
    tslib "^2.5.0"

"@aws-sdk/middleware-endpoint-discovery@3.326.0":
  version "3.326.0"
  resolved "https://registry.yarnpkg.com/@aws-sdk/middleware-endpoint-discovery/-/middleware-endpoint-discovery-3.326.0.tgz#d32eebc278cd5757074b2efc664554c1e82a1698"
  integrity sha512-svA2C7+nphfn0M+/WwK9eYsGn1xHSjDBi8FzGsJoTl+DQBNvGzzVUmpxbLl/Se2OIpaVUT36/xdRtCHAN98XZA==
  dependencies:
    "@aws-sdk/endpoint-cache" "3.310.0"
    "@aws-sdk/protocol-http" "3.310.0"
    "@aws-sdk/types" "3.310.0"
    tslib "^2.5.0"

"@aws-sdk/middleware-endpoint@3.325.0":
  version "3.325.0"
  resolved "https://registry.yarnpkg.com/@aws-sdk/middleware-endpoint/-/middleware-endpoint-3.325.0.tgz#78ad5239f3b4a91a5efd9a548582cb8d3878cb60"
  integrity sha512-3CavuOHCKiWUnCtzrUFbhbEP26qIgzzRs5C3vpOJhDUhugBubIWgPGGRLpbnIro+P4XJPwM3pMziNzhKVuSDlQ==
  dependencies:
    "@aws-sdk/middleware-serde" "3.325.0"
    "@aws-sdk/types" "3.310.0"
    "@aws-sdk/url-parser" "3.310.0"
    "@aws-sdk/util-middleware" "3.310.0"
    tslib "^2.5.0"

"@aws-sdk/middleware-host-header@3.325.0":
  version "3.325.0"
  resolved "https://registry.yarnpkg.com/@aws-sdk/middleware-host-header/-/middleware-host-header-3.325.0.tgz#8f3a93948bd7c94ef39fc72a6c8b952dc8736675"
  integrity sha512-IN28gsxcRy4J+FxxCHvzb2NORBx8uMA+h9QYS4BBZfpKVYIZh+mudHgYcdNHWlKXmlTGjhWBNWTeByhzuSKAiA==
  dependencies:
    "@aws-sdk/protocol-http" "3.310.0"
    "@aws-sdk/types" "3.310.0"
    tslib "^2.5.0"

"@aws-sdk/middleware-logger@3.325.0":
  version "3.325.0"
  resolved "https://registry.yarnpkg.com/@aws-sdk/middleware-logger/-/middleware-logger-3.325.0.tgz#a1208c66d215ad904c02fb46c9e192e1e5caa74c"
  integrity sha512-S8rWgTpN2b/+UDDm+yZMFM6rw1zwO8KT0GAIQbAhB96shyD5eKen/UfihCTB7YMvbD2piebymwJTvxv6bn1VqQ==
  dependencies:
    "@aws-sdk/types" "3.310.0"
    tslib "^2.5.0"

"@aws-sdk/middleware-recursion-detection@3.325.0":
  version "3.325.0"
  resolved "https://registry.yarnpkg.com/@aws-sdk/middleware-recursion-detection/-/middleware-recursion-detection-3.325.0.tgz#1b22e3eafa5992628277d991dfc0b81b40eebeaa"
  integrity sha512-2l1ABF7KePsoKz8KaNvD2uxo1zHqkFHK4PL/wW/FbcwOcE08f0R7qX++st/bPpVjXX/j/5vWTnNNgJOIOrZhyw==
  dependencies:
    "@aws-sdk/protocol-http" "3.310.0"
    "@aws-sdk/types" "3.310.0"
    tslib "^2.5.0"

"@aws-sdk/middleware-retry@3.325.0":
  version "3.325.0"
  resolved "https://registry.yarnpkg.com/@aws-sdk/middleware-retry/-/middleware-retry-3.325.0.tgz#8809c8bc603585b15ffb45b75bc90face3613319"
  integrity sha512-oQM5AI3vkNQuCakBMgdohOcvRnVYcBBlv+KzCCj07ue9gk0x2dHOZY2pqTQ2CYilRqS/X1PtLogJXoyHP5Wvwg==
  dependencies:
    "@aws-sdk/protocol-http" "3.310.0"
    "@aws-sdk/service-error-classification" "3.310.0"
    "@aws-sdk/types" "3.310.0"
    "@aws-sdk/util-middleware" "3.310.0"
    "@aws-sdk/util-retry" "3.310.0"
    tslib "^2.5.0"
    uuid "^8.3.2"

"@aws-sdk/middleware-sdk-sts@3.326.0":
  version "3.326.0"
  resolved "https://registry.yarnpkg.com/@aws-sdk/middleware-sdk-sts/-/middleware-sdk-sts-3.326.0.tgz#4b0c983f966d079e2a1cd949c57af1c5f0a3ee30"
  integrity sha512-suOkuXxyAfOH0hznK63ZU10EoytKX5YPs9amO416VbgYFtuIeliCmntYfnl1jUvutp0fctGGpEGE9OnoYI+fhw==
  dependencies:
    "@aws-sdk/middleware-signing" "3.325.0"
    "@aws-sdk/types" "3.310.0"
    tslib "^2.5.0"

"@aws-sdk/middleware-serde@3.325.0":
  version "3.325.0"
  resolved "https://registry.yarnpkg.com/@aws-sdk/middleware-serde/-/middleware-serde-3.325.0.tgz#512ae03fbfa9266133aceafc010c6a9167ffb2f1"
  integrity sha512-QAZYaFfAw1a06Vg39JiYIq0kSJ6EuUPOiKfK/Goj0cBv78lrXWuKdf04UF3U8Rqk/4mamnsTqUSwf4NoKkF0hw==
  dependencies:
    "@aws-sdk/types" "3.310.0"
    tslib "^2.5.0"

"@aws-sdk/middleware-signing@3.325.0":
  version "3.325.0"
  resolved "https://registry.yarnpkg.com/@aws-sdk/middleware-signing/-/middleware-signing-3.325.0.tgz#46eea6805ca10ad4a4db8269e0bb3d31f906b887"
  integrity sha512-SOwPwaCE3vSCGwFzkIlnOUSkeCUzKTyIQnFVjlQkqGuMxMX/iDaQQGaX+HUbuGIuULCEQqjZH4dLKZcor8eVZw==
  dependencies:
    "@aws-sdk/property-provider" "3.310.0"
    "@aws-sdk/protocol-http" "3.310.0"
    "@aws-sdk/signature-v4" "3.310.0"
    "@aws-sdk/types" "3.310.0"
    "@aws-sdk/util-middleware" "3.310.0"
    tslib "^2.5.0"

"@aws-sdk/middleware-stack@3.325.0":
  version "3.325.0"
  resolved "https://registry.yarnpkg.com/@aws-sdk/middleware-stack/-/middleware-stack-3.325.0.tgz#3b592c7a6c32d2795746d050024585f588097621"
  integrity sha512-cZWehA4grGvX1IKlY9atJgD0bq3ew7YRJgY7GA6DSgsU7GrZ61Qvi+H7IuGx5AdeAwaTnbnTGN4qCaA2EfxNhA==
  dependencies:
    tslib "^2.5.0"

"@aws-sdk/middleware-user-agent@3.325.0":
  version "3.325.0"
  resolved "https://registry.yarnpkg.com/@aws-sdk/middleware-user-agent/-/middleware-user-agent-3.325.0.tgz#9ad9172b0002c7ad792839064b4f553ee14b2657"
  integrity sha512-2aIdGId4o8eIStm1J1aWZwNDf6nvrwg5Nx7BomLAxKZ4lkH8knzXDtxaZR4ElcTsBlBcYxz2gbsrScMyKRDTGA==
  dependencies:
    "@aws-sdk/protocol-http" "3.310.0"
    "@aws-sdk/types" "3.310.0"
    "@aws-sdk/util-endpoints" "3.319.0"
    tslib "^2.5.0"

"@aws-sdk/node-config-provider@3.310.0":
  version "3.310.0"
  resolved "https://registry.yarnpkg.com/@aws-sdk/node-config-provider/-/node-config-provider-3.310.0.tgz#ba8fb41af2db0316291ba9002267627553ec65ac"
  integrity sha512-T/Pp6htc6hq/Cq+MLNDSyiwWCMVF6GqbBbXKVlO5L8rdHx4sq9xPdoPveZhGWrxvkanjA6eCwUp6E0riBOSVng==
  dependencies:
    "@aws-sdk/property-provider" "3.310.0"
    "@aws-sdk/shared-ini-file-loader" "3.310.0"
    "@aws-sdk/types" "3.310.0"
    tslib "^2.5.0"

"@aws-sdk/node-http-handler@3.321.1":
  version "3.321.1"
  resolved "https://registry.yarnpkg.com/@aws-sdk/node-http-handler/-/node-http-handler-3.321.1.tgz#2de9380f3ce17f5b8b5d3c1300c8cd37d0ddddc5"
  integrity sha512-DdQBrtFFDNtzphJIN3s93Vf+qd9LHSzH6WTQRrWoXhTDMHDzSI2Cn+c5KWfk89Nggp/n3+OTwUPQeCiBT5EBuw==
  dependencies:
    "@aws-sdk/abort-controller" "3.310.0"
    "@aws-sdk/protocol-http" "3.310.0"
    "@aws-sdk/querystring-builder" "3.310.0"
    "@aws-sdk/types" "3.310.0"
    tslib "^2.5.0"

"@aws-sdk/property-provider@3.310.0":
  version "3.310.0"
  resolved "https://registry.yarnpkg.com/@aws-sdk/property-provider/-/property-provider-3.310.0.tgz#5fae8a4c11bda052afa9747d47b031f1c4f0f246"
  integrity sha512-3lxDb0akV6BBzmFe4nLPaoliQbAifyWJhuvuDOu7e8NzouvpQXs0275w9LePhhcgjKAEVXUIse05ZW2DLbxo/g==
  dependencies:
    "@aws-sdk/types" "3.310.0"
    tslib "^2.5.0"

"@aws-sdk/protocol-http@3.310.0":
  version "3.310.0"
  resolved "https://registry.yarnpkg.com/@aws-sdk/protocol-http/-/protocol-http-3.310.0.tgz#855c3314cba7ff3024a9a9701ca3c641691d997e"
  integrity sha512-fgZ1aw/irQtnrsR58pS8ThKOWo57Py3xX6giRvwSgZDEcxHfVzuQjy9yPuV++v04fdmdtgpbGf8WfvAAJ11yXQ==
  dependencies:
    "@aws-sdk/types" "3.310.0"
    tslib "^2.5.0"

"@aws-sdk/querystring-builder@3.310.0":
  version "3.310.0"
  resolved "https://registry.yarnpkg.com/@aws-sdk/querystring-builder/-/querystring-builder-3.310.0.tgz#5307ea52c3a4a1ae6818bbb6987cc6fce68b043f"
  integrity sha512-ZHH8GV/80+pWGo7DzsvwvXR5xVxUHXUvPJPFAkhr6nCf78igdoF8gR10ScFoEKbtEapoNTaZlKHPXxpD8aPG7A==
  dependencies:
    "@aws-sdk/types" "3.310.0"
    "@aws-sdk/util-uri-escape" "3.310.0"
    tslib "^2.5.0"

"@aws-sdk/querystring-parser@3.310.0":
  version "3.310.0"
  resolved "https://registry.yarnpkg.com/@aws-sdk/querystring-parser/-/querystring-parser-3.310.0.tgz#438183927e0b06e7c2ee004a1681b8d37c22e104"
  integrity sha512-YkIznoP6lsiIUHinx++/lbb3tlMURGGqMpo0Pnn32zYzGrJXA6eC3D0as2EcMjo55onTfuLcIiX4qzXes2MYOA==
  dependencies:
    "@aws-sdk/types" "3.310.0"
    tslib "^2.5.0"

"@aws-sdk/service-error-classification@3.310.0":
  version "3.310.0"
  resolved "https://registry.yarnpkg.com/@aws-sdk/service-error-classification/-/service-error-classification-3.310.0.tgz#352c1db426dcf54a44393bc9a0607dde796b2abb"
  integrity sha512-PuyC7k3qfIKeH2LCnDwbttMOKq3qAx4buvg0yfnJtQOz6t1AR8gsnAq0CjKXXyfkXwNKWTqCpE6lVNUIkXgsMw==

"@aws-sdk/shared-ini-file-loader@3.310.0":
  version "3.310.0"
  resolved "https://registry.yarnpkg.com/@aws-sdk/shared-ini-file-loader/-/shared-ini-file-loader-3.310.0.tgz#07e9c8e8e8bb0de7ed19b8cea908c920a493c9c9"
  integrity sha512-N0q9pG0xSjQwc690YQND5bofm+4nfUviQ/Ppgan2kU6aU0WUq8KwgHJBto/YEEI+VlrME30jZJnxtOvcZJc2XA==
  dependencies:
    "@aws-sdk/types" "3.310.0"
    tslib "^2.5.0"

"@aws-sdk/signature-v4@3.310.0":
  version "3.310.0"
  resolved "https://registry.yarnpkg.com/@aws-sdk/signature-v4/-/signature-v4-3.310.0.tgz#ad26426d3f72fa18e6808a36f827beb72d12bf2d"
  integrity sha512-1M60P1ZBNAjCFv9sYW29OF6okktaeibWyW3lMXqzoHF70lHBZh+838iUchznXUA5FLabfn4jBFWMRxlAXJUY2Q==
  dependencies:
    "@aws-sdk/is-array-buffer" "3.310.0"
    "@aws-sdk/types" "3.310.0"
    "@aws-sdk/util-hex-encoding" "3.310.0"
    "@aws-sdk/util-middleware" "3.310.0"
    "@aws-sdk/util-uri-escape" "3.310.0"
    "@aws-sdk/util-utf8" "3.310.0"
    tslib "^2.5.0"

"@aws-sdk/smithy-client@3.325.0":
  version "3.325.0"
  resolved "https://registry.yarnpkg.com/@aws-sdk/smithy-client/-/smithy-client-3.325.0.tgz#339f0ffa2824c5197a81831f9ff8a14d609517ec"
  integrity sha512-sqDFuhjxd8+Q9qI8MmXe/g1/FgoViwetv14K+bpHK7pGlOIvDyT7TboDNClfgqSLdgTDCEaoC3JRSi9Y5RgbmA==
  dependencies:
    "@aws-sdk/middleware-stack" "3.325.0"
    "@aws-sdk/types" "3.310.0"
    tslib "^2.5.0"

"@aws-sdk/token-providers@3.326.0":
  version "3.326.0"
  resolved "https://registry.yarnpkg.com/@aws-sdk/token-providers/-/token-providers-3.326.0.tgz#64383933415b84aabc15d084f2792e22c4b783cb"
  integrity sha512-Ghe4K6KgMWb5sx5HUzshJGjTMHUbzrxrjCwpEj2DHSMFivpy6LADS0+Ch3WR7w9CIu2V2tK20YrCPj4JC64dvA==
  dependencies:
    "@aws-sdk/client-sso-oidc" "3.326.0"
    "@aws-sdk/property-provider" "3.310.0"
    "@aws-sdk/shared-ini-file-loader" "3.310.0"
    "@aws-sdk/types" "3.310.0"
    tslib "^2.5.0"

"@aws-sdk/types@3.310.0", "@aws-sdk/types@^3.222.0":
  version "3.310.0"
  resolved "https://registry.yarnpkg.com/@aws-sdk/types/-/types-3.310.0.tgz#b83a0580feb38b58417abb8b4ed3eae1a0cb7bc1"
  integrity sha512-j8eamQJ7YcIhw7fneUfs8LYl3t01k4uHi4ZDmNRgtbmbmTTG3FZc2MotStZnp3nZB6vLiPF1o5aoJxWVvkzS6A==
  dependencies:
    tslib "^2.5.0"

"@aws-sdk/url-parser@3.310.0":
  version "3.310.0"
  resolved "https://registry.yarnpkg.com/@aws-sdk/url-parser/-/url-parser-3.310.0.tgz#928c9eac2e3d74c3c5db4c6e364a1de00185dcaa"
  integrity sha512-mCLnCaSB9rQvAgx33u0DujLvr4d5yEm/W5r789GblwwQnlNXedVu50QRizMLTpltYWyAUoXjJgQnJHmJMaKXhw==
  dependencies:
    "@aws-sdk/querystring-parser" "3.310.0"
    "@aws-sdk/types" "3.310.0"
    tslib "^2.5.0"

"@aws-sdk/util-base64@3.310.0":
  version "3.310.0"
  resolved "https://registry.yarnpkg.com/@aws-sdk/util-base64/-/util-base64-3.310.0.tgz#d0fd49aff358c5a6e771d0001c63b1f97acbe34c"
  integrity sha512-v3+HBKQvqgdzcbL+pFswlx5HQsd9L6ZTlyPVL2LS9nNXnCcR3XgGz9jRskikRUuUvUXtkSG1J88GAOnJ/apTPg==
  dependencies:
    "@aws-sdk/util-buffer-from" "3.310.0"
    tslib "^2.5.0"

"@aws-sdk/util-body-length-browser@3.310.0":
  version "3.310.0"
  resolved "https://registry.yarnpkg.com/@aws-sdk/util-body-length-browser/-/util-body-length-browser-3.310.0.tgz#3fca9d2f73c058edf1907e4a1d99a392fdd23eca"
  integrity sha512-sxsC3lPBGfpHtNTUoGXMQXLwjmR0zVpx0rSvzTPAuoVILVsp5AU/w5FphNPxD5OVIjNbZv9KsKTuvNTiZjDp9g==
  dependencies:
    tslib "^2.5.0"

"@aws-sdk/util-body-length-node@3.310.0":
  version "3.310.0"
  resolved "https://registry.yarnpkg.com/@aws-sdk/util-body-length-node/-/util-body-length-node-3.310.0.tgz#4846ae72834ab0636f29f89fc1878520f6543fed"
  integrity sha512-2tqGXdyKhyA6w4zz7UPoS8Ip+7sayOg9BwHNidiGm2ikbDxm1YrCfYXvCBdwaJxa4hJfRVz+aL9e+d3GqPI9pQ==
  dependencies:
    tslib "^2.5.0"

"@aws-sdk/util-buffer-from@3.310.0":
  version "3.310.0"
  resolved "https://registry.yarnpkg.com/@aws-sdk/util-buffer-from/-/util-buffer-from-3.310.0.tgz#7a72cb965984d3c6a7e256ae6cf1621f52e54a57"
  integrity sha512-i6LVeXFtGih5Zs8enLrt+ExXY92QV25jtEnTKHsmlFqFAuL3VBeod6boeMXkN2p9lbSVVQ1sAOOYZOHYbYkntw==
  dependencies:
    "@aws-sdk/is-array-buffer" "3.310.0"
    tslib "^2.5.0"

"@aws-sdk/util-config-provider@3.310.0":
  version "3.310.0"
  resolved "https://registry.yarnpkg.com/@aws-sdk/util-config-provider/-/util-config-provider-3.310.0.tgz#ff21f73d4774cfd7bd16ae56f905828600dda95f"
  integrity sha512-xIBaYo8dwiojCw8vnUcIL4Z5tyfb1v3yjqyJKJWV/dqKUFOOS0U591plmXbM+M/QkXyML3ypon1f8+BoaDExrg==
  dependencies:
    tslib "^2.5.0"

"@aws-sdk/util-defaults-mode-browser@3.325.0":
  version "3.325.0"
  resolved "https://registry.yarnpkg.com/@aws-sdk/util-defaults-mode-browser/-/util-defaults-mode-browser-3.325.0.tgz#1ebe9b06c08adaba835c566da2cbf393cfaa504a"
  integrity sha512-gcowpXTo8E8N3jxD2KW+csiicJ7HPkhWnpL925xgwe0oq091OpATsKFrBOL18h72VfRWf4FAsR9lVwxSQ78zSA==
  dependencies:
    "@aws-sdk/property-provider" "3.310.0"
    "@aws-sdk/types" "3.310.0"
    bowser "^2.11.0"
    tslib "^2.5.0"

"@aws-sdk/util-defaults-mode-node@3.325.0":
  version "3.325.0"
  resolved "https://registry.yarnpkg.com/@aws-sdk/util-defaults-mode-node/-/util-defaults-mode-node-3.325.0.tgz#81ab64bcf41045adaf05f743387fe938d826e8b7"
  integrity sha512-/5uoOrgNxoUxv3AwsdXjMA3f6KJA6fi69otA0RiINjilCdcbOxq5GI11AFEyRio/+e+imriX4+UYjsguUR+f4g==
  dependencies:
    "@aws-sdk/config-resolver" "3.310.0"
    "@aws-sdk/credential-provider-imds" "3.310.0"
    "@aws-sdk/node-config-provider" "3.310.0"
    "@aws-sdk/property-provider" "3.310.0"
    "@aws-sdk/types" "3.310.0"
    tslib "^2.5.0"

"@aws-sdk/util-endpoints@3.319.0":
  version "3.319.0"
  resolved "https://registry.yarnpkg.com/@aws-sdk/util-endpoints/-/util-endpoints-3.319.0.tgz#9be64762a8fae9eaac004cd3fa95576b3cb6ee38"
  integrity sha512-3I64UMoYA2e2++oOUJXRcFtYLpLylnZFRltWfPo1B3dLlf+MIWat9djT+mMus+hW1ntLsvAIVu1hLVePJC0gvw==
  dependencies:
    "@aws-sdk/types" "3.310.0"
    tslib "^2.5.0"

"@aws-sdk/util-hex-encoding@3.310.0":
  version "3.310.0"
  resolved "https://registry.yarnpkg.com/@aws-sdk/util-hex-encoding/-/util-hex-encoding-3.310.0.tgz#19294c78986c90ae33f04491487863dc1d33bd87"
  integrity sha512-sVN7mcCCDSJ67pI1ZMtk84SKGqyix6/0A1Ab163YKn+lFBQRMKexleZzpYzNGxYzmQS6VanP/cfU7NiLQOaSfA==
  dependencies:
    tslib "^2.5.0"

"@aws-sdk/util-locate-window@^3.0.0":
  version "3.208.0"
  resolved "https://registry.yarnpkg.com/@aws-sdk/util-locate-window/-/util-locate-window-3.208.0.tgz#0f598fc238a1256e4bcb64d01459f03a922dd4c3"
  integrity sha512-iua1A2+P7JJEDHVgvXrRJSvsnzG7stYSGQnBVphIUlemwl6nN5D+QrgbjECtrbxRz8asYFHSzhdhECqN+tFiBg==
  dependencies:
    tslib "^2.3.1"

"@aws-sdk/util-middleware@3.310.0":
  version "3.310.0"
  resolved "https://registry.yarnpkg.com/@aws-sdk/util-middleware/-/util-middleware-3.310.0.tgz#713c5bfa296f4cf707150a0a1e911afd50dcf939"
  integrity sha512-FTSUKL/eRb9X6uEZClrTe27QFXUNNp7fxYrPndZwk1hlaOP5ix+MIHBcI7pIiiY/JPfOUmPyZOu+HetlFXjWog==
  dependencies:
    tslib "^2.5.0"

"@aws-sdk/util-retry@3.310.0":
  version "3.310.0"
  resolved "https://registry.yarnpkg.com/@aws-sdk/util-retry/-/util-retry-3.310.0.tgz#4cdc35e2dfdacf2d928ab474ba8b67bbadd6be3c"
  integrity sha512-FwWGhCBLfoivTMUHu1LIn4NjrN9JLJ/aX5aZmbcPIOhZVFJj638j0qDgZXyfvVqBuBZh7M8kGq0Oahy3dp69OA==
  dependencies:
    "@aws-sdk/service-error-classification" "3.310.0"
    tslib "^2.5.0"

"@aws-sdk/util-uri-escape@3.310.0":
  version "3.310.0"
  resolved "https://registry.yarnpkg.com/@aws-sdk/util-uri-escape/-/util-uri-escape-3.310.0.tgz#9f942f09a715d8278875013a416295746b6085ba"
  integrity sha512-drzt+aB2qo2LgtDoiy/3sVG8w63cgLkqFIa2NFlGpUgHFWTXkqtbgf4L5QdjRGKWhmZsnqkbtL7vkSWEcYDJ4Q==
  dependencies:
    tslib "^2.5.0"

"@aws-sdk/util-user-agent-browser@3.310.0":
  version "3.310.0"
  resolved "https://registry.yarnpkg.com/@aws-sdk/util-user-agent-browser/-/util-user-agent-browser-3.310.0.tgz#48d463a93351b78b678df324f3518a9798029c44"
  integrity sha512-yU/4QnHHuQ5z3vsUqMQVfYLbZGYwpYblPiuZx4Zo9+x0PBkNjYMqctdDcrpoH9Z2xZiDN16AmQGK1tix117ZKw==
  dependencies:
    "@aws-sdk/types" "3.310.0"
    bowser "^2.11.0"
    tslib "^2.5.0"

"@aws-sdk/util-user-agent-node@3.310.0":
  version "3.310.0"
  resolved "https://registry.yarnpkg.com/@aws-sdk/util-user-agent-node/-/util-user-agent-node-3.310.0.tgz#ebefbedc5a4759adc958885741628ec0de1ab197"
  integrity sha512-Ra3pEl+Gn2BpeE7KiDGpi4zj7WJXZA5GXnGo3mjbi9+Y3zrbuhJAbdZO3mO/o7xDgMC6ph4xCTbaSGzU6b6EDg==
  dependencies:
    "@aws-sdk/node-config-provider" "3.310.0"
    "@aws-sdk/types" "3.310.0"
    tslib "^2.5.0"

"@aws-sdk/util-utf8-browser@^3.0.0":
  version "3.259.0"
  resolved "https://registry.yarnpkg.com/@aws-sdk/util-utf8-browser/-/util-utf8-browser-3.259.0.tgz#3275a6f5eb334f96ca76635b961d3c50259fd9ff"
  integrity sha512-UvFa/vR+e19XookZF8RzFZBrw2EUkQWxiBW0yYQAhvk3C+QVGl0H3ouca8LDBlBfQKXwmW3huo/59H8rwb1wJw==
  dependencies:
    tslib "^2.3.1"

"@aws-sdk/util-utf8@3.310.0":
  version "3.310.0"
  resolved "https://registry.yarnpkg.com/@aws-sdk/util-utf8/-/util-utf8-3.310.0.tgz#4a7b9dcebb88e830d3811aeb21e9a6df4273afb4"
  integrity sha512-DnLfFT8uCO22uOJc0pt0DsSNau1GTisngBCDw8jQuWT5CqogMJu4b/uXmwEqfj8B3GX6Xsz8zOd6JpRlPftQoA==
  dependencies:
    "@aws-sdk/util-buffer-from" "3.310.0"
    tslib "^2.5.0"

"@aws-sdk/util-waiter@3.310.0":
  version "3.310.0"
  resolved "https://registry.yarnpkg.com/@aws-sdk/util-waiter/-/util-waiter-3.310.0.tgz#a410739cfc637af9ccea21de079d00652e9b8363"
  integrity sha512-AV5j3guH/Y4REu+Qh3eXQU9igljHuU4XjX2sADAgf54C0kkhcCCkkiuzk3IsX089nyJCqIcj5idbjdvpnH88Vw==
  dependencies:
    "@aws-sdk/abort-controller" "3.310.0"
    "@aws-sdk/types" "3.310.0"
    tslib "^2.5.0"

"@octokit/auth-token@^3.0.0":
  version "3.0.3"
  resolved "https://registry.yarnpkg.com/@octokit/auth-token/-/auth-token-3.0.3.tgz#ce7e48a3166731f26068d7a7a7996b5da58cbe0c"
  integrity sha512-/aFM2M4HVDBT/jjDBa84sJniv1t9Gm/rLkalaz9htOm+L+8JMj1k9w0CkUdcxNyNxZPlTxKPVko+m1VlM58ZVA==
  dependencies:
    "@octokit/types" "^9.0.0"

"@octokit/core@^4.2.1":
  version "4.2.1"
  resolved "https://registry.yarnpkg.com/@octokit/core/-/core-4.2.1.tgz#fee6341ad0ce60c29cc455e056cd5b500410a588"
  integrity sha512-tEDxFx8E38zF3gT7sSMDrT1tGumDgsw5yPG6BBh/X+5ClIQfMH/Yqocxz1PnHx6CHyF6pxmovUTOfZAUvQ0Lvw==
  dependencies:
    "@octokit/auth-token" "^3.0.0"
    "@octokit/graphql" "^5.0.0"
    "@octokit/request" "^6.0.0"
    "@octokit/request-error" "^3.0.0"
    "@octokit/types" "^9.0.0"
    before-after-hook "^2.2.0"
    universal-user-agent "^6.0.0"

"@octokit/endpoint@^7.0.0":
  version "7.0.5"
  resolved "https://registry.yarnpkg.com/@octokit/endpoint/-/endpoint-7.0.5.tgz#2bb2a911c12c50f10014183f5d596ce30ac67dd1"
  integrity sha512-LG4o4HMY1Xoaec87IqQ41TQ+glvIeTKqfjkCEmt5AIwDZJwQeVZFIEYXrYY6yLwK+pAScb9Gj4q+Nz2qSw1roA==
  dependencies:
    "@octokit/types" "^9.0.0"
    is-plain-object "^5.0.0"
    universal-user-agent "^6.0.0"

"@octokit/graphql@^5.0.0":
  version "5.0.5"
  resolved "https://registry.yarnpkg.com/@octokit/graphql/-/graphql-5.0.5.tgz#a4cb3ea73f83b861893a6370ee82abb36e81afd2"
  integrity sha512-Qwfvh3xdqKtIznjX9lz2D458r7dJPP8l6r4GQkIdWQouZwHQK0mVT88uwiU2bdTU2OtT1uOlKpRciUWldpG0yQ==
  dependencies:
    "@octokit/request" "^6.0.0"
    "@octokit/types" "^9.0.0"
    universal-user-agent "^6.0.0"

"@octokit/openapi-types@^16.0.0":
  version "16.0.0"
  resolved "https://registry.yarnpkg.com/@octokit/openapi-types/-/openapi-types-16.0.0.tgz#d92838a6cd9fb4639ca875ddb3437f1045cc625e"
  integrity sha512-JbFWOqTJVLHZSUUoF4FzAZKYtqdxWu9Z5m2QQnOyEa04fOFljvyh7D3GYKbfuaSWisqehImiVIMG4eyJeP5VEA==

"@octokit/openapi-types@^17.2.0":
  version "17.2.0"
  resolved "https://registry.yarnpkg.com/@octokit/openapi-types/-/openapi-types-17.2.0.tgz#f1800b5f9652b8e1b85cc6dfb1e0dc888810bdb5"
  integrity sha512-MazrFNx4plbLsGl+LFesMo96eIXkFgEtaKbnNpdh4aQ0VM10aoylFsTYP1AEjkeoRNZiiPe3T6Gl2Hr8dJWdlQ==

"@octokit/plugin-paginate-rest@^6.1.2":
  version "6.1.2"
  resolved "https://registry.yarnpkg.com/@octokit/plugin-paginate-rest/-/plugin-paginate-rest-6.1.2.tgz#f86456a7a1fe9e58fec6385a85cf1b34072341f8"
  integrity sha512-qhrmtQeHU/IivxucOV1bbI/xZyC/iOBhclokv7Sut5vnejAIAEXVcGQeRpQlU39E0WwK9lNvJHphHri/DB6lbQ==
  dependencies:
    "@octokit/tsconfig" "^1.0.2"
    "@octokit/types" "^9.2.3"

"@octokit/plugin-request-log@^1.0.4":
  version "1.0.4"
  resolved "https://registry.yarnpkg.com/@octokit/plugin-request-log/-/plugin-request-log-1.0.4.tgz#5e50ed7083a613816b1e4a28aeec5fb7f1462e85"
  integrity sha512-mLUsMkgP7K/cnFEw07kWqXGF5LKrOkD+lhCrKvPHXWDywAwuDUeDwWBpc69XK3pNX0uKiVt8g5z96PJ6z9xCFA==

"@octokit/plugin-rest-endpoint-methods@^7.1.2":
  version "7.1.2"
  resolved "https://registry.yarnpkg.com/@octokit/plugin-rest-endpoint-methods/-/plugin-rest-endpoint-methods-7.1.2.tgz#b77a8844601d3a394a02200cddb077f3ab841f38"
  integrity sha512-R0oJ7j6f/AdqPLtB9qRXLO+wjI9pctUn8Ka8UGfGaFCcCv3Otx14CshQ89K4E88pmyYZS8p0rNTiprML/81jig==
  dependencies:
    "@octokit/types" "^9.2.3"
    deprecation "^2.3.1"

"@octokit/request-error@^3.0.0":
  version "3.0.3"
  resolved "https://registry.yarnpkg.com/@octokit/request-error/-/request-error-3.0.3.tgz#ef3dd08b8e964e53e55d471acfe00baa892b9c69"
  integrity sha512-crqw3V5Iy2uOU5Np+8M/YexTlT8zxCfI+qu+LxUB7SZpje4Qmx3mub5DfEKSO8Ylyk0aogi6TYdf6kxzh2BguQ==
  dependencies:
    "@octokit/types" "^9.0.0"
    deprecation "^2.0.0"
    once "^1.4.0"

"@octokit/request@^6.0.0":
  version "6.2.3"
  resolved "https://registry.yarnpkg.com/@octokit/request/-/request-6.2.3.tgz#76d5d6d44da5c8d406620a4c285d280ae310bdb4"
  integrity sha512-TNAodj5yNzrrZ/VxP+H5HiYaZep0H3GU0O7PaF+fhDrt8FPrnkei9Aal/txsN/1P7V3CPiThG0tIvpPDYUsyAA==
  dependencies:
    "@octokit/endpoint" "^7.0.0"
    "@octokit/request-error" "^3.0.0"
    "@octokit/types" "^9.0.0"
    is-plain-object "^5.0.0"
    node-fetch "^2.6.7"
    universal-user-agent "^6.0.0"

"@octokit/rest@^19.0.3":
  version "19.0.11"
  resolved "https://registry.yarnpkg.com/@octokit/rest/-/rest-19.0.11.tgz#2ae01634fed4bd1fca5b642767205ed3fd36177c"
  integrity sha512-m2a9VhaP5/tUw8FwfnW2ICXlXpLPIqxtg3XcAiGMLj/Xhw3RSBfZ8le/466ktO1Gcjr8oXudGnHhxV1TXJgFxw==
  dependencies:
    "@octokit/core" "^4.2.1"
    "@octokit/plugin-paginate-rest" "^6.1.2"
    "@octokit/plugin-request-log" "^1.0.4"
    "@octokit/plugin-rest-endpoint-methods" "^7.1.2"

"@octokit/tsconfig@^1.0.2":
  version "1.0.2"
  resolved "https://registry.yarnpkg.com/@octokit/tsconfig/-/tsconfig-1.0.2.tgz#59b024d6f3c0ed82f00d08ead5b3750469125af7"
  integrity sha512-I0vDR0rdtP8p2lGMzvsJzbhdOWy405HcGovrspJ8RRibHnyRgggUSNO5AIox5LmqiwmatHKYsvj6VGFHkqS7lA==

"@octokit/types@^9.0.0":
  version "9.0.0"
  resolved "https://registry.yarnpkg.com/@octokit/types/-/types-9.0.0.tgz#6050db04ddf4188ec92d60e4da1a2ce0633ff635"
  integrity sha512-LUewfj94xCMH2rbD5YJ+6AQ4AVjFYTgpp6rboWM5T7N3IsIF65SBEOVcYMGAEzO/kKNiNaW4LoWtoThOhH06gw==
  dependencies:
    "@octokit/openapi-types" "^16.0.0"

"@octokit/types@^9.2.3":
  version "9.2.3"
  resolved "https://registry.yarnpkg.com/@octokit/types/-/types-9.2.3.tgz#d0af522f394d74b585cefb7efd6197ca44d183a9"
  integrity sha512-MMeLdHyFIALioycq+LFcA71v0S2xpQUX2cw6pPbHQjaibcHYwLnmK/kMZaWuGfGfjBJZ3wRUq+dOaWsvrPJVvA==
  dependencies:
    "@octokit/openapi-types" "^17.2.0"

before-after-hook@^2.2.0:
  version "2.2.3"
  resolved "https://registry.yarnpkg.com/before-after-hook/-/before-after-hook-2.2.3.tgz#c51e809c81a4e354084422b9b26bad88249c517c"
  integrity sha512-NzUnlZexiaH/46WDhANlyR2bXRopNg4F/zuSA3OpZnllCUgRaOF2znDioDWrmbNVsuZk6l9pMquQB38cfBZwkQ==

bowser@^2.11.0:
  version "2.11.0"
  resolved "https://registry.yarnpkg.com/bowser/-/bowser-2.11.0.tgz#5ca3c35757a7aa5771500c70a73a9f91ef420a8f"
  integrity sha512-AlcaJBi/pqqJBIQ8U9Mcpc9i8Aqxn88Skv5d+xBX006BY5u8N3mGLHa5Lgppa7L/HfwgwLgZ6NYs+Ag6uUmJRA==

deprecation@^2.0.0, deprecation@^2.3.1:
  version "2.3.1"
  resolved "https://registry.yarnpkg.com/deprecation/-/deprecation-2.3.1.tgz#6368cbdb40abf3373b525ac87e4a260c3a700919"
  integrity sha512-xmHIy4F3scKVwMsQ4WnVaS8bHOx0DmVwRywosKhaILI0ywMDWPtBSku2HNxRvF7jtwDRsoEwYQSfbxj8b7RlJQ==

fast-xml-parser@4.1.2:
  version "4.1.2"
  resolved "https://registry.yarnpkg.com/fast-xml-parser/-/fast-xml-parser-4.1.2.tgz#5a98c18238d28a57bbdfa9fe4cda01211fff8f4a"
  integrity sha512-CDYeykkle1LiA/uqQyNwYpFbyF6Axec6YapmpUP+/RHWIoR1zKjocdvNaTsxCxZzQ6v9MLXaSYm9Qq0thv0DHg==
  dependencies:
    strnum "^1.0.5"

is-plain-object@^5.0.0:
  version "5.0.0"
  resolved "https://registry.yarnpkg.com/is-plain-object/-/is-plain-object-5.0.0.tgz#4427f50ab3429e9025ea7d52e9043a9ef4159344"
  integrity sha512-VRSzKkbMm5jMDoKLbltAkFQ5Qr7VDiTFGXxYFXXowVj387GeGNOCsOH6Msy00SGZ3Fp84b1Naa1psqgcCIEP5Q==

mnemonist@0.38.3:
  version "0.38.3"
  resolved "https://registry.yarnpkg.com/mnemonist/-/mnemonist-0.38.3.tgz#35ec79c1c1f4357cfda2fe264659c2775ccd7d9d"
  integrity sha512-2K9QYubXx/NAjv4VLq1d1Ly8pWNC5L3BrixtdkyTegXWJIqY+zLNDhhX/A+ZwWt70tB1S8H4BE8FLYEFyNoOBw==
  dependencies:
    obliterator "^1.6.1"

node-fetch@^2.6.7:
  version "2.6.9"
  resolved "https://registry.yarnpkg.com/node-fetch/-/node-fetch-2.6.9.tgz#7c7f744b5cc6eb5fd404e0c7a9fec630a55657e6"
  integrity sha512-DJm/CJkZkRjKKj4Zi4BsKVZh3ValV5IR5s7LVZnW+6YMh0W1BfNA8XSs6DLMGYlId5F3KnA70uu2qepcR08Qqg==
  dependencies:
    whatwg-url "^5.0.0"

obliterator@^1.6.1:
  version "1.6.1"
  resolved "https://registry.yarnpkg.com/obliterator/-/obliterator-1.6.1.tgz#dea03e8ab821f6c4d96a299e17aef6a3af994ef3"
  integrity sha512-9WXswnqINnnhOG/5SLimUlzuU1hFJUc8zkwyD59Sd+dPOMf05PmnYG/d6Q7HZ+KmgkZJa1PxRso6QdM3sTNHig==

once@^1.4.0:
  version "1.4.0"
  resolved "https://registry.yarnpkg.com/once/-/once-1.4.0.tgz#583b1aa775961d4b113ac17d9c50baef9dd76bd1"
  integrity sha512-lNaJgI+2Q5URQBkccEKHTQOPaXdUxnZZElQTZY0MFUAuaEqe1E+Nyvgdz/aIyNi6Z9MzO5dv1H8n58/GELp3+w==
  dependencies:
    wrappy "1"

strnum@^1.0.5:
  version "1.0.5"
  resolved "https://registry.yarnpkg.com/strnum/-/strnum-1.0.5.tgz#5c4e829fe15ad4ff0d20c3db5ac97b73c9b072db"
  integrity sha512-J8bbNyKKXl5qYcR36TIO8W3mVGVHrmmxsd5PAItGkmyzwJvybiw2IVq5nqd0i4LSNSkB/sx9VHllbfFdr9k1JA==

tr46@~0.0.3:
  version "0.0.3"
  resolved "https://registry.yarnpkg.com/tr46/-/tr46-0.0.3.tgz#8184fd347dac9cdc185992f3a6622e14b9d9ab6a"
  integrity sha512-N3WMsuqV66lT30CrXNbEjx4GEwlow3v6rr4mCcv6prnfwhS01rkgyFdjPNBYd9br7LpXV1+Emh01fHnq2Gdgrw==

tslib@^1.11.1:
  version "1.14.1"
  resolved "https://registry.yarnpkg.com/tslib/-/tslib-1.14.1.tgz#cf2d38bdc34a134bcaf1091c41f6619e2f672d00"
  integrity sha512-Xni35NKzjgMrwevysHTCArtLDpPvye8zV/0E4EyYn43P7/7qvQwPh9BGkHewbMulVntbigmcT7rdX3BNo9wRJg==

tslib@^2.3.1, tslib@^2.5.0:
  version "2.5.0"
  resolved "https://registry.yarnpkg.com/tslib/-/tslib-2.5.0.tgz#42bfed86f5787aeb41d031866c8f402429e0fddf"
  integrity sha512-336iVw3rtn2BUK7ORdIAHTyxHGRIHVReokCR3XjbckJMK7ms8FysBfhLR8IXnAgy7T0PTPNBWKiH514FOW/WSg==

universal-user-agent@^6.0.0:
  version "6.0.0"
  resolved "https://registry.yarnpkg.com/universal-user-agent/-/universal-user-agent-6.0.0.tgz#3381f8503b251c0d9cd21bc1de939ec9df5480ee"
  integrity sha512-isyNax3wXoKaulPDZWHQqbmIx1k2tb9fb3GGDBRxCscfYV2Ch7WxPArBsFEG8s/safwXTT7H4QGhaIkTp9447w==

uuid@^8.3.2:
  version "8.3.2"
  resolved "https://registry.yarnpkg.com/uuid/-/uuid-8.3.2.tgz#80d5b5ced271bb9af6c445f21a1a04c606cefbe2"
  integrity sha512-+NYs2QeMWy+GWFOEm9xnn6HCDp0l7QBD7ml8zLUmJ+93Q5NF0NocErnwkTkXVFNiX3/fpC6afS8Dhb/gz7R7eg==

webidl-conversions@^3.0.0:
  version "3.0.1"
  resolved "https://registry.yarnpkg.com/webidl-conversions/-/webidl-conversions-3.0.1.tgz#24534275e2a7bc6be7bc86611cc16ae0a5654871"
  integrity sha512-2JAn3z8AR6rjK8Sm8orRC0h/bcl/DqL7tRPdGZ4I1CjdF+EaMLmYxBHyXuKL849eucPFhvBoxMsflfOb8kxaeQ==

whatwg-url@^5.0.0:
  version "5.0.0"
  resolved "https://registry.yarnpkg.com/whatwg-url/-/whatwg-url-5.0.0.tgz#966454e8765462e37644d3626f6742ce8b70965d"
  integrity sha512-saE57nupxk6v3HY35+jzBwYa0rKSy0XR8JSxZPwgLr7ys0IBzhGviA1/TUGJLmSVqs8pb9AnvICXEuOHLprYTw==
  dependencies:
    tr46 "~0.0.3"
    webidl-conversions "^3.0.0"

wrappy@1:
  version "1.0.2"
  resolved "https://registry.yarnpkg.com/wrappy/-/wrappy-1.0.2.tgz#b5243d8f3ec1aa35f1364605bc0d1036e30ab69f"
  integrity sha512-l4Sp/DRseor9wL6EvV2+TuQn63dMkPjZ/sp9XkghTEbV9KlPS1xUsZ3u7/IQO4wxtcFB4bgpQPRcR3QCvezPcQ==
