# THIS IS AN AUTOGENERATED FILE. DO NOT EDIT THIS FILE DIRECTLY.
# yarn lockfile v1


"@aws-crypto/crc32@5.2.0":
  version "5.2.0"
  resolved "https://registry.yarnpkg.com/@aws-crypto/crc32/-/crc32-5.2.0.tgz#cfcc22570949c98c6689cfcbd2d693d36cdae2e1"
  integrity sha512-nLbCWqQNgUiwwtFsen1AdzAtvuLRsQS8rYgMuxCrdKf9kOssamGLuPwyTY9wyYblNr9+1XM8v6zoDTPPSIeANg==
  dependencies:
    "@aws-crypto/util" "^5.2.0"
    "@aws-sdk/types" "^3.222.0"
    tslib "^2.6.2"

"@aws-crypto/crc32c@5.2.0":
  version "5.2.0"
  resolved "https://registry.yarnpkg.com/@aws-crypto/crc32c/-/crc32c-5.2.0.tgz#4e34aab7f419307821509a98b9b08e84e0c1917e"
  integrity sha512-+iWb8qaHLYKrNvGRbiYRHSdKRWhto5XlZUEBwDjYNf+ly5SVYG6zEoYIdxvf5R3zyeP16w4PLBn3rH1xc74Rag==
  dependencies:
    "@aws-crypto/util" "^5.2.0"
    "@aws-sdk/types" "^3.222.0"
    tslib "^2.6.2"

"@aws-crypto/sha1-browser@5.2.0":
  version "5.2.0"
  resolved "https://registry.yarnpkg.com/@aws-crypto/sha1-browser/-/sha1-browser-5.2.0.tgz#b0ee2d2821d3861f017e965ef3b4cb38e3b6a0f4"
  integrity sha512-OH6lveCFfcDjX4dbAvCFSYUjJZjDr/3XJ3xHtjn3Oj5b9RjojQo8npoLeA/bNwkOkrSQ0wgrHzXk4tDRxGKJeg==
  dependencies:
    "@aws-crypto/supports-web-crypto" "^5.2.0"
    "@aws-crypto/util" "^5.2.0"
    "@aws-sdk/types" "^3.222.0"
    "@aws-sdk/util-locate-window" "^3.0.0"
    "@smithy/util-utf8" "^2.0.0"
    tslib "^2.6.2"

"@aws-crypto/sha256-browser@5.2.0":
  version "5.2.0"
  resolved "https://registry.yarnpkg.com/@aws-crypto/sha256-browser/-/sha256-browser-5.2.0.tgz#153895ef1dba6f9fce38af550e0ef58988eb649e"
  integrity sha512-AXfN/lGotSQwu6HNcEsIASo7kWXZ5HYWvfOmSNKDsEqC4OashTp8alTmaz+F7TC2L083SFv5RdB+qU3Vs1kZqw==
  dependencies:
    "@aws-crypto/sha256-js" "^5.2.0"
    "@aws-crypto/supports-web-crypto" "^5.2.0"
    "@aws-crypto/util" "^5.2.0"
    "@aws-sdk/types" "^3.222.0"
    "@aws-sdk/util-locate-window" "^3.0.0"
    "@smithy/util-utf8" "^2.0.0"
    tslib "^2.6.2"

"@aws-crypto/sha256-js@5.2.0", "@aws-crypto/sha256-js@^5.2.0":
  version "5.2.0"
  resolved "https://registry.yarnpkg.com/@aws-crypto/sha256-js/-/sha256-js-5.2.0.tgz#c4fdb773fdbed9a664fc1a95724e206cf3860042"
  integrity sha512-FFQQyu7edu4ufvIZ+OadFpHHOt+eSTBaYaki44c+akjg7qZg9oOQeLlk77F6tSYqjDAFClrHJk9tMf0HdVyOvA==
  dependencies:
    "@aws-crypto/util" "^5.2.0"
    "@aws-sdk/types" "^3.222.0"
    tslib "^2.6.2"

"@aws-crypto/supports-web-crypto@^5.2.0":
  version "5.2.0"
  resolved "https://registry.yarnpkg.com/@aws-crypto/supports-web-crypto/-/supports-web-crypto-5.2.0.tgz#a1e399af29269be08e695109aa15da0a07b5b5fb"
  integrity sha512-iAvUotm021kM33eCdNfwIN//F77/IADDSs58i+MDaOqFrVjZo9bAal0NK7HurRuWLLpF1iLX7gbWrjHjeo+YFg==
  dependencies:
    tslib "^2.6.2"

"@aws-crypto/util@5.2.0", "@aws-crypto/util@^5.2.0":
  version "5.2.0"
  resolved "https://registry.yarnpkg.com/@aws-crypto/util/-/util-5.2.0.tgz#71284c9cffe7927ddadac793c14f14886d3876da"
  integrity sha512-4RkU9EsI6ZpBve5fseQlGNUWKMa1RLPQ1dnjnQoe07ldfIzcsGb5hC5W0Dm7u423KWzawlrpbjXBrXCEv9zazQ==
  dependencies:
    "@aws-sdk/types" "^3.222.0"
    "@smithy/util-utf8" "^2.0.0"
    tslib "^2.6.2"

"@aws-sdk/client-s3@^3.946.0":
  version "3.946.0"
  resolved "https://registry.yarnpkg.com/@aws-sdk/client-s3/-/client-s3-3.946.0.tgz#462ca31b0ffdf9c77e990a794004ff5bcc6e0672"
  integrity sha512-Y3ww3yd1wzmS2r3qgH3jg4MxCTdeNrae2J1BmdV+IW/2R2gFWJva5U5GbS6KUSUxanJBRG7gd8uOIi1b0EMOng==
  dependencies:
    "@aws-crypto/sha1-browser" "5.2.0"
    "@aws-crypto/sha256-browser" "5.2.0"
    "@aws-crypto/sha256-js" "5.2.0"
    "@aws-sdk/core" "3.946.0"
    "@aws-sdk/credential-provider-node" "3.946.0"
    "@aws-sdk/middleware-bucket-endpoint" "3.936.0"
    "@aws-sdk/middleware-expect-continue" "3.936.0"
    "@aws-sdk/middleware-flexible-checksums" "3.946.0"
    "@aws-sdk/middleware-host-header" "3.936.0"
    "@aws-sdk/middleware-location-constraint" "3.936.0"
    "@aws-sdk/middleware-logger" "3.936.0"
    "@aws-sdk/middleware-recursion-detection" "3.936.0"
    "@aws-sdk/middleware-sdk-s3" "3.946.0"
    "@aws-sdk/middleware-ssec" "3.936.0"
    "@aws-sdk/middleware-user-agent" "3.946.0"
    "@aws-sdk/region-config-resolver" "3.936.0"
    "@aws-sdk/signature-v4-multi-region" "3.946.0"
    "@aws-sdk/types" "3.936.0"
    "@aws-sdk/util-endpoints" "3.936.0"
    "@aws-sdk/util-user-agent-browser" "3.936.0"
    "@aws-sdk/util-user-agent-node" "3.946.0"
    "@smithy/config-resolver" "^4.4.3"
    "@smithy/core" "^3.18.7"
    "@smithy/eventstream-serde-browser" "^4.2.5"
    "@smithy/eventstream-serde-config-resolver" "^4.3.5"
    "@smithy/eventstream-serde-node" "^4.2.5"
    "@smithy/fetch-http-handler" "^5.3.6"
    "@smithy/hash-blob-browser" "^4.2.6"
    "@smithy/hash-node" "^4.2.5"
    "@smithy/hash-stream-node" "^4.2.5"
    "@smithy/invalid-dependency" "^4.2.5"
    "@smithy/md5-js" "^4.2.5"
    "@smithy/middleware-content-length" "^4.2.5"
    "@smithy/middleware-endpoint" "^4.3.14"
    "@smithy/middleware-retry" "^4.4.14"
    "@smithy/middleware-serde" "^4.2.6"
    "@smithy/middleware-stack" "^4.2.5"
    "@smithy/node-config-provider" "^4.3.5"
    "@smithy/node-http-handler" "^4.4.5"
    "@smithy/protocol-http" "^5.3.5"
    "@smithy/smithy-client" "^4.9.10"
    "@smithy/types" "^4.9.0"
    "@smithy/url-parser" "^4.2.5"
    "@smithy/util-base64" "^4.3.0"
    "@smithy/util-body-length-browser" "^4.2.0"
    "@smithy/util-body-length-node" "^4.2.1"
    "@smithy/util-defaults-mode-browser" "^4.3.13"
    "@smithy/util-defaults-mode-node" "^4.2.16"
    "@smithy/util-endpoints" "^3.2.5"
    "@smithy/util-middleware" "^4.2.5"
    "@smithy/util-retry" "^4.2.5"
    "@smithy/util-stream" "^4.5.6"
    "@smithy/util-utf8" "^4.2.0"
    "@smithy/util-waiter" "^4.2.5"
    tslib "^2.6.2"

"@aws-sdk/client-sso@3.946.0":
  version "3.946.0"
  resolved "https://registry.yarnpkg.com/@aws-sdk/client-sso/-/client-sso-3.946.0.tgz#2ecfe3864f67155eff64fd2312ab46ae30ad77d6"
  integrity sha512-kGAs5iIVyUz4p6TX3pzG5q3cNxXnVpC4pwRC6DCSaSv9ozyPjc2d74FsK4fZ+J+ejtvCdJk72uiuQtWJc86Wuw==
  dependencies:
    "@aws-crypto/sha256-browser" "5.2.0"
    "@aws-crypto/sha256-js" "5.2.0"
    "@aws-sdk/core" "3.946.0"
    "@aws-sdk/middleware-host-header" "3.936.0"
    "@aws-sdk/middleware-logger" "3.936.0"
    "@aws-sdk/middleware-recursion-detection" "3.936.0"
    "@aws-sdk/middleware-user-agent" "3.946.0"
    "@aws-sdk/region-config-resolver" "3.936.0"
    "@aws-sdk/types" "3.936.0"
    "@aws-sdk/util-endpoints" "3.936.0"
    "@aws-sdk/util-user-agent-browser" "3.936.0"
    "@aws-sdk/util-user-agent-node" "3.946.0"
    "@smithy/config-resolver" "^4.4.3"
    "@smithy/core" "^3.18.7"
    "@smithy/fetch-http-handler" "^5.3.6"
    "@smithy/hash-node" "^4.2.5"
    "@smithy/invalid-dependency" "^4.2.5"
    "@smithy/middleware-content-length" "^4.2.5"
    "@smithy/middleware-endpoint" "^4.3.14"
    "@smithy/middleware-retry" "^4.4.14"
    "@smithy/middleware-serde" "^4.2.6"
    "@smithy/middleware-stack" "^4.2.5"
    "@smithy/node-config-provider" "^4.3.5"
    "@smithy/node-http-handler" "^4.4.5"
    "@smithy/protocol-http" "^5.3.5"
    "@smithy/smithy-client" "^4.9.10"
    "@smithy/types" "^4.9.0"
    "@smithy/url-parser" "^4.2.5"
    "@smithy/util-base64" "^4.3.0"
    "@smithy/util-body-length-browser" "^4.2.0"
    "@smithy/util-body-length-node" "^4.2.1"
    "@smithy/util-defaults-mode-browser" "^4.3.13"
    "@smithy/util-defaults-mode-node" "^4.2.16"
    "@smithy/util-endpoints" "^3.2.5"
    "@smithy/util-middleware" "^4.2.5"
    "@smithy/util-retry" "^4.2.5"
    "@smithy/util-utf8" "^4.2.0"
    tslib "^2.6.2"

"@aws-sdk/core@3.946.0":
  version "3.946.0"
  resolved "https://registry.yarnpkg.com/@aws-sdk/core/-/core-3.946.0.tgz#61ba7b8c3f27f04496231fdc9485df5bceae4e89"
  integrity sha512-u2BkbLLVbMFrEiXrko2+S6ih5sUZPlbVyRPtXOqMHlCyzr70sE8kIiD6ba223rQeIFPcYfW/wHc6k4ihW2xxVg==
  dependencies:
    "@aws-sdk/types" "3.936.0"
    "@aws-sdk/xml-builder" "3.930.0"
    "@smithy/core" "^3.18.7"
    "@smithy/node-config-provider" "^4.3.5"
    "@smithy/property-provider" "^4.2.5"
    "@smithy/protocol-http" "^5.3.5"
    "@smithy/signature-v4" "^5.3.5"
    "@smithy/smithy-client" "^4.9.10"
    "@smithy/types" "^4.9.0"
    "@smithy/util-base64" "^4.3.0"
    "@smithy/util-middleware" "^4.2.5"
    "@smithy/util-utf8" "^4.2.0"
    tslib "^2.6.2"

"@aws-sdk/credential-provider-env@3.946.0":
  version "3.946.0"
  resolved "https://registry.yarnpkg.com/@aws-sdk/credential-provider-env/-/credential-provider-env-3.946.0.tgz#d2fff69989f98b562c285dbe0d6dc2715fea5f6f"
  integrity sha512-P4l+K6wX1tf8LmWUvZofdQ+BgCNyk6Tb9u1H10npvqpuCD+dCM4pXIBq3PQcv/juUBOvLGGREo+Govuh3lfD0Q==
  dependencies:
    "@aws-sdk/core" "3.946.0"
    "@aws-sdk/types" "3.936.0"
    "@smithy/property-provider" "^4.2.5"
    "@smithy/types" "^4.9.0"
    tslib "^2.6.2"

"@aws-sdk/credential-provider-http@3.946.0":
  version "3.946.0"
  resolved "https://registry.yarnpkg.com/@aws-sdk/credential-provider-http/-/credential-provider-http-3.946.0.tgz#7befebf44880454563bbb14dd14113f1c7d19ae9"
  integrity sha512-/zeOJ6E7dGZQ/l2k7KytEoPJX0APIhwt0A79hPf/bUpMF4dDs2P6JmchDrotk0a0Y/MIdNF8sBQ/MEOPnBiYoQ==
  dependencies:
    "@aws-sdk/core" "3.946.0"
    "@aws-sdk/types" "3.936.0"
    "@smithy/fetch-http-handler" "^5.3.6"
    "@smithy/node-http-handler" "^4.4.5"
    "@smithy/property-provider" "^4.2.5"
    "@smithy/protocol-http" "^5.3.5"
    "@smithy/smithy-client" "^4.9.10"
    "@smithy/types" "^4.9.0"
    "@smithy/util-stream" "^4.5.6"
    tslib "^2.6.2"

"@aws-sdk/credential-provider-ini@3.946.0":
  version "3.946.0"
  resolved "https://registry.yarnpkg.com/@aws-sdk/credential-provider-ini/-/credential-provider-ini-3.946.0.tgz#0fb5e76f066b5ebbbf98121af6fb9ffd01ae072c"
  integrity sha512-Pdgcra3RivWj/TuZmfFaHbqsvvgnSKO0CxlRUMMr0PgBiCnUhyl+zBktdNOeGsOPH2fUzQpYhcUjYUgVSdcSDQ==
  dependencies:
    "@aws-sdk/core" "3.946.0"
    "@aws-sdk/credential-provider-env" "3.946.0"
    "@aws-sdk/credential-provider-http" "3.946.0"
    "@aws-sdk/credential-provider-login" "3.946.0"
    "@aws-sdk/credential-provider-process" "3.946.0"
    "@aws-sdk/credential-provider-sso" "3.946.0"
    "@aws-sdk/credential-provider-web-identity" "3.946.0"
    "@aws-sdk/nested-clients" "3.946.0"
    "@aws-sdk/types" "3.936.0"
    "@smithy/credential-provider-imds" "^4.2.5"
    "@smithy/property-provider" "^4.2.5"
    "@smithy/shared-ini-file-loader" "^4.4.0"
    "@smithy/types" "^4.9.0"
    tslib "^2.6.2"

"@aws-sdk/credential-provider-login@3.946.0":
  version "3.946.0"
  resolved "https://registry.yarnpkg.com/@aws-sdk/credential-provider-login/-/credential-provider-login-3.946.0.tgz#da3eb3f59d9d09ae9c2a2a07d7c4eca00b10929e"
  integrity sha512-5iqLNc15u2Zx+7jOdQkIbP62N7n2031tw5hkmIG0DLnozhnk64osOh2CliiOE9x3c4P9Pf4frAwgyy9GzNTk2g==
  dependencies:
    "@aws-sdk/core" "3.946.0"
    "@aws-sdk/nested-clients" "3.946.0"
    "@aws-sdk/types" "3.936.0"
    "@smithy/property-provider" "^4.2.5"
    "@smithy/protocol-http" "^5.3.5"
    "@smithy/shared-ini-file-loader" "^4.4.0"
    "@smithy/types" "^4.9.0"
    tslib "^2.6.2"

"@aws-sdk/credential-provider-node@3.946.0":
  version "3.946.0"
  resolved "https://registry.yarnpkg.com/@aws-sdk/credential-provider-node/-/credential-provider-node-3.946.0.tgz#c544df6010abf2c609ab7e44de872dc663e7db02"
  integrity sha512-I7URUqnBPng1a5y81OImxrwERysZqMBREG6svhhGeZgxmqcpAZ8z5ywILeQXdEOCuuES8phUp/ojzxFjPXp/eA==
  dependencies:
    "@aws-sdk/credential-provider-env" "3.946.0"
    "@aws-sdk/credential-provider-http" "3.946.0"
    "@aws-sdk/credential-provider-ini" "3.946.0"
    "@aws-sdk/credential-provider-process" "3.946.0"
    "@aws-sdk/credential-provider-sso" "3.946.0"
    "@aws-sdk/credential-provider-web-identity" "3.946.0"
    "@aws-sdk/types" "3.936.0"
    "@smithy/credential-provider-imds" "^4.2.5"
    "@smithy/property-provider" "^4.2.5"
    "@smithy/shared-ini-file-loader" "^4.4.0"
    "@smithy/types" "^4.9.0"
    tslib "^2.6.2"

"@aws-sdk/credential-provider-process@3.946.0":
  version "3.946.0"
  resolved "https://registry.yarnpkg.com/@aws-sdk/credential-provider-process/-/credential-provider-process-3.946.0.tgz#d9b1d78215a53deb1da34fc208f9a471800f202f"
  integrity sha512-GtGHX7OGqIeVQ3DlVm5RRF43Qmf3S1+PLJv9svrdvAhAdy2bUb044FdXXqrtSsIfpzTKlHgQUiRo5MWLd35Ntw==
  dependencies:
    "@aws-sdk/core" "3.946.0"
    "@aws-sdk/types" "3.936.0"
    "@smithy/property-provider" "^4.2.5"
    "@smithy/shared-ini-file-loader" "^4.4.0"
    "@smithy/types" "^4.9.0"
    tslib "^2.6.2"

"@aws-sdk/credential-provider-sso@3.946.0":
  version "3.946.0"
  resolved "https://registry.yarnpkg.com/@aws-sdk/credential-provider-sso/-/credential-provider-sso-3.946.0.tgz#b76c057b91b9c6779516dde03e61467fb1cd67f1"
  integrity sha512-LeGSSt2V5iwYey1ENGY75RmoDP3bA2iE/py8QBKW8EDA8hn74XBLkprhrK5iccOvU3UGWY8WrEKFAFGNjJOL9g==
  dependencies:
    "@aws-sdk/client-sso" "3.946.0"
    "@aws-sdk/core" "3.946.0"
    "@aws-sdk/token-providers" "3.946.0"
    "@aws-sdk/types" "3.936.0"
    "@smithy/property-provider" "^4.2.5"
    "@smithy/shared-ini-file-loader" "^4.4.0"
    "@smithy/types" "^4.9.0"
    tslib "^2.6.2"

"@aws-sdk/credential-provider-web-identity@3.946.0":
  version "3.946.0"
  resolved "https://registry.yarnpkg.com/@aws-sdk/credential-provider-web-identity/-/credential-provider-web-identity-3.946.0.tgz#ff8a600d3fdc25ed446e1af8993f2800b2fccbe3"
  integrity sha512-ocBCvjWfkbjxElBI1QUxOnHldsNhoU0uOICFvuRDAZAoxvypJHN3m5BJkqb7gqorBbcv3LRgmBdEnWXOAvq+7Q==
  dependencies:
    "@aws-sdk/core" "3.946.0"
    "@aws-sdk/nested-clients" "3.946.0"
    "@aws-sdk/types" "3.936.0"
    "@smithy/property-provider" "^4.2.5"
    "@smithy/shared-ini-file-loader" "^4.4.0"
    "@smithy/types" "^4.9.0"
    tslib "^2.6.2"

"@aws-sdk/middleware-bucket-endpoint@3.936.0":
  version "3.936.0"
  resolved "https://registry.yarnpkg.com/@aws-sdk/middleware-bucket-endpoint/-/middleware-bucket-endpoint-3.936.0.tgz#3c2d9935a2a388fb74f8318d620e2da38d360970"
  integrity sha512-XLSVVfAorUxZh6dzF+HTOp4R1B5EQcdpGcPliWr0KUj2jukgjZEcqbBmjyMF/p9bmyQsONX80iURF1HLAlW0qg==
  dependencies:
    "@aws-sdk/types" "3.936.0"
    "@aws-sdk/util-arn-parser" "3.893.0"
    "@smithy/node-config-provider" "^4.3.5"
    "@smithy/protocol-http" "^5.3.5"
    "@smithy/types" "^4.9.0"
    "@smithy/util-config-provider" "^4.2.0"
    tslib "^2.6.2"

"@aws-sdk/middleware-expect-continue@3.936.0":
  version "3.936.0"
  resolved "https://registry.yarnpkg.com/@aws-sdk/middleware-expect-continue/-/middleware-expect-continue-3.936.0.tgz#da1ce8a8b9af61192131a1c0a54bcab2a8a0e02f"
  integrity sha512-Eb4ELAC23bEQLJmUMYnPWcjD3FZIsmz2svDiXEcxRkQU9r7NRID7pM7C5NPH94wOfiCk0b2Y8rVyFXW0lGQwbA==
  dependencies:
    "@aws-sdk/types" "3.936.0"
    "@smithy/protocol-http" "^5.3.5"
    "@smithy/types" "^4.9.0"
    tslib "^2.6.2"

"@aws-sdk/middleware-flexible-checksums@3.946.0":
  version "3.946.0"
  resolved "https://registry.yarnpkg.com/@aws-sdk/middleware-flexible-checksums/-/middleware-flexible-checksums-3.946.0.tgz#a2b99eac1223286fffee418e2b5bc907a65718b1"
  integrity sha512-HJA7RIWsnxcChyZ1hNF/3JICkYCqDonxoeG8FkrmLRBknZ8WVdJiPD420/UwrWaa5F2MuTDA92jxk77rI09h1w==
  dependencies:
    "@aws-crypto/crc32" "5.2.0"
    "@aws-crypto/crc32c" "5.2.0"
    "@aws-crypto/util" "5.2.0"
    "@aws-sdk/core" "3.946.0"
    "@aws-sdk/types" "3.936.0"
    "@smithy/is-array-buffer" "^4.2.0"
    "@smithy/node-config-provider" "^4.3.5"
    "@smithy/protocol-http" "^5.3.5"
    "@smithy/types" "^4.9.0"
    "@smithy/util-middleware" "^4.2.5"
    "@smithy/util-stream" "^4.5.6"
    "@smithy/util-utf8" "^4.2.0"
    tslib "^2.6.2"

"@aws-sdk/middleware-host-header@3.936.0":
  version "3.936.0"
  resolved "https://registry.yarnpkg.com/@aws-sdk/middleware-host-header/-/middleware-host-header-3.936.0.tgz#ef1144d175f1f499afbbd92ad07e24f8ccc9e9ce"
  integrity sha512-tAaObaAnsP1XnLGndfkGWFuzrJYuk9W0b/nLvol66t8FZExIAf/WdkT2NNAWOYxljVs++oHnyHBCxIlaHrzSiw==
  dependencies:
    "@aws-sdk/types" "3.936.0"
    "@smithy/protocol-http" "^5.3.5"
    "@smithy/types" "^4.9.0"
    tslib "^2.6.2"

"@aws-sdk/middleware-location-constraint@3.936.0":
  version "3.936.0"
  resolved "https://registry.yarnpkg.com/@aws-sdk/middleware-location-constraint/-/middleware-location-constraint-3.936.0.tgz#1f79ba7d2506f12b806689f22d687fb05db3614e"
  integrity sha512-SCMPenDtQMd9o5da9JzkHz838w3327iqXk3cbNnXWqnNRx6unyW8FL0DZ84gIY12kAyVHz5WEqlWuekc15ehfw==
  dependencies:
    "@aws-sdk/types" "3.936.0"
    "@smithy/types" "^4.9.0"
    tslib "^2.6.2"

"@aws-sdk/middleware-logger@3.936.0":
  version "3.936.0"
  resolved "https://registry.yarnpkg.com/@aws-sdk/middleware-logger/-/middleware-logger-3.936.0.tgz#691093bebb708b994be10f19358e8699af38a209"
  integrity sha512-aPSJ12d3a3Ea5nyEnLbijCaaYJT2QjQ9iW+zGh5QcZYXmOGWbKVyPSxmVOboZQG+c1M8t6d2O7tqrwzIq8L8qw==
  dependencies:
    "@aws-sdk/types" "3.936.0"
    "@smithy/types" "^4.9.0"
    tslib "^2.6.2"

"@aws-sdk/middleware-recursion-detection@3.936.0":
  version "3.936.0"
  resolved "https://registry.yarnpkg.com/@aws-sdk/middleware-recursion-detection/-/middleware-recursion-detection-3.936.0.tgz#141b6c92c1aa42bcd71aa854e0783b4f28e87a30"
  integrity sha512-l4aGbHpXM45YNgXggIux1HgsCVAvvBoqHPkqLnqMl9QVapfuSTjJHfDYDsx1Xxct6/m7qSMUzanBALhiaGO2fA==
  dependencies:
    "@aws-sdk/types" "3.936.0"
    "@aws/lambda-invoke-store" "^0.2.0"
    "@smithy/protocol-http" "^5.3.5"
    "@smithy/types" "^4.9.0"
    tslib "^2.6.2"

"@aws-sdk/middleware-sdk-s3@3.946.0":
  version "3.946.0"
  resolved "https://registry.yarnpkg.com/@aws-sdk/middleware-sdk-s3/-/middleware-sdk-s3-3.946.0.tgz#1157eb981519aa2d7ace5df21163d7c20b5b27df"
  integrity sha512-0UTFmFd8PX2k/jLu/DBmR+mmLQWAtUGHYps9Rjx3dcXNwaMLaa/39NoV3qn7Dwzfpqc6JZlZzBk+NDOCJIHW9g==
  dependencies:
    "@aws-sdk/core" "3.946.0"
    "@aws-sdk/types" "3.936.0"
    "@aws-sdk/util-arn-parser" "3.893.0"
    "@smithy/core" "^3.18.7"
    "@smithy/node-config-provider" "^4.3.5"
    "@smithy/protocol-http" "^5.3.5"
    "@smithy/signature-v4" "^5.3.5"
    "@smithy/smithy-client" "^4.9.10"
    "@smithy/types" "^4.9.0"
    "@smithy/util-config-provider" "^4.2.0"
    "@smithy/util-middleware" "^4.2.5"
    "@smithy/util-stream" "^4.5.6"
    "@smithy/util-utf8" "^4.2.0"
    tslib "^2.6.2"

"@aws-sdk/middleware-ssec@3.936.0":
  version "3.936.0"
  resolved "https://registry.yarnpkg.com/@aws-sdk/middleware-ssec/-/middleware-ssec-3.936.0.tgz#7a56e6946a86ce4f4489459e5188091116e8ddba"
  integrity sha512-/GLC9lZdVp05ozRik5KsuODR/N7j+W+2TbfdFL3iS+7un+gnP6hC8RDOZd6WhpZp7drXQ9guKiTAxkZQwzS8DA==
  dependencies:
    "@aws-sdk/types" "3.936.0"
    "@smithy/types" "^4.9.0"
    tslib "^2.6.2"

"@aws-sdk/middleware-user-agent@3.946.0":
  version "3.946.0"
  resolved "https://registry.yarnpkg.com/@aws-sdk/middleware-user-agent/-/middleware-user-agent-3.946.0.tgz#520e977ff528306e5587af648d9f08fe8021afcf"
  integrity sha512-7QcljCraeaWQNuqmOoAyZs8KpZcuhPiqdeeKoRd397jVGNRehLFsZbIMOvwaluUDFY11oMyXOkQEERe1Zo2fCw==
  dependencies:
    "@aws-sdk/core" "3.946.0"
    "@aws-sdk/types" "3.936.0"
    "@aws-sdk/util-endpoints" "3.936.0"
    "@smithy/core" "^3.18.7"
    "@smithy/protocol-http" "^5.3.5"
    "@smithy/types" "^4.9.0"
    tslib "^2.6.2"

"@aws-sdk/nested-clients@3.946.0":
  version "3.946.0"
  resolved "https://registry.yarnpkg.com/@aws-sdk/nested-clients/-/nested-clients-3.946.0.tgz#30c4c0da0f14450cf6512f061c141406c480501d"
  integrity sha512-rjAtEguukeW8mlyEQMQI56vxFoyWlaNwowmz1p1rav948SUjtrzjHAp4TOQWhibb7AR7BUTHBCgIcyCRjBEf4g==
  dependencies:
    "@aws-crypto/sha256-browser" "5.2.0"
    "@aws-crypto/sha256-js" "5.2.0"
    "@aws-sdk/core" "3.946.0"
    "@aws-sdk/middleware-host-header" "3.936.0"
    "@aws-sdk/middleware-logger" "3.936.0"
    "@aws-sdk/middleware-recursion-detection" "3.936.0"
    "@aws-sdk/middleware-user-agent" "3.946.0"
    "@aws-sdk/region-config-resolver" "3.936.0"
    "@aws-sdk/types" "3.936.0"
    "@aws-sdk/util-endpoints" "3.936.0"
    "@aws-sdk/util-user-agent-browser" "3.936.0"
    "@aws-sdk/util-user-agent-node" "3.946.0"
    "@smithy/config-resolver" "^4.4.3"
    "@smithy/core" "^3.18.7"
    "@smithy/fetch-http-handler" "^5.3.6"
    "@smithy/hash-node" "^4.2.5"
    "@smithy/invalid-dependency" "^4.2.5"
    "@smithy/middleware-content-length" "^4.2.5"
    "@smithy/middleware-endpoint" "^4.3.14"
    "@smithy/middleware-retry" "^4.4.14"
    "@smithy/middleware-serde" "^4.2.6"
    "@smithy/middleware-stack" "^4.2.5"
    "@smithy/node-config-provider" "^4.3.5"
    "@smithy/node-http-handler" "^4.4.5"
    "@smithy/protocol-http" "^5.3.5"
    "@smithy/smithy-client" "^4.9.10"
    "@smithy/types" "^4.9.0"
    "@smithy/url-parser" "^4.2.5"
    "@smithy/util-base64" "^4.3.0"
    "@smithy/util-body-length-browser" "^4.2.0"
    "@smithy/util-body-length-node" "^4.2.1"
    "@smithy/util-defaults-mode-browser" "^4.3.13"
    "@smithy/util-defaults-mode-node" "^4.2.16"
    "@smithy/util-endpoints" "^3.2.5"
    "@smithy/util-middleware" "^4.2.5"
    "@smithy/util-retry" "^4.2.5"
    "@smithy/util-utf8" "^4.2.0"
    tslib "^2.6.2"

"@aws-sdk/region-config-resolver@3.936.0":
  version "3.936.0"
  resolved "https://registry.yarnpkg.com/@aws-sdk/region-config-resolver/-/region-config-resolver-3.936.0.tgz#b02f20c4d62973731d42da1f1239a27fbbe53c0a"
  integrity sha512-wOKhzzWsshXGduxO4pqSiNyL9oUtk4BEvjWm9aaq6Hmfdoydq6v6t0rAGHWPjFwy9z2haovGRi3C8IxdMB4muw==
  dependencies:
    "@aws-sdk/types" "3.936.0"
    "@smithy/config-resolver" "^4.4.3"
    "@smithy/node-config-provider" "^4.3.5"
    "@smithy/types" "^4.9.0"
    tslib "^2.6.2"

"@aws-sdk/signature-v4-multi-region@3.946.0":
  version "3.946.0"
  resolved "https://registry.yarnpkg.com/@aws-sdk/signature-v4-multi-region/-/signature-v4-multi-region-3.946.0.tgz#616dc86ced2e5c36530d46a94f0c2f943053b249"
  integrity sha512-61FZ685lKiJuQ06g6U7K3PL9EwKCxNm51wNlxyKV57nnl1GrLD0NC8O3/hDNkCQLNBArT9y3IXl2H7TtIxP8Jg==
  dependencies:
    "@aws-sdk/middleware-sdk-s3" "3.946.0"
    "@aws-sdk/types" "3.936.0"
    "@smithy/protocol-http" "^5.3.5"
    "@smithy/signature-v4" "^5.3.5"
    "@smithy/types" "^4.9.0"
    tslib "^2.6.2"

"@aws-sdk/token-providers@3.946.0":
  version "3.946.0"
  resolved "https://registry.yarnpkg.com/@aws-sdk/token-providers/-/token-providers-3.946.0.tgz#4f0e1f7c6fdcab7a6b1cd9aec84fbcccee2260af"
  integrity sha512-a5c+rM6CUPX2ExmUZ3DlbLlS5rQr4tbdoGcgBsjnAHiYx8MuMNAI+8M7wfjF13i2yvUQj5WEIddvLpayfEZj9g==
  dependencies:
    "@aws-sdk/core" "3.946.0"
    "@aws-sdk/nested-clients" "3.946.0"
    "@aws-sdk/types" "3.936.0"
    "@smithy/property-provider" "^4.2.5"
    "@smithy/shared-ini-file-loader" "^4.4.0"
    "@smithy/types" "^4.9.0"
    tslib "^2.6.2"

"@aws-sdk/types@3.936.0", "@aws-sdk/types@^3.222.0":
  version "3.936.0"
  resolved "https://registry.yarnpkg.com/@aws-sdk/types/-/types-3.936.0.tgz#ecd3a4bec1a1bd4df834ab21fe52a76e332dc27a"
  integrity sha512-uz0/VlMd2pP5MepdrHizd+T+OKfyK4r3OA9JI+L/lPKg0YFQosdJNCKisr6o70E3dh8iMpFYxF1UN/4uZsyARg==
  dependencies:
    "@smithy/types" "^4.9.0"
    tslib "^2.6.2"

"@aws-sdk/util-arn-parser@3.893.0":
  version "3.893.0"
  resolved "https://registry.yarnpkg.com/@aws-sdk/util-arn-parser/-/util-arn-parser-3.893.0.tgz#fcc9b792744b9da597662891c2422dda83881d8d"
  integrity sha512-u8H4f2Zsi19DGnwj5FSZzDMhytYF/bCh37vAtBsn3cNDL3YG578X5oc+wSX54pM3tOxS+NY7tvOAo52SW7koUA==
  dependencies:
    tslib "^2.6.2"

"@aws-sdk/util-endpoints@3.936.0":
  version "3.936.0"
  resolved "https://registry.yarnpkg.com/@aws-sdk/util-endpoints/-/util-endpoints-3.936.0.tgz#81c00be8cfd4f966e05defd739a720ce2c888ddf"
  integrity sha512-0Zx3Ntdpu+z9Wlm7JKUBOzS9EunwKAb4KdGUQQxDqh5Lc3ta5uBoub+FgmVuzwnmBu9U1Os8UuwVTH0Lgu+P5w==
  dependencies:
    "@aws-sdk/types" "3.936.0"
    "@smithy/types" "^4.9.0"
    "@smithy/url-parser" "^4.2.5"
    "@smithy/util-endpoints" "^3.2.5"
    tslib "^2.6.2"

"@aws-sdk/util-locate-window@^3.0.0":
  version "3.804.0"
  resolved "https://registry.yarnpkg.com/@aws-sdk/util-locate-window/-/util-locate-window-3.804.0.tgz#a2ee8dc5d9c98276986e8e1ba03c0c84d9afb0f5"
  integrity sha512-zVoRfpmBVPodYlnMjgVjfGoEZagyRF5IPn3Uo6ZvOZp24chnW/FRstH7ESDHDDRga4z3V+ElUQHKpFDXWyBW5A==
  dependencies:
    tslib "^2.6.2"

"@aws-sdk/util-user-agent-browser@3.936.0":
  version "3.936.0"
  resolved "https://registry.yarnpkg.com/@aws-sdk/util-user-agent-browser/-/util-user-agent-browser-3.936.0.tgz#cbfcaeaba6d843b060183638699c0f20dcaed774"
  integrity sha512-eZ/XF6NxMtu+iCma58GRNRxSq4lHo6zHQLOZRIeL/ghqYJirqHdenMOwrzPettj60KWlv827RVebP9oNVrwZbw==
  dependencies:
    "@aws-sdk/types" "3.936.0"
    "@smithy/types" "^4.9.0"
    bowser "^2.11.0"
    tslib "^2.6.2"

"@aws-sdk/util-user-agent-node@3.946.0":
  version "3.946.0"
  resolved "https://registry.yarnpkg.com/@aws-sdk/util-user-agent-node/-/util-user-agent-node-3.946.0.tgz#97504220643572b2cd05ad705cb640a85a4e5831"
  integrity sha512-a2UwwvzbK5AxHKUBupfg4s7VnkqRAHjYsuezHnKCniczmT4HZfP1NnfwwvLKEH8qaTrwenxjKSfq4UWmWkvG+Q==
  dependencies:
    "@aws-sdk/middleware-user-agent" "3.946.0"
    "@aws-sdk/types" "3.936.0"
    "@smithy/node-config-provider" "^4.3.5"
    "@smithy/types" "^4.9.0"
    tslib "^2.6.2"

"@aws-sdk/xml-builder@3.930.0":
  version "3.930.0"
  resolved "https://registry.yarnpkg.com/@aws-sdk/xml-builder/-/xml-builder-3.930.0.tgz#949a35219ca52cc769ffbfbf38f3324178ba74f9"
  integrity sha512-YIfkD17GocxdmlUVc3ia52QhcWuRIUJonbF8A2CYfcWNV3HzvAqpcPeC0bYUhkK+8e8YO1ARnLKZQE0TlwzorA==
  dependencies:
    "@smithy/types" "^4.9.0"
    fast-xml-parser "5.2.5"
    tslib "^2.6.2"

"@aws/lambda-invoke-store@^0.2.0":
  version "0.2.2"
  resolved "https://registry.yarnpkg.com/@aws/lambda-invoke-store/-/lambda-invoke-store-0.2.2.tgz#b00f7d6aedfe832ef6c84488f3a422cce6a47efa"
  integrity sha512-C0NBLsIqzDIae8HFw9YIrIBsbc0xTiOtt7fAukGPnqQ/+zZNaq+4jhuccltK0QuWHBnNm/a6kLIRA6GFiM10eg==

"@smithy/abort-controller@^4.2.5":
  version "4.2.5"
  resolved "https://registry.yarnpkg.com/@smithy/abort-controller/-/abort-controller-4.2.5.tgz#3386e8fff5a8d05930996d891d06803f2b7e5e2c"
  integrity sha512-j7HwVkBw68YW8UmFRcjZOmssE77Rvk0GWAIN1oFBhsaovQmZWYCIcGa9/pwRB0ExI8Sk9MWNALTjftjHZea7VA==
  dependencies:
    "@smithy/types" "^4.9.0"
    tslib "^2.6.2"

"@smithy/chunked-blob-reader-native@^4.2.1":
  version "4.2.1"
  resolved "https://registry.yarnpkg.com/@smithy/chunked-blob-reader-native/-/chunked-blob-reader-native-4.2.1.tgz#380266951d746b522b4ab2b16bfea6b451147b41"
  integrity sha512-lX9Ay+6LisTfpLid2zZtIhSEjHMZoAR5hHCR4H7tBz/Zkfr5ea8RcQ7Tk4mi0P76p4cN+Btz16Ffno7YHpKXnQ==
  dependencies:
    "@smithy/util-base64" "^4.3.0"
    tslib "^2.6.2"

"@smithy/chunked-blob-reader@^5.2.0":
  version "5.2.0"
  resolved "https://registry.yarnpkg.com/@smithy/chunked-blob-reader/-/chunked-blob-reader-5.2.0.tgz#776fec5eaa5ab5fa70d0d0174b7402420b24559c"
  integrity sha512-WmU0TnhEAJLWvfSeMxBNe5xtbselEO8+4wG0NtZeL8oR21WgH1xiO37El+/Y+H/Ie4SCwBy3MxYWmOYaGgZueA==
  dependencies:
    tslib "^2.6.2"

"@smithy/config-resolver@^4.4.3":
  version "4.4.3"
  resolved "https://registry.yarnpkg.com/@smithy/config-resolver/-/config-resolver-4.4.3.tgz#37b0e3cba827272e92612e998a2b17e841e20bab"
  integrity sha512-ezHLe1tKLUxDJo2LHtDuEDyWXolw8WGOR92qb4bQdWq/zKenO5BvctZGrVJBK08zjezSk7bmbKFOXIVyChvDLw==
  dependencies:
    "@smithy/node-config-provider" "^4.3.5"
    "@smithy/types" "^4.9.0"
    "@smithy/util-config-provider" "^4.2.0"
    "@smithy/util-endpoints" "^3.2.5"
    "@smithy/util-middleware" "^4.2.5"
    tslib "^2.6.2"

"@smithy/core@^3.18.7":
  version "3.18.7"
  resolved "https://registry.yarnpkg.com/@smithy/core/-/core-3.18.7.tgz#88c67b9474eadf51a632e2956c8756d36c7072c8"
  integrity sha512-axG9MvKhMWOhFbvf5y2DuyTxQueO0dkedY9QC3mAfndLosRI/9LJv8WaL0mw7ubNhsO4IuXX9/9dYGPFvHrqlw==
  dependencies:
    "@smithy/middleware-serde" "^4.2.6"
    "@smithy/protocol-http" "^5.3.5"
    "@smithy/types" "^4.9.0"
    "@smithy/util-base64" "^4.3.0"
    "@smithy/util-body-length-browser" "^4.2.0"
    "@smithy/util-middleware" "^4.2.5"
    "@smithy/util-stream" "^4.5.6"
    "@smithy/util-utf8" "^4.2.0"
    "@smithy/uuid" "^1.1.0"
    tslib "^2.6.2"

"@smithy/credential-provider-imds@^4.2.5":
  version "4.2.5"
  resolved "https://registry.yarnpkg.com/@smithy/credential-provider-imds/-/credential-provider-imds-4.2.5.tgz#5acbcd1d02ae31700c2f027090c202d7315d70d3"
  integrity sha512-BZwotjoZWn9+36nimwm/OLIcVe+KYRwzMjfhd4QT7QxPm9WY0HiOV8t/Wlh+HVUif0SBVV7ksq8//hPaBC/okQ==
  dependencies:
    "@smithy/node-config-provider" "^4.3.5"
    "@smithy/property-provider" "^4.2.5"
    "@smithy/types" "^4.9.0"
    "@smithy/url-parser" "^4.2.5"
    tslib "^2.6.2"

"@smithy/eventstream-codec@^4.2.5":
  version "4.2.5"
  resolved "https://registry.yarnpkg.com/@smithy/eventstream-codec/-/eventstream-codec-4.2.5.tgz#331b3f23528137cb5f4ad861de7f34ddff68c62b"
  integrity sha512-Ogt4Zi9hEbIP17oQMd68qYOHUzmH47UkK7q7Gl55iIm9oKt27MUGrC5JfpMroeHjdkOliOA4Qt3NQ1xMq/nrlA==
  dependencies:
    "@aws-crypto/crc32" "5.2.0"
    "@smithy/types" "^4.9.0"
    "@smithy/util-hex-encoding" "^4.2.0"
    tslib "^2.6.2"

"@smithy/eventstream-serde-browser@^4.2.5":
  version "4.2.5"
  resolved "https://registry.yarnpkg.com/@smithy/eventstream-serde-browser/-/eventstream-serde-browser-4.2.5.tgz#54a680006539601ce71306d8bf2946e3462a47b3"
  integrity sha512-HohfmCQZjppVnKX2PnXlf47CW3j92Ki6T/vkAT2DhBR47e89pen3s4fIa7otGTtrVxmj7q+IhH0RnC5kpR8wtw==
  dependencies:
    "@smithy/eventstream-serde-universal" "^4.2.5"
    "@smithy/types" "^4.9.0"
    tslib "^2.6.2"

"@smithy/eventstream-serde-config-resolver@^4.3.5":
  version "4.3.5"
  resolved "https://registry.yarnpkg.com/@smithy/eventstream-serde-config-resolver/-/eventstream-serde-config-resolver-4.3.5.tgz#d1490aa127f43ac242495fa6e2e5833e1949a481"
  integrity sha512-ibjQjM7wEXtECiT6my1xfiMH9IcEczMOS6xiCQXoUIYSj5b1CpBbJ3VYbdwDy8Vcg5JHN7eFpOCGk8nyZAltNQ==
  dependencies:
    "@smithy/types" "^4.9.0"
    tslib "^2.6.2"

"@smithy/eventstream-serde-node@^4.2.5":
  version "4.2.5"
  resolved "https://registry.yarnpkg.com/@smithy/eventstream-serde-node/-/eventstream-serde-node-4.2.5.tgz#7dd64e0ba64fa930959f3d5b7995c310573ecaf3"
  integrity sha512-+elOuaYx6F2H6x1/5BQP5ugv12nfJl66GhxON8+dWVUEDJ9jah/A0tayVdkLRP0AeSac0inYkDz5qBFKfVp2Gg==
  dependencies:
    "@smithy/eventstream-serde-universal" "^4.2.5"
    "@smithy/types" "^4.9.0"
    tslib "^2.6.2"

"@smithy/eventstream-serde-universal@^4.2.5":
  version "4.2.5"
  resolved "https://registry.yarnpkg.com/@smithy/eventstream-serde-universal/-/eventstream-serde-universal-4.2.5.tgz#34189de45cf5e1d9cb59978e94b76cc210fa984f"
  integrity sha512-G9WSqbST45bmIFaeNuP/EnC19Rhp54CcVdX9PDL1zyEB514WsDVXhlyihKlGXnRycmHNmVv88Bvvt4EYxWef/Q==
  dependencies:
    "@smithy/eventstream-codec" "^4.2.5"
    "@smithy/types" "^4.9.0"
    tslib "^2.6.2"

"@smithy/fetch-http-handler@^5.3.6":
  version "5.3.6"
  resolved "https://registry.yarnpkg.com/@smithy/fetch-http-handler/-/fetch-http-handler-5.3.6.tgz#d9dcb8d8ca152918224492f4d1cc1b50df93ae13"
  integrity sha512-3+RG3EA6BBJ/ofZUeTFJA7mHfSYrZtQIrDP9dI8Lf7X6Jbos2jptuLrAAteDiFVrmbEmLSuRG/bUKzfAXk7dhg==
  dependencies:
    "@smithy/protocol-http" "^5.3.5"
    "@smithy/querystring-builder" "^4.2.5"
    "@smithy/types" "^4.9.0"
    "@smithy/util-base64" "^4.3.0"
    tslib "^2.6.2"

"@smithy/hash-blob-browser@^4.2.6":
  version "4.2.6"
  resolved "https://registry.yarnpkg.com/@smithy/hash-blob-browser/-/hash-blob-browser-4.2.6.tgz#53d5ae0a069ae4a93abbc7165efe341dca0f9489"
  integrity sha512-8P//tA8DVPk+3XURk2rwcKgYwFvwGwmJH/wJqQiSKwXZtf/LiZK+hbUZmPj/9KzM+OVSwe4o85KTp5x9DUZTjw==
  dependencies:
    "@smithy/chunked-blob-reader" "^5.2.0"
    "@smithy/chunked-blob-reader-native" "^4.2.1"
    "@smithy/types" "^4.9.0"
    tslib "^2.6.2"

"@smithy/hash-node@^4.2.5":
  version "4.2.5"
  resolved "https://registry.yarnpkg.com/@smithy/hash-node/-/hash-node-4.2.5.tgz#fb751ec4a4c6347612458430f201f878adc787f6"
  integrity sha512-DpYX914YOfA3UDT9CN1BM787PcHfWRBB43fFGCYrZFUH0Jv+5t8yYl+Pd5PW4+QzoGEDvn5d5QIO4j2HyYZQSA==
  dependencies:
    "@smithy/types" "^4.9.0"
    "@smithy/util-buffer-from" "^4.2.0"
    "@smithy/util-utf8" "^4.2.0"
    tslib "^2.6.2"

"@smithy/hash-stream-node@^4.2.5":
  version "4.2.5"
  resolved "https://registry.yarnpkg.com/@smithy/hash-stream-node/-/hash-stream-node-4.2.5.tgz#f200e6b755cb28f03968c199231774c3ad33db28"
  integrity sha512-6+do24VnEyvWcGdHXomlpd0m8bfZePpUKBy7m311n+JuRwug8J4dCanJdTymx//8mi0nlkflZBvJe+dEO/O12Q==
  dependencies:
    "@smithy/types" "^4.9.0"
    "@smithy/util-utf8" "^4.2.0"
    tslib "^2.6.2"

"@smithy/invalid-dependency@^4.2.5":
  version "4.2.5"
  resolved "https://registry.yarnpkg.com/@smithy/invalid-dependency/-/invalid-dependency-4.2.5.tgz#58d997e91e7683ffc59882d8fcb180ed9aa9c7dd"
  integrity sha512-2L2erASEro1WC5nV+plwIMxrTXpvpfzl4e+Nre6vBVRR2HKeGGcvpJyyL3/PpiSg+cJG2KpTmZmq934Olb6e5A==
  dependencies:
    "@smithy/types" "^4.9.0"
    tslib "^2.6.2"

"@smithy/is-array-buffer@^2.2.0":
  version "2.2.0"
  resolved "https://registry.yarnpkg.com/@smithy/is-array-buffer/-/is-array-buffer-2.2.0.tgz#f84f0d9f9a36601a9ca9381688bd1b726fd39111"
  integrity sha512-GGP3O9QFD24uGeAXYUjwSTXARoqpZykHadOmA8G5vfJPK0/DC67qa//0qvqrJzL1xc8WQWX7/yc7fwudjPHPhA==
  dependencies:
    tslib "^2.6.2"

"@smithy/is-array-buffer@^4.2.0":
  version "4.2.0"
  resolved "https://registry.yarnpkg.com/@smithy/is-array-buffer/-/is-array-buffer-4.2.0.tgz#b0f874c43887d3ad44f472a0f3f961bcce0550c2"
  integrity sha512-DZZZBvC7sjcYh4MazJSGiWMI2L7E0oCiRHREDzIxi/M2LY79/21iXt6aPLHge82wi5LsuRF5A06Ds3+0mlh6CQ==
  dependencies:
    tslib "^2.6.2"

"@smithy/md5-js@^4.2.5":
  version "4.2.5"
  resolved "https://registry.yarnpkg.com/@smithy/md5-js/-/md5-js-4.2.5.tgz#ca16f138dd0c4e91a61d3df57e8d4d15d1ddc97e"
  integrity sha512-Bt6jpSTMWfjCtC0s79gZ/WZ1w90grfmopVOWqkI2ovhjpD5Q2XRXuecIPB9689L2+cCySMbaXDhBPU56FKNDNg==
  dependencies:
    "@smithy/types" "^4.9.0"
    "@smithy/util-utf8" "^4.2.0"
    tslib "^2.6.2"

"@smithy/middleware-content-length@^4.2.5":
  version "4.2.5"
  resolved "https://registry.yarnpkg.com/@smithy/middleware-content-length/-/middleware-content-length-4.2.5.tgz#a6942ce2d7513b46f863348c6c6a8177e9ace752"
  integrity sha512-Y/RabVa5vbl5FuHYV2vUCwvh/dqzrEY/K2yWPSqvhFUwIY0atLqO4TienjBXakoy4zrKAMCZwg+YEqmH7jaN7A==
  dependencies:
    "@smithy/protocol-http" "^5.3.5"
    "@smithy/types" "^4.9.0"
    tslib "^2.6.2"

"@smithy/middleware-endpoint@^4.3.14":
  version "4.3.14"
  resolved "https://registry.yarnpkg.com/@smithy/middleware-endpoint/-/middleware-endpoint-4.3.14.tgz#da145b02f6a5d073595111bf73fa31da16e73773"
  integrity sha512-v0q4uTKgBM8dsqGjqsabZQyH85nFaTnFcgpWU1uydKFsdyyMzfvOkNum9G7VK+dOP01vUnoZxIeRiJ6uD0kjIg==
  dependencies:
    "@smithy/core" "^3.18.7"
    "@smithy/middleware-serde" "^4.2.6"
    "@smithy/node-config-provider" "^4.3.5"
    "@smithy/shared-ini-file-loader" "^4.4.0"
    "@smithy/types" "^4.9.0"
    "@smithy/url-parser" "^4.2.5"
    "@smithy/util-middleware" "^4.2.5"
    tslib "^2.6.2"

"@smithy/middleware-retry@^4.4.14":
  version "4.4.14"
  resolved "https://registry.yarnpkg.com/@smithy/middleware-retry/-/middleware-retry-4.4.14.tgz#92e503946314278614f608537d77a04db6d7b810"
  integrity sha512-Z2DG8Ej7FyWG1UA+7HceINtSLzswUgs2np3sZX0YBBxCt+CXG4QUxv88ZDS3+2/1ldW7LqtSY1UO/6VQ1pND8Q==
  dependencies:
    "@smithy/node-config-provider" "^4.3.5"
    "@smithy/protocol-http" "^5.3.5"
    "@smithy/service-error-classification" "^4.2.5"
    "@smithy/smithy-client" "^4.9.10"
    "@smithy/types" "^4.9.0"
    "@smithy/util-middleware" "^4.2.5"
    "@smithy/util-retry" "^4.2.5"
    "@smithy/uuid" "^1.1.0"
    tslib "^2.6.2"

"@smithy/middleware-serde@^4.2.6":
  version "4.2.6"
  resolved "https://registry.yarnpkg.com/@smithy/middleware-serde/-/middleware-serde-4.2.6.tgz#7e710f43206e13a8c081a372b276e7b2c51bff5b"
  integrity sha512-VkLoE/z7e2g8pirwisLz8XJWedUSY8my/qrp81VmAdyrhi94T+riBfwP+AOEEFR9rFTSonC/5D2eWNmFabHyGQ==
  dependencies:
    "@smithy/protocol-http" "^5.3.5"
    "@smithy/types" "^4.9.0"
    tslib "^2.6.2"

"@smithy/middleware-stack@^4.2.5":
  version "4.2.5"
  resolved "https://registry.yarnpkg.com/@smithy/middleware-stack/-/middleware-stack-4.2.5.tgz#2d13415ed3561c882594c8e6340b801d9a2eb222"
  integrity sha512-bYrutc+neOyWxtZdbB2USbQttZN0mXaOyYLIsaTbJhFsfpXyGWUxJpEuO1rJ8IIJm2qH4+xJT0mxUSsEDTYwdQ==
  dependencies:
    "@smithy/types" "^4.9.0"
    tslib "^2.6.2"

"@smithy/node-config-provider@^4.3.5":
  version "4.3.5"
  resolved "https://registry.yarnpkg.com/@smithy/node-config-provider/-/node-config-provider-4.3.5.tgz#c09137a79c2930dcc30e6c8bb4f2608d72c1e2c9"
  integrity sha512-UTurh1C4qkVCtqggI36DGbLB2Kv8UlcFdMXDcWMbqVY2uRg0XmT9Pb4Vj6oSQ34eizO1fvR0RnFV4Axw4IrrAg==
  dependencies:
    "@smithy/property-provider" "^4.2.5"
    "@smithy/shared-ini-file-loader" "^4.4.0"
    "@smithy/types" "^4.9.0"
    tslib "^2.6.2"

"@smithy/node-http-handler@^4.4.5":
  version "4.4.5"
  resolved "https://registry.yarnpkg.com/@smithy/node-http-handler/-/node-http-handler-4.4.5.tgz#2aea598fdf3dc4e32667d673d48abd4a073665f4"
  integrity sha512-CMnzM9R2WqlqXQGtIlsHMEZfXKJVTIrqCNoSd/QpAyp+Dw0a1Vps13l6ma1fH8g7zSPNsA59B/kWgeylFuA/lw==
  dependencies:
    "@smithy/abort-controller" "^4.2.5"
    "@smithy/protocol-http" "^5.3.5"
    "@smithy/querystring-builder" "^4.2.5"
    "@smithy/types" "^4.9.0"
    tslib "^2.6.2"

"@smithy/property-provider@^4.2.5":
  version "4.2.5"
  resolved "https://registry.yarnpkg.com/@smithy/property-provider/-/property-provider-4.2.5.tgz#f75dc5735d29ca684abbc77504be9246340a43f0"
  integrity sha512-8iLN1XSE1rl4MuxvQ+5OSk/Zb5El7NJZ1td6Tn+8dQQHIjp59Lwl6bd0+nzw6SKm2wSSriH2v/I9LPzUic7EOg==
  dependencies:
    "@smithy/types" "^4.9.0"
    tslib "^2.6.2"

"@smithy/protocol-http@^5.3.5":
  version "5.3.5"
  resolved "https://registry.yarnpkg.com/@smithy/protocol-http/-/protocol-http-5.3.5.tgz#a8f4296dd6d190752589e39ee95298d5c65a60db"
  integrity sha512-RlaL+sA0LNMp03bf7XPbFmT5gN+w3besXSWMkA8rcmxLSVfiEXElQi4O2IWwPfxzcHkxqrwBFMbngB8yx/RvaQ==
  dependencies:
    "@smithy/types" "^4.9.0"
    tslib "^2.6.2"

"@smithy/querystring-builder@^4.2.5":
  version "4.2.5"
  resolved "https://registry.yarnpkg.com/@smithy/querystring-builder/-/querystring-builder-4.2.5.tgz#00cafa5a4055600ab8058e26db42f580146b91f3"
  integrity sha512-y98otMI1saoajeik2kLfGyRp11e5U/iJYH/wLCh3aTV/XutbGT9nziKGkgCaMD1ghK7p6htHMm6b6scl9JRUWg==
  dependencies:
    "@smithy/types" "^4.9.0"
    "@smithy/util-uri-escape" "^4.2.0"
    tslib "^2.6.2"

"@smithy/querystring-parser@^4.2.5":
  version "4.2.5"
  resolved "https://registry.yarnpkg.com/@smithy/querystring-parser/-/querystring-parser-4.2.5.tgz#61d2e77c62f44196590fa0927dbacfbeaffe8c53"
  integrity sha512-031WCTdPYgiQRYNPXznHXof2YM0GwL6SeaSyTH/P72M1Vz73TvCNH2Nq8Iu2IEPq9QP2yx0/nrw5YmSeAi/AjQ==
  dependencies:
    "@smithy/types" "^4.9.0"
    tslib "^2.6.2"

"@smithy/service-error-classification@^4.2.5":
  version "4.2.5"
  resolved "https://registry.yarnpkg.com/@smithy/service-error-classification/-/service-error-classification-4.2.5.tgz#a64eb78e096e59cc71141e3fea2b4194ce59b4fd"
  integrity sha512-8fEvK+WPE3wUAcDvqDQG1Vk3ANLR8Px979te96m84CbKAjBVf25rPYSzb4xU4hlTyho7VhOGnh5i62D/JVF0JQ==
  dependencies:
    "@smithy/types" "^4.9.0"

"@smithy/shared-ini-file-loader@^4.4.0":
  version "4.4.0"
  resolved "https://registry.yarnpkg.com/@smithy/shared-ini-file-loader/-/shared-ini-file-loader-4.4.0.tgz#a2f8282f49982f00bafb1fa8cb7fc188a202a594"
  integrity sha512-5WmZ5+kJgJDjwXXIzr1vDTG+RhF9wzSODQBfkrQ2VVkYALKGvZX1lgVSxEkgicSAFnFhPj5rudJV0zoinqS0bA==
  dependencies:
    "@smithy/types" "^4.9.0"
    tslib "^2.6.2"

"@smithy/signature-v4@^5.3.5":
  version "5.3.5"
  resolved "https://registry.yarnpkg.com/@smithy/signature-v4/-/signature-v4-5.3.5.tgz#13ab710653f9f16c325ee7e0a102a44f73f2643f"
  integrity sha512-xSUfMu1FT7ccfSXkoLl/QRQBi2rOvi3tiBZU2Tdy3I6cgvZ6SEi9QNey+lqps/sJRnogIS+lq+B1gxxbra2a/w==
  dependencies:
    "@smithy/is-array-buffer" "^4.2.0"
    "@smithy/protocol-http" "^5.3.5"
    "@smithy/types" "^4.9.0"
    "@smithy/util-hex-encoding" "^4.2.0"
    "@smithy/util-middleware" "^4.2.5"
    "@smithy/util-uri-escape" "^4.2.0"
    "@smithy/util-utf8" "^4.2.0"
    tslib "^2.6.2"

"@smithy/smithy-client@^4.9.10":
  version "4.9.10"
  resolved "https://registry.yarnpkg.com/@smithy/smithy-client/-/smithy-client-4.9.10.tgz#a395bbc6ccf35cdbae44ce024909b6c5aec06283"
  integrity sha512-Jaoz4Jw1QYHc1EFww/E6gVtNjhoDU+gwRKqXP6C3LKYqqH2UQhP8tMP3+t/ePrhaze7fhLE8vS2q6vVxBANFTQ==
  dependencies:
    "@smithy/core" "^3.18.7"
    "@smithy/middleware-endpoint" "^4.3.14"
    "@smithy/middleware-stack" "^4.2.5"
    "@smithy/protocol-http" "^5.3.5"
    "@smithy/types" "^4.9.0"
    "@smithy/util-stream" "^4.5.6"
    tslib "^2.6.2"

"@smithy/types@^4.9.0":
  version "4.9.0"
  resolved "https://registry.yarnpkg.com/@smithy/types/-/types-4.9.0.tgz#c6636ddfa142e1ddcb6e4cf5f3e1a628d420486f"
  integrity sha512-MvUbdnXDTwykR8cB1WZvNNwqoWVaTRA0RLlLmf/cIFNMM2cKWz01X4Ly6SMC4Kks30r8tT3Cty0jmeWfiuyHTA==
  dependencies:
    tslib "^2.6.2"

"@smithy/url-parser@^4.2.5":
  version "4.2.5"
  resolved "https://registry.yarnpkg.com/@smithy/url-parser/-/url-parser-4.2.5.tgz#2fea006108f17f7761432c7ef98d6aa003421487"
  integrity sha512-VaxMGsilqFnK1CeBX+LXnSuaMx4sTL/6znSZh2829txWieazdVxr54HmiyTsIbpOTLcf5nYpq9lpzmwRdxj6rQ==
  dependencies:
    "@smithy/querystring-parser" "^4.2.5"
    "@smithy/types" "^4.9.0"
    tslib "^2.6.2"

"@smithy/util-base64@^4.3.0":
  version "4.3.0"
  resolved "https://registry.yarnpkg.com/@smithy/util-base64/-/util-base64-4.3.0.tgz#5e287b528793aa7363877c1a02cd880d2e76241d"
  integrity sha512-GkXZ59JfyxsIwNTWFnjmFEI8kZpRNIBfxKjv09+nkAWPt/4aGaEWMM04m4sxgNVWkbt2MdSvE3KF/PfX4nFedQ==
  dependencies:
    "@smithy/util-buffer-from" "^4.2.0"
    "@smithy/util-utf8" "^4.2.0"
    tslib "^2.6.2"

"@smithy/util-body-length-browser@^4.2.0":
  version "4.2.0"
  resolved "https://registry.yarnpkg.com/@smithy/util-body-length-browser/-/util-body-length-browser-4.2.0.tgz#04e9fc51ee7a3e7f648a4b4bcdf96c350cfa4d61"
  integrity sha512-Fkoh/I76szMKJnBXWPdFkQJl2r9SjPt3cMzLdOB6eJ4Pnpas8hVoWPYemX/peO0yrrvldgCUVJqOAjUrOLjbxg==
  dependencies:
    tslib "^2.6.2"

"@smithy/util-body-length-node@^4.2.1":
  version "4.2.1"
  resolved "https://registry.yarnpkg.com/@smithy/util-body-length-node/-/util-body-length-node-4.2.1.tgz#79c8a5d18e010cce6c42d5cbaf6c1958523e6fec"
  integrity sha512-h53dz/pISVrVrfxV1iqXlx5pRg3V2YWFcSQyPyXZRrZoZj4R4DeWRDo1a7dd3CPTcFi3kE+98tuNyD2axyZReA==
  dependencies:
    tslib "^2.6.2"

"@smithy/util-buffer-from@^2.2.0":
  version "2.2.0"
  resolved "https://registry.yarnpkg.com/@smithy/util-buffer-from/-/util-buffer-from-2.2.0.tgz#6fc88585165ec73f8681d426d96de5d402021e4b"
  integrity sha512-IJdWBbTcMQ6DA0gdNhh/BwrLkDR+ADW5Kr1aZmd4k3DIF6ezMV4R2NIAmT08wQJ3yUK82thHWmC/TnK/wpMMIA==
  dependencies:
    "@smithy/is-array-buffer" "^2.2.0"
    tslib "^2.6.2"

"@smithy/util-buffer-from@^4.2.0":
  version "4.2.0"
  resolved "https://registry.yarnpkg.com/@smithy/util-buffer-from/-/util-buffer-from-4.2.0.tgz#7abd12c4991b546e7cee24d1e8b4bfaa35c68a9d"
  integrity sha512-kAY9hTKulTNevM2nlRtxAG2FQ3B2OR6QIrPY3zE5LqJy1oxzmgBGsHLWTcNhWXKchgA0WHW+mZkQrng/pgcCew==
  dependencies:
    "@smithy/is-array-buffer" "^4.2.0"
    tslib "^2.6.2"

"@smithy/util-config-provider@^4.2.0":
  version "4.2.0"
  resolved "https://registry.yarnpkg.com/@smithy/util-config-provider/-/util-config-provider-4.2.0.tgz#2e4722937f8feda4dcb09672c59925a4e6286cfc"
  integrity sha512-YEjpl6XJ36FTKmD+kRJJWYvrHeUvm5ykaUS5xK+6oXffQPHeEM4/nXlZPe+Wu0lsgRUcNZiliYNh/y7q9c2y6Q==
  dependencies:
    tslib "^2.6.2"

"@smithy/util-defaults-mode-browser@^4.3.13":
  version "4.3.13"
  resolved "https://registry.yarnpkg.com/@smithy/util-defaults-mode-browser/-/util-defaults-mode-browser-4.3.13.tgz#51e3cadfe772882f941f1dff07d2f8b7acb9c21e"
  integrity sha512-hlVLdAGrVfyNei+pKIgqDTxfu/ZI2NSyqj4IDxKd5bIsIqwR/dSlkxlPaYxFiIaDVrBy0he8orsFy+Cz119XvA==
  dependencies:
    "@smithy/property-provider" "^4.2.5"
    "@smithy/smithy-client" "^4.9.10"
    "@smithy/types" "^4.9.0"
    tslib "^2.6.2"

"@smithy/util-defaults-mode-node@^4.2.16":
  version "4.2.16"
  resolved "https://registry.yarnpkg.com/@smithy/util-defaults-mode-node/-/util-defaults-mode-node-4.2.16.tgz#ab4abdebae65e8628473d1493b1de5f82aa0eec9"
  integrity sha512-F1t22IUiJLHrxW9W1CQ6B9PN+skZ9cqSuzB18Eh06HrJPbjsyZ7ZHecAKw80DQtyGTRcVfeukKaCRYebFwclbg==
  dependencies:
    "@smithy/config-resolver" "^4.4.3"
    "@smithy/credential-provider-imds" "^4.2.5"
    "@smithy/node-config-provider" "^4.3.5"
    "@smithy/property-provider" "^4.2.5"
    "@smithy/smithy-client" "^4.9.10"
    "@smithy/types" "^4.9.0"
    tslib "^2.6.2"

"@smithy/util-endpoints@^3.2.5":
  version "3.2.5"
  resolved "https://registry.yarnpkg.com/@smithy/util-endpoints/-/util-endpoints-3.2.5.tgz#9e0fc34e38ddfbbc434d23a38367638dc100cb14"
  integrity sha512-3O63AAWu2cSNQZp+ayl9I3NapW1p1rR5mlVHcF6hAB1dPZUQFfRPYtplWX/3xrzWthPGj5FqB12taJJCfH6s8A==
  dependencies:
    "@smithy/node-config-provider" "^4.3.5"
    "@smithy/types" "^4.9.0"
    tslib "^2.6.2"

"@smithy/util-hex-encoding@^4.2.0":
  version "4.2.0"
  resolved "https://registry.yarnpkg.com/@smithy/util-hex-encoding/-/util-hex-encoding-4.2.0.tgz#1c22ea3d1e2c3a81ff81c0a4f9c056a175068a7b"
  integrity sha512-CCQBwJIvXMLKxVbO88IukazJD9a4kQ9ZN7/UMGBjBcJYvatpWk+9g870El4cB8/EJxfe+k+y0GmR9CAzkF+Nbw==
  dependencies:
    tslib "^2.6.2"

"@smithy/util-middleware@^4.2.5":
  version "4.2.5"
  resolved "https://registry.yarnpkg.com/@smithy/util-middleware/-/util-middleware-4.2.5.tgz#1ace865afe678fd4b0f9217197e2fe30178d4835"
  integrity sha512-6Y3+rvBF7+PZOc40ybeZMcGln6xJGVeY60E7jy9Mv5iKpMJpHgRE6dKy9ScsVxvfAYuEX4Q9a65DQX90KaQ3bA==
  dependencies:
    "@smithy/types" "^4.9.0"
    tslib "^2.6.2"

"@smithy/util-retry@^4.2.5":
  version "4.2.5"
  resolved "https://registry.yarnpkg.com/@smithy/util-retry/-/util-retry-4.2.5.tgz#70fe4fbbfb9ad43a9ce2ba4ed111ff7b30d7b333"
  integrity sha512-GBj3+EZBbN4NAqJ/7pAhsXdfzdlznOh8PydUijy6FpNIMnHPSMO2/rP4HKu+UFeikJxShERk528oy7GT79YiJg==
  dependencies:
    "@smithy/service-error-classification" "^4.2.5"
    "@smithy/types" "^4.9.0"
    tslib "^2.6.2"

"@smithy/util-stream@^4.5.6":
  version "4.5.6"
  resolved "https://registry.yarnpkg.com/@smithy/util-stream/-/util-stream-4.5.6.tgz#ebee9e52adeb6f88337778b2f3356a2cc615298c"
  integrity sha512-qWw/UM59TiaFrPevefOZ8CNBKbYEP6wBAIlLqxn3VAIo9rgnTNc4ASbVrqDmhuwI87usnjhdQrxodzAGFFzbRQ==
  dependencies:
    "@smithy/fetch-http-handler" "^5.3.6"
    "@smithy/node-http-handler" "^4.4.5"
    "@smithy/types" "^4.9.0"
    "@smithy/util-base64" "^4.3.0"
    "@smithy/util-buffer-from" "^4.2.0"
    "@smithy/util-hex-encoding" "^4.2.0"
    "@smithy/util-utf8" "^4.2.0"
    tslib "^2.6.2"

"@smithy/util-uri-escape@^4.2.0":
  version "4.2.0"
  resolved "https://registry.yarnpkg.com/@smithy/util-uri-escape/-/util-uri-escape-4.2.0.tgz#096a4cec537d108ac24a68a9c60bee73fc7e3a9e"
  integrity sha512-igZpCKV9+E/Mzrpq6YacdTQ0qTiLm85gD6N/IrmyDvQFA4UnU3d5g3m8tMT/6zG/vVkWSU+VxeUyGonL62DuxA==
  dependencies:
    tslib "^2.6.2"

"@smithy/util-utf8@^2.0.0":
  version "2.3.0"
  resolved "https://registry.yarnpkg.com/@smithy/util-utf8/-/util-utf8-2.3.0.tgz#dd96d7640363259924a214313c3cf16e7dd329c5"
  integrity sha512-R8Rdn8Hy72KKcebgLiv8jQcQkXoLMOGGv5uI1/k0l+snqkOzQ1R0ChUBCxWMlBsFMekWjq0wRudIweFs7sKT5A==
  dependencies:
    "@smithy/util-buffer-from" "^2.2.0"
    tslib "^2.6.2"

"@smithy/util-utf8@^4.2.0":
  version "4.2.0"
  resolved "https://registry.yarnpkg.com/@smithy/util-utf8/-/util-utf8-4.2.0.tgz#8b19d1514f621c44a3a68151f3d43e51087fed9d"
  integrity sha512-zBPfuzoI8xyBtR2P6WQj63Rz8i3AmfAaJLuNG8dWsfvPe8lO4aCPYLn879mEgHndZH1zQ2oXmG8O1GGzzaoZiw==
  dependencies:
    "@smithy/util-buffer-from" "^4.2.0"
    tslib "^2.6.2"

"@smithy/util-waiter@^4.2.5":
  version "4.2.5"
  resolved "https://registry.yarnpkg.com/@smithy/util-waiter/-/util-waiter-4.2.5.tgz#e527816edae20ec5f68b25685f4b21d93424ea86"
  integrity sha512-Dbun99A3InifQdIrsXZ+QLcC0PGBPAdrl4cj1mTgJvyc9N2zf7QSxg8TBkzsCmGJdE3TLbO9ycwpY0EkWahQ/g==
  dependencies:
    "@smithy/abort-controller" "^4.2.5"
    "@smithy/types" "^4.9.0"
    tslib "^2.6.2"

"@smithy/uuid@^1.1.0":
  version "1.1.0"
  resolved "https://registry.yarnpkg.com/@smithy/uuid/-/uuid-1.1.0.tgz#9fd09d3f91375eab94f478858123387df1cda987"
  integrity sha512-4aUIteuyxtBUhVdiQqcDhKFitwfd9hqoSDYY2KRXiWtgoWJ9Bmise+KfEPDiVHWeJepvF8xJO9/9+WDIciMFFw==
  dependencies:
    tslib "^2.6.2"

bowser@^2.11.0:
  version "2.13.1"
  resolved "https://registry.yarnpkg.com/bowser/-/bowser-2.13.1.tgz#5a4c652de1d002f847dd011819f5fc729f308a7e"
  integrity sha512-OHawaAbjwx6rqICCKgSG0SAnT05bzd7ppyKLVUITZpANBaaMFBAsaNkto3LoQ31tyFP5kNujE8Cdx85G9VzOkw==

fast-xml-parser@5.2.5:
  version "5.2.5"
  resolved "https://registry.yarnpkg.com/fast-xml-parser/-/fast-xml-parser-5.2.5.tgz#4809fdfb1310494e341098c25cb1341a01a9144a"
  integrity sha512-pfX9uG9Ki0yekDHx2SiuRIyFdyAr1kMIMitPvb0YBo8SUfKvia7w7FIyd/l6av85pFYRhZscS75MwMnbvY+hcQ==
  dependencies:
    strnum "^2.1.0"

strnum@^2.1.0:
  version "2.1.1"
  resolved "https://registry.yarnpkg.com/strnum/-/strnum-2.1.1.tgz#cf2a6e0cf903728b8b2c4b971b7e36b4e82d46ab"
  integrity sha512-7ZvoFTiCnGxBtDqJ//Cu6fWtZtc7Y3x+QOirG15wztbdngGSkht27o2pyGWrVy0b4WAy3jbKmnoK6g5VlVNUUw==

tslib@^2.6.2:
  version "2.6.2"
  resolved "https://registry.yarnpkg.com/tslib/-/tslib-2.6.2.tgz#703ac29425e7b37cd6fd456e92404d46d1f3e4ae"
  integrity sha512-AEYxH93jGFPn/a2iVAwW87VuUIkR1FVUKB77NwMF7nBTDkDrrT/Hpt/IrCJ0QXhW27jTBDcf5ZY7w6RiqTMw2Q==
